// !$*UTF8*$!
{
	archiveVersion = 1;
	classes = {
	};
	objectVersion = 48;
	objects = {

/* Begin PBXBuildFile section */
		3ACF9BAC2041BE21006C3218 /* AppDelegate.swift in Sources */ = {isa = PBXBuildFile; fileRef = 3ACF9BAB2041BE21006C3218 /* AppDelegate.swift */; };
		3ACF9BAE2041BE21006C3218 /* Assets.xcassets in Resources */ = {isa = PBXBuildFile; fileRef = 3ACF9BAD2041BE21006C3218 /* Assets.xcassets */; };
		3ACF9BB12041BE21006C3218 /* MainMenu.xib in Resources */ = {isa = PBXBuildFile; fileRef = 3ACF9BAF2041BE21006C3218 /* MainMenu.xib */; };
		3ACF9BBA2041BE84006C3218 /* Licenses.html in Resources */ = {isa = PBXBuildFile; fileRef = 3ACF9BB92041BE83006C3218 /* Licenses.html */; };
		3ACF9BE52041C066006C3218 /* Pisth_Terminal.framework in Frameworks */ = {isa = PBXBuildFile; fileRef = 3ACF9BE42041C066006C3218 /* Pisth_Terminal.framework */; };
		3ACF9BE62041C066006C3218 /* Pisth_Terminal.framework in Embed Frameworks */ = {isa = PBXBuildFile; fileRef = 3ACF9BE42041C066006C3218 /* Pisth_Terminal.framework */; settings = {ATTRIBUTES = (CodeSignOnCopy, RemoveHeadersOnCopy, ); }; };
		3ACF9BE92041C0C6006C3218 /* Pisth_Shared.framework in Frameworks */ = {isa = PBXBuildFile; fileRef = 3ACF9BE82041C0C6006C3218 /* Pisth_Shared.framework */; };
		3ACF9BEA2041C0C6006C3218 /* Pisth_Shared.framework in Embed Frameworks */ = {isa = PBXBuildFile; fileRef = 3ACF9BE82041C0C6006C3218 /* Pisth_Shared.framework */; settings = {ATTRIBUTES = (CodeSignOnCopy, RemoveHeadersOnCopy, ); }; };
/* End PBXBuildFile section */

/* Begin PBXCopyFilesBuildPhase section */
		3ACF9BE72041C066006C3218 /* Embed Frameworks */ = {
			isa = PBXCopyFilesBuildPhase;
			buildActionMask = 2147483647;
			dstPath = "";
			dstSubfolderSpec = 10;
			files = (
				3ACF9BEA2041C0C6006C3218 /* Pisth_Shared.framework in Embed Frameworks */,
				3ACF9BE62041C066006C3218 /* Pisth_Terminal.framework in Embed Frameworks */,
			);
			name = "Embed Frameworks";
			runOnlyForDeploymentPostprocessing = 0;
		};
/* End PBXCopyFilesBuildPhase section */

/* Begin PBXFileReference section */
		3ACF9BA82041BE21006C3218 /* Pisth Viewer.app */ = {isa = PBXFileReference; explicitFileType = wrapper.application; includeInIndex = 0; path = "Pisth Viewer.app"; sourceTree = BUILT_PRODUCTS_DIR; };
		3ACF9BAB2041BE21006C3218 /* AppDelegate.swift */ = {isa = PBXFileReference; lastKnownFileType = sourcecode.swift; path = AppDelegate.swift; sourceTree = "<group>"; };
		3ACF9BAD2041BE21006C3218 /* Assets.xcassets */ = {isa = PBXFileReference; lastKnownFileType = folder.assetcatalog; path = Assets.xcassets; sourceTree = "<group>"; };
		3ACF9BB02041BE21006C3218 /* Base */ = {isa = PBXFileReference; lastKnownFileType = file.xib; name = Base; path = Base.lproj/MainMenu.xib; sourceTree = "<group>"; };
		3ACF9BB22041BE22006C3218 /* Info.plist */ = {isa = PBXFileReference; lastKnownFileType = text.plist.xml; path = Info.plist; sourceTree = "<group>"; };
		3ACF9BB32041BE22006C3218 /* Pisth_Viewer.entitlements */ = {isa = PBXFileReference; lastKnownFileType = text.plist.entitlements; path = Pisth_Viewer.entitlements; sourceTree = "<group>"; };
		3ACF9BB92041BE83006C3218 /* Licenses.html */ = {isa = PBXFileReference; fileEncoding = 4; lastKnownFileType = text.html; path = Licenses.html; sourceTree = "<group>"; };
		3ACF9BE42041C066006C3218 /* Pisth_Terminal.framework */ = {isa = PBXFileReference; explicitFileType = wrapper.framework; path = Pisth_Terminal.framework; sourceTree = BUILT_PRODUCTS_DIR; };
		3ACF9BE82041C0C6006C3218 /* Pisth_Shared.framework */ = {isa = PBXFileReference; explicitFileType = wrapper.framework; path = Pisth_Shared.framework; sourceTree = BUILT_PRODUCTS_DIR; };
/* End PBXFileReference section */

/* Begin PBXFrameworksBuildPhase section */
		3ACF9BA52041BE21006C3218 /* Frameworks */ = {
			isa = PBXFrameworksBuildPhase;
			buildActionMask = 2147483647;
			files = (
				3ACF9BE92041C0C6006C3218 /* Pisth_Shared.framework in Frameworks */,
				3ACF9BE52041C066006C3218 /* Pisth_Terminal.framework in Frameworks */,
			);
			runOnlyForDeploymentPostprocessing = 0;
		};
/* End PBXFrameworksBuildPhase section */

/* Begin PBXGroup section */
		3ACF9B9F2041BE21006C3218 = {
			isa = PBXGroup;
			children = (
				3ACF9BE82041C0C6006C3218 /* Pisth_Shared.framework */,
				3ACF9BE42041C066006C3218 /* Pisth_Terminal.framework */,
				3ACF9BAA2041BE21006C3218 /* Pisth Viewer */,
				3ACF9BA92041BE21006C3218 /* Products */,
			);
			sourceTree = "<group>";
		};
		3ACF9BA92041BE21006C3218 /* Products */ = {
			isa = PBXGroup;
			children = (
				3ACF9BA82041BE21006C3218 /* Pisth Viewer.app */,
			);
			name = Products;
			sourceTree = "<group>";
		};
		3ACF9BAA2041BE21006C3218 /* Pisth Viewer */ = {
			isa = PBXGroup;
			children = (
				3ACF9BAB2041BE21006C3218 /* AppDelegate.swift */,
				3ACF9BB92041BE83006C3218 /* Licenses.html */,
				3ACF9BAD2041BE21006C3218 /* Assets.xcassets */,
				3ACF9BAF2041BE21006C3218 /* MainMenu.xib */,
				3ACF9BB22041BE22006C3218 /* Info.plist */,
				3ACF9BB32041BE22006C3218 /* Pisth_Viewer.entitlements */,
			);
			path = "Pisth Viewer";
			sourceTree = "<group>";
		};
/* End PBXGroup section */

/* Begin PBXNativeTarget section */
		3ACF9BA72041BE21006C3218 /* Pisth Viewer */ = {
			isa = PBXNativeTarget;
			buildConfigurationList = 3ACF9BB62041BE22006C3218 /* Build configuration list for PBXNativeTarget "Pisth Viewer" */;
			buildPhases = (
				3ACF9BA42041BE21006C3218 /* Sources */,
				3ACF9BA52041BE21006C3218 /* Frameworks */,
				3ACF9BA62041BE21006C3218 /* Resources */,
				3ACF9BE72041C066006C3218 /* Embed Frameworks */,
			);
			buildRules = (
			);
			dependencies = (
			);
			name = "Pisth Viewer";
			productName = "Pisth Viewer";
			productReference = 3ACF9BA82041BE21006C3218 /* Pisth Viewer.app */;
			productType = "com.apple.product-type.application";
		};
/* End PBXNativeTarget section */

/* Begin PBXProject section */
		3ACF9BA02041BE21006C3218 /* Project object */ = {
			isa = PBXProject;
			attributes = {
				LastSwiftUpdateCheck = 0920;
				LastUpgradeCheck = 0920;
				ORGANIZATIONNAME = "Adrian Labbé";
				TargetAttributes = {
					3ACF9BA72041BE21006C3218 = {
						CreatedOnToolsVersion = 9.2;
						ProvisioningStyle = Automatic;
					};
				};
			};
			buildConfigurationList = 3ACF9BA32041BE21006C3218 /* Build configuration list for PBXProject "Pisth Viewer" */;
			compatibilityVersion = "Xcode 8.0";
			developmentRegion = en;
			hasScannedForEncodings = 0;
			knownRegions = (
				en,
				Base,
			);
			mainGroup = 3ACF9B9F2041BE21006C3218;
			productRefGroup = 3ACF9BA92041BE21006C3218 /* Products */;
			projectDirPath = "";
			projectRoot = "";
			targets = (
				3ACF9BA72041BE21006C3218 /* Pisth Viewer */,
			);
		};
/* End PBXProject section */

/* Begin PBXResourcesBuildPhase section */
		3ACF9BA62041BE21006C3218 /* Resources */ = {
			isa = PBXResourcesBuildPhase;
			buildActionMask = 2147483647;
			files = (
				3ACF9BAE2041BE21006C3218 /* Assets.xcassets in Resources */,
				3ACF9BB12041BE21006C3218 /* MainMenu.xib in Resources */,
				3ACF9BBA2041BE84006C3218 /* Licenses.html in Resources */,
			);
			runOnlyForDeploymentPostprocessing = 0;
		};
/* End PBXResourcesBuildPhase section */

/* Begin PBXSourcesBuildPhase section */
		3ACF9BA42041BE21006C3218 /* Sources */ = {
			isa = PBXSourcesBuildPhase;
			buildActionMask = 2147483647;
			files = (
				3ACF9BAC2041BE21006C3218 /* AppDelegate.swift in Sources */,
			);
			runOnlyForDeploymentPostprocessing = 0;
		};
/* End PBXSourcesBuildPhase section */

/* Begin PBXVariantGroup section */
		3ACF9BAF2041BE21006C3218 /* MainMenu.xib */ = {
			isa = PBXVariantGroup;
			children = (
				3ACF9BB02041BE21006C3218 /* Base */,
			);
			name = MainMenu.xib;
			sourceTree = "<group>";
		};
/* End PBXVariantGroup section */

/* Begin XCBuildConfiguration section */
		3ACF9BB42041BE22006C3218 /* Debug */ = {
			isa = XCBuildConfiguration;
			buildSettings = {
				ALWAYS_SEARCH_USER_PATHS = NO;
				CLANG_ANALYZER_NONNULL = YES;
				CLANG_ANALYZER_NUMBER_OBJECT_CONVERSION = YES_AGGRESSIVE;
				CLANG_CXX_LANGUAGE_STANDARD = "gnu++14";
				CLANG_CXX_LIBRARY = "libc++";
				CLANG_ENABLE_MODULES = YES;
				CLANG_ENABLE_OBJC_ARC = YES;
				CLANG_WARN_BLOCK_CAPTURE_AUTORELEASING = YES;
				CLANG_WARN_BOOL_CONVERSION = YES;
				CLANG_WARN_COMMA = YES;
				CLANG_WARN_CONSTANT_CONVERSION = YES;
				CLANG_WARN_DIRECT_OBJC_ISA_USAGE = YES_ERROR;
				CLANG_WARN_DOCUMENTATION_COMMENTS = YES;
				CLANG_WARN_EMPTY_BODY = YES;
				CLANG_WARN_ENUM_CONVERSION = YES;
				CLANG_WARN_INFINITE_RECURSION = YES;
				CLANG_WARN_INT_CONVERSION = YES;
				CLANG_WARN_NON_LITERAL_NULL_CONVERSION = YES;
				CLANG_WARN_OBJC_LITERAL_CONVERSION = YES;
				CLANG_WARN_OBJC_ROOT_CLASS = YES_ERROR;
				CLANG_WARN_RANGE_LOOP_ANALYSIS = YES;
				CLANG_WARN_STRICT_PROTOTYPES = YES;
				CLANG_WARN_SUSPICIOUS_MOVE = YES;
				CLANG_WARN_UNGUARDED_AVAILABILITY = YES_AGGRESSIVE;
				CLANG_WARN_UNREACHABLE_CODE = YES;
				CLANG_WARN__DUPLICATE_METHOD_MATCH = YES;
				CODE_SIGN_IDENTITY = "Mac Developer";
				COPY_PHASE_STRIP = NO;
				DEBUG_INFORMATION_FORMAT = dwarf;
				ENABLE_STRICT_OBJC_MSGSEND = YES;
				ENABLE_TESTABILITY = YES;
				GCC_C_LANGUAGE_STANDARD = gnu11;
				GCC_DYNAMIC_NO_PIC = NO;
				GCC_NO_COMMON_BLOCKS = YES;
				GCC_OPTIMIZATION_LEVEL = 0;
				GCC_PREPROCESSOR_DEFINITIONS = (
					"DEBUG=1",
					"$(inherited)",
				);
				GCC_WARN_64_TO_32_BIT_CONVERSION = YES;
				GCC_WARN_ABOUT_RETURN_TYPE = YES_ERROR;
				GCC_WARN_UNDECLARED_SELECTOR = YES;
				GCC_WARN_UNINITIALIZED_AUTOS = YES_AGGRESSIVE;
				GCC_WARN_UNUSED_FUNCTION = YES;
				GCC_WARN_UNUSED_VARIABLE = YES;
				MACOSX_DEPLOYMENT_TARGET = 10.13;
				MTL_ENABLE_DEBUG_INFO = YES;
				ONLY_ACTIVE_ARCH = YES;
				SDKROOT = macosx;
				SWIFT_ACTIVE_COMPILATION_CONDITIONS = DEBUG;
				SWIFT_OPTIMIZATION_LEVEL = "-Onone";
			};
			name = Debug;
		};
		3ACF9BB52041BE22006C3218 /* Release */ = {
			isa = XCBuildConfiguration;
			buildSettings = {
				ALWAYS_SEARCH_USER_PATHS = NO;
				CLANG_ANALYZER_NONNULL = YES;
				CLANG_ANALYZER_NUMBER_OBJECT_CONVERSION = YES_AGGRESSIVE;
				CLANG_CXX_LANGUAGE_STANDARD = "gnu++14";
				CLANG_CXX_LIBRARY = "libc++";
				CLANG_ENABLE_MODULES = YES;
				CLANG_ENABLE_OBJC_ARC = YES;
				CLANG_WARN_BLOCK_CAPTURE_AUTORELEASING = YES;
				CLANG_WARN_BOOL_CONVERSION = YES;
				CLANG_WARN_COMMA = YES;
				CLANG_WARN_CONSTANT_CONVERSION = YES;
				CLANG_WARN_DIRECT_OBJC_ISA_USAGE = YES_ERROR;
				CLANG_WARN_DOCUMENTATION_COMMENTS = YES;
				CLANG_WARN_EMPTY_BODY = YES;
				CLANG_WARN_ENUM_CONVERSION = YES;
				CLANG_WARN_INFINITE_RECURSION = YES;
				CLANG_WARN_INT_CONVERSION = YES;
				CLANG_WARN_NON_LITERAL_NULL_CONVERSION = YES;
				CLANG_WARN_OBJC_LITERAL_CONVERSION = YES;
				CLANG_WARN_OBJC_ROOT_CLASS = YES_ERROR;
				CLANG_WARN_RANGE_LOOP_ANALYSIS = YES;
				CLANG_WARN_STRICT_PROTOTYPES = YES;
				CLANG_WARN_SUSPICIOUS_MOVE = YES;
				CLANG_WARN_UNGUARDED_AVAILABILITY = YES_AGGRESSIVE;
				CLANG_WARN_UNREACHABLE_CODE = YES;
				CLANG_WARN__DUPLICATE_METHOD_MATCH = YES;
				CODE_SIGN_IDENTITY = "Mac Developer";
				COPY_PHASE_STRIP = NO;
				DEBUG_INFORMATION_FORMAT = "dwarf-with-dsym";
				ENABLE_NS_ASSERTIONS = NO;
				ENABLE_STRICT_OBJC_MSGSEND = YES;
				GCC_C_LANGUAGE_STANDARD = gnu11;
				GCC_NO_COMMON_BLOCKS = YES;
				GCC_WARN_64_TO_32_BIT_CONVERSION = YES;
				GCC_WARN_ABOUT_RETURN_TYPE = YES_ERROR;
				GCC_WARN_UNDECLARED_SELECTOR = YES;
				GCC_WARN_UNINITIALIZED_AUTOS = YES_AGGRESSIVE;
				GCC_WARN_UNUSED_FUNCTION = YES;
				GCC_WARN_UNUSED_VARIABLE = YES;
				MACOSX_DEPLOYMENT_TARGET = 10.13;
				MTL_ENABLE_DEBUG_INFO = NO;
				SDKROOT = macosx;
				SWIFT_OPTIMIZATION_LEVEL = "-Owholemodule";
			};
			name = Release;
		};
		3ACF9BB72041BE22006C3218 /* Debug */ = {
			isa = XCBuildConfiguration;
			buildSettings = {
				ASSETCATALOG_COMPILER_APPICON_NAME = AppIcon;
				CODE_SIGN_ENTITLEMENTS = "Pisth Viewer/Pisth_Viewer.entitlements";
				CODE_SIGN_STYLE = Automatic;
				COMBINE_HIDPI_IMAGES = YES;
				DEVELOPMENT_TEAM = Y96PL6G497;
				INFOPLIST_FILE = "Pisth Viewer/Info.plist";
				LD_RUNPATH_SEARCH_PATHS = "$(inherited) @executable_path/../Frameworks";
				MACOSX_DEPLOYMENT_TARGET = 10.12;
				PRODUCT_BUNDLE_IDENTIFIER = "ch.ada.Pisth-Viewer";
				PRODUCT_NAME = "$(TARGET_NAME)";
				SWIFT_VERSION = 4.0;
			};
			name = Debug;
		};
		3ACF9BB82041BE22006C3218 /* Release */ = {
			isa = XCBuildConfiguration;
			buildSettings = {
				ASSETCATALOG_COMPILER_APPICON_NAME = AppIcon;
				CODE_SIGN_ENTITLEMENTS = "Pisth Viewer/Pisth_Viewer.entitlements";
				CODE_SIGN_STYLE = Automatic;
				COMBINE_HIDPI_IMAGES = YES;
				DEVELOPMENT_TEAM = Y96PL6G497;
				INFOPLIST_FILE = "Pisth Viewer/Info.plist";
				LD_RUNPATH_SEARCH_PATHS = "$(inherited) @executable_path/../Frameworks";
				MACOSX_DEPLOYMENT_TARGET = 10.12;
				PRODUCT_BUNDLE_IDENTIFIER = "ch.ada.Pisth-Viewer";
				PRODUCT_NAME = "$(TARGET_NAME)";
				SWIFT_VERSION = 4.0;
			};
			name = Release;
		};
/* End XCBuildConfiguration section */

/* Begin XCConfigurationList section */
		3ACF9BA32041BE21006C3218 /* Build configuration list for PBXProject "Pisth Viewer" */ = {
			isa = XCConfigurationList;
			buildConfigurations = (
				3ACF9BB42041BE22006C3218 /* Debug */,
				3ACF9BB52041BE22006C3218 /* Release */,
			);
			defaultConfigurationIsVisible = 0;
			defaultConfigurationName = Release;
		};
		3ACF9BB62041BE22006C3218 /* Build configuration list for PBXNativeTarget "Pisth Viewer" */ = {
			isa = XCConfigurationList;
			buildConfigurations = (
				3ACF9BB72041BE22006C3218 /* Debug */,
				3ACF9BB82041BE22006C3218 /* Release */,
			);
			defaultConfigurationIsVisible = 0;
			defaultConfigurationName = Release;
		};
/* End XCConfigurationList section */
	};
	rootObject = 3ACF9BA02041BE21006C3218 /* Project object */;
}
