// !$*UTF8*$!
{
	archiveVersion = 1;
	classes = {
	};
	objectVersion = 48;
	objects = {

/* Begin PBXBuildFile section */
		3A0E2921200A6BD8006FFF81 /* SourceControlTableViewController.swift in Sources */ = {isa = PBXBuildFile; fileRef = 3A0E2920200A6BD8006FFF81 /* SourceControlTableViewController.swift */; };
		3A1137672013C89700B860D0 /* ActionSheetPicker-3.0-Authors.html in Resources */ = {isa = PBXBuildFile; fileRef = 3A1137662013C89700B860D0 /* ActionSheetPicker-3.0-Authors.html */; };
		3A2258911FF6A850001B9710 /* Reachability.swift in Sources */ = {isa = PBXBuildFile; fileRef = 3A2258901FF6A850001B9710 /* Reachability.swift */; };
		3A38DC412035D9980093A091 /* StoreKit.framework in Frameworks */ = {isa = PBXBuildFile; fileRef = 3A38DC402035D9980093A091 /* StoreKit.framework */; };
		3A38DC432035DD480093A091 /* PurchaseHelper.swift in Sources */ = {isa = PBXBuildFile; fileRef = 3A38DC422035DD480093A091 /* PurchaseHelper.swift */; };
		3A38FC541FF5719200690382 /* TerminalViewController.swift in Sources */ = {isa = PBXBuildFile; fileRef = 3A38FC531FF5719200690382 /* TerminalViewController.swift */; };
		3A397AFA1FFD33DD00D46368 /* ConnectionResult.swift in Sources */ = {isa = PBXBuildFile; fileRef = 3A397AF91FFD33DD00D46368 /* ConnectionResult.swift */; };
		3A3A015C2007ADE900B5B655 /* langs.plist in Resources */ = {isa = PBXBuildFile; fileRef = 3A3A015B2007ADE900B5B655 /* langs.plist */; };
		3A41BA9120445A0300589627 /* Disconnected.xib in Resources */ = {isa = PBXBuildFile; fileRef = 3A41BA9020445A0300589627 /* Disconnected.xib */; };
		3A42FE232033B0300061A38B /* Themes Store.xib in Resources */ = {isa = PBXBuildFile; fileRef = 3A42FE222033B0300061A38B /* Themes Store.xib */; };
		3A487CE81FF99B4600552B93 /* DirectoryTableViewControllerDelegate.swift in Sources */ = {isa = PBXBuildFile; fileRef = 3A487CE71FF99B4600552B93 /* DirectoryTableViewControllerDelegate.swift */; };
		3A487CEA1FF99E6A00552B93 /* BookmarksTableViewControllerDelegate.swift in Sources */ = {isa = PBXBuildFile; fileRef = 3A487CE91FF99E6A00552B93 /* BookmarksTableViewControllerDelegate.swift */; };
		3A5733C11FFFD9BF004F4973 /* GitRemotesTableViewController.swift in Sources */ = {isa = PBXBuildFile; fileRef = 3A5733C01FFFD9BF004F4973 /* GitRemotesTableViewController.swift */; };
		3A5733C31FFFDA02004F4973 /* Git.storyboard in Resources */ = {isa = PBXBuildFile; fileRef = 3A5733C21FFFDA02004F4973 /* Git.storyboard */; };
		3A5888B1205C62540002F9E1 /* UIViewController.swift in Sources */ = {isa = PBXBuildFile; fileRef = 3A5888B0205C62540002F9E1 /* UIViewController.swift */; };
		3A5888B3205C64CB0002F9E1 /* UIView.swift in Sources */ = {isa = PBXBuildFile; fileRef = 3A5888B2205C64CB0002F9E1 /* UIView.swift */; };
		3A5888B5205C6BCD0002F9E1 /* Contribute.xib in Resources */ = {isa = PBXBuildFile; fileRef = 3A5888B4205C6BCD0002F9E1 /* Contribute.xib */; };
		3A5888B7205C73BF0002F9E1 /* ContributeViewController.swift in Sources */ = {isa = PBXBuildFile; fileRef = 3A5888B6205C73BF0002F9E1 /* ContributeViewController.swift */; };
		3A5A60DE1FF1B4A200E94579 /* ConnectionManager.swift in Sources */ = {isa = PBXBuildFile; fileRef = 3A5A60DD1FF1B4A200E94579 /* ConnectionManager.swift */; };
		3A5A60E71FF1BB9F00E94579 /* DirectoryTableViewController.swift in Sources */ = {isa = PBXBuildFile; fileRef = 3A5A60E61FF1BB9F00E94579 /* DirectoryTableViewController.swift */; };
		3A5C41A420346EDB00E89C74 /* ThemesStoreViewController.swift in Sources */ = {isa = PBXBuildFile; fileRef = 3A5C41A320346EDB00E89C74 /* ThemesStoreViewController.swift */; };
		3A60970C203B1F5600CB0776 /* TerminalWebView.swift in Sources */ = {isa = PBXBuildFile; fileRef = 3A60970B203B1F5600CB0776 /* TerminalWebView.swift */; };
		3A61DEBB2066AE760002353B /* Connection Info.storyboard in Resources */ = {isa = PBXBuildFile; fileRef = 3A61DEBA2066AE760002353B /* Connection Info.storyboard */; };
		3A6D4F9D204C965900B3C7F9 /* Terminal Toolbar-White.xib in Resources */ = {isa = PBXBuildFile; fileRef = 3A6D4F9C204C965800B3C7F9 /* Terminal Toolbar-White.xib */; };
		3A729778205D58B100F94BA7 /* Beta.xib in Resources */ = {isa = PBXBuildFile; fileRef = 3A729777205D58B100F94BA7 /* Beta.xib */; };
		3A72977A205D5AF000F94BA7 /* BetaViewController.swift in Sources */ = {isa = PBXBuildFile; fileRef = 3A729779205D5AF000F94BA7 /* BetaViewController.swift */; };
		3A72977C205D5F4A00F94BA7 /* UIDevice+modelName.swift in Sources */ = {isa = PBXBuildFile; fileRef = 3A72977B205D5F4A00F94BA7 /* UIDevice+modelName.swift */; };
		3A72977E205D612700F94BA7 /* UIApplication+isBeta.swift in Sources */ = {isa = PBXBuildFile; fileRef = 3A72977D205D612700F94BA7 /* UIApplication+isBeta.swift */; };
		3A7C919B2044972C006E0434 /* GoogleService-Info.plist in Resources */ = {isa = PBXBuildFile; fileRef = 3A7C919A2044972C006E0434 /* GoogleService-Info.plist */; };
		3A843EED202A64030096632E /* ReviewHelper.swift in Sources */ = {isa = PBXBuildFile; fileRef = 3A843EEC202A64030096632E /* ReviewHelper.swift */; };
		3A897E1E201660E400B5C73C /* ArrowsViewController.swift in Sources */ = {isa = PBXBuildFile; fileRef = 3A897E1D201660E400B5C73C /* ArrowsViewController.swift */; };
		3A89B5BC2037760D00B750D9 /* UIImage.swift in Sources */ = {isa = PBXBuildFile; fileRef = 3A89B5BB2037760D00B750D9 /* UIImage.swift */; };
		3A89B5BE2037777600B750D9 /* Terminal Toolbar-Black.xib in Resources */ = {isa = PBXBuildFile; fileRef = 3A89B5BD2037777600B750D9 /* Terminal Toolbar-Black.xib */; };
		3A89B5C02037793D00B750D9 /* UIButton.swift in Sources */ = {isa = PBXBuildFile; fileRef = 3A89B5BF2037793D00B750D9 /* UIButton.swift */; };
		3A8A32AC2046FD0C00A38E89 /* PluginsLocalDirectoryTableViewController.swift in Sources */ = {isa = PBXBuildFile; fileRef = 3A8A32AB2046FD0C00A38E89 /* PluginsLocalDirectoryTableViewController.swift */; };
		3A964E2620743192003FFAEE /* UIView+ignoresInvertColors.swift in Sources */ = {isa = PBXBuildFile; fileRef = 3A964E2520743192003FFAEE /* UIView+ignoresInvertColors.swift */; };
		3A964E28207431E4003FFAEE /* ImageView.swift in Sources */ = {isa = PBXBuildFile; fileRef = 3A964E27207431E4003FFAEE /* ImageView.swift */; };
		3AA117F11FF414CA007BB84A /* LocalDirectoryTableViewControllerDelegate.swift in Sources */ = {isa = PBXBuildFile; fileRef = 3AA117F01FF414CA007BB84A /* LocalDirectoryTableViewControllerDelegate.swift */; };
		3AA117F31FF417BF007BB84A /* UINavigationController.swift in Sources */ = {isa = PBXBuildFile; fileRef = 3AA117F21FF417BF007BB84A /* UINavigationController.swift */; };
		3AA117F51FF4257A007BB84A /* SaveFile.swift in Sources */ = {isa = PBXBuildFile; fileRef = 3AA117F41FF4257A007BB84A /* SaveFile.swift */; };
		3AA117F71FF4281E007BB84A /* fileIcon.swift in Sources */ = {isa = PBXBuildFile; fileRef = 3AA117F61FF4281E007BB84A /* fileIcon.swift */; };
		3AA3FDBD2027549900C07C7A /* FileTableViewCell.swift in Sources */ = {isa = PBXBuildFile; fileRef = 3AA3FDBB2027549700C07C7A /* FileTableViewCell.swift */; };
		3AA3FDBE2027549900C07C7A /* File Cell.xib in Resources */ = {isa = PBXBuildFile; fileRef = 3AA3FDBC2027549800C07C7A /* File Cell.xib */; };
		3AAF00E91FF2D00600ECCA6F /* LocalDirectoryTableViewController.swift in Sources */ = {isa = PBXBuildFile; fileRef = 3AAF00E81FF2D00600ECCA6F /* LocalDirectoryTableViewController.swift */; };
		3AAF00EB1FF2D4F400ECCA6F /* FIleManager.swift in Sources */ = {isa = PBXBuildFile; fileRef = 3AAF00EA1FF2D4F400ECCA6F /* FIleManager.swift */; };
		3AAF00EF1FF2DBE500ECCA6F /* EditTextViewController.swift in Sources */ = {isa = PBXBuildFile; fileRef = 3AAF00EE1FF2DBE500ECCA6F /* EditTextViewController.swift */; };
		3AC623AA1FF8175700B5D22A /* CommandsTableViewController.swift in Sources */ = {isa = PBXBuildFile; fileRef = 3AC623A91FF8175700B5D22A /* CommandsTableViewController.swift */; };
		3ACF9AC1204079A9006C3218 /* AppAction.swift in Sources */ = {isa = PBXBuildFile; fileRef = 3ACF9AC0204079A9006C3218 /* AppAction.swift */; };
		3ACF9AC320408A9C006C3218 /* LocalDirectoryTableViewControllerStaticDelegate.swift in Sources */ = {isa = PBXBuildFile; fileRef = 3ACF9AC220408A9C006C3218 /* LocalDirectoryTableViewControllerStaticDelegate.swift */; };
		3ACF9ADF20409446006C3218 /* AppDelegate.swift in Sources */ = {isa = PBXBuildFile; fileRef = 3ACF9ADE20409446006C3218 /* AppDelegate.swift */; };
		3ACF9AE120409446006C3218 /* ViewController.swift in Sources */ = {isa = PBXBuildFile; fileRef = 3ACF9AE020409446006C3218 /* ViewController.swift */; };
		3ACF9AE420409446006C3218 /* Main.storyboard in Resources */ = {isa = PBXBuildFile; fileRef = 3ACF9AE220409446006C3218 /* Main.storyboard */; };
		3ACF9AE620409446006C3218 /* Assets.xcassets in Resources */ = {isa = PBXBuildFile; fileRef = 3ACF9AE520409446006C3218 /* Assets.xcassets */; };
		3ACF9AE920409446006C3218 /* LaunchScreen.storyboard in Resources */ = {isa = PBXBuildFile; fileRef = 3ACF9AE720409446006C3218 /* LaunchScreen.storyboard */; };
		3ACF9B772041BB4C006C3218 /* Pisth_Shared.framework in Frameworks */ = {isa = PBXBuildFile; fileRef = 3ACF9B762041BB4C006C3218 /* Pisth_Shared.framework */; };
		3ACF9B782041BB4C006C3218 /* Pisth_Shared.framework in Embed Frameworks */ = {isa = PBXBuildFile; fileRef = 3ACF9B762041BB4C006C3218 /* Pisth_Shared.framework */; settings = {ATTRIBUTES = (CodeSignOnCopy, RemoveHeadersOnCopy, ); }; };
		3ACF9B7A2041BB5B006C3218 /* Pisth_API.framework in Frameworks */ = {isa = PBXBuildFile; fileRef = 3ACF9B792041BB5B006C3218 /* Pisth_API.framework */; };
		3ACF9B7B2041BB5B006C3218 /* Pisth_API.framework in Embed Frameworks */ = {isa = PBXBuildFile; fileRef = 3ACF9B792041BB5B006C3218 /* Pisth_API.framework */; settings = {ATTRIBUTES = (CodeSignOnCopy, RemoveHeadersOnCopy, ); }; };
		3ACF9BEC2041C4AC006C3218 /* Pisth_Terminal.framework in Frameworks */ = {isa = PBXBuildFile; fileRef = 3ACF9BEB2041C4AC006C3218 /* Pisth_Terminal.framework */; };
		3ACF9BED2041C4AC006C3218 /* Pisth_Terminal.framework in Embed Frameworks */ = {isa = PBXBuildFile; fileRef = 3ACF9BEB2041C4AC006C3218 /* Pisth_Terminal.framework */; settings = {ATTRIBUTES = (CodeSignOnCopy, RemoveHeadersOnCopy, ); }; };
		3AD2F69A20713FC10017F2EB /* Web.xib in Resources */ = {isa = PBXBuildFile; fileRef = 3AD2F69920713FC10017F2EB /* Web.xib */; };
		3AD7E0572049E8CC00834D59 /* amzn.png in Resources */ = {isa = PBXBuildFile; fileRef = 3AD7E0302049E12F00834D59 /* amzn.png */; };
		3AD7E0582049E8CD00834D59 /* arch.png in Resources */ = {isa = PBXBuildFile; fileRef = 3AD7E02F2049E12F00834D59 /* arch.png */; };
		3AD7E0592049E8CF00834D59 /* centos.png in Resources */ = {isa = PBXBuildFile; fileRef = 3AD7E0342049E12F00834D59 /* centos.png */; };
		3AD7E05A2049E8D000834D59 /* darwin.png in Resources */ = {isa = PBXBuildFile; fileRef = 3AD7E0352049E12F00834D59 /* darwin.png */; };
		3AD7E05B2049E8D200834D59 /* debian.png in Resources */ = {isa = PBXBuildFile; fileRef = 3AD7E02E2049E12F00834D59 /* debian.png */; };
		3AD7E05C2049E8D300834D59 /* fedora.png in Resources */ = {isa = PBXBuildFile; fileRef = 3AD7E02D2049E12E00834D59 /* fedora.png */; };
		3AD7E05D2049E8D500834D59 /* linux.png in Resources */ = {isa = PBXBuildFile; fileRef = 3AD7E0312049E12F00834D59 /* linux.png */; };
		3AD7E05E2049E8D600834D59 /* opensuse.png in Resources */ = {isa = PBXBuildFile; fileRef = 3AD7E0362049E12F00834D59 /* opensuse.png */; };
		3AD7E05F2049E8D700834D59 /* raspbian.png in Resources */ = {isa = PBXBuildFile; fileRef = 3AD7E0322049E12F00834D59 /* raspbian.png */; };
		3AD7E0602049E8D900834D59 /* rhel.png in Resources */ = {isa = PBXBuildFile; fileRef = 3AD7E0372049E13100834D59 /* rhel.png */; };
		3AD7E0612049E8DA00834D59 /* slackware.png in Resources */ = {isa = PBXBuildFile; fileRef = 3AD7E0382049E13100834D59 /* slackware.png */; };
		3AD7E0622049E8DB00834D59 /* sles.png in Resources */ = {isa = PBXBuildFile; fileRef = 3AD7E0392049E13100834D59 /* sles.png */; };
		3AD7E0632049E8DD00834D59 /* ubuntu.png in Resources */ = {isa = PBXBuildFile; fileRef = 3AD7E0332049E12F00834D59 /* ubuntu.png */; };
		3ADD28CB1FFAFC3900977905 /* Pasteboard.swift in Sources */ = {isa = PBXBuildFile; fileRef = 3ADD28CA1FFAFC3900977905 /* Pasteboard.swift */; };
		3ADD28CF1FFBC27800977905 /* DirectoryAction.swift in Sources */ = {isa = PBXBuildFile; fileRef = 3ADD28CE1FFBC27800977905 /* DirectoryAction.swift */; };
		3AE8359F1FF2DCB30073D06E /* Code Editor.xib in Resources */ = {isa = PBXBuildFile; fileRef = 3AE8359E1FF2DCB30073D06E /* Code Editor.xib */; };
		3AEF111A201115850089389E /* empty in Resources */ = {isa = PBXBuildFile; fileRef = 3AEF1119201115850089389E /* empty */; };
		3AF50F151FFEEE43000F7B31 /* GitBranchesTableViewController.swift in Sources */ = {isa = PBXBuildFile; fileRef = 3AF50F141FFEEE43000F7B31 /* GitBranchesTableViewController.swift */; };
		3AF9AE9A1FF53C3000840E8A /* Licenses.html in Resources */ = {isa = PBXBuildFile; fileRef = 3AF9AE991FF53C3000840E8A /* Licenses.html */; };
		3AF9AEA51FF5458200840E8A /* SettingsTableViewController.swift in Sources */ = {isa = PBXBuildFile; fileRef = 3AF9AEA31FF5458200840E8A /* SettingsTableViewController.swift */; };
		3AF9AEA81FF5461300840E8A /* Settings.storyboard in Resources */ = {isa = PBXBuildFile; fileRef = 3AF9AEA71FF5461300840E8A /* Settings.storyboard */; };
		3AF9AEAB1FF54C8B00840E8A /* ImageViewController.swift in Sources */ = {isa = PBXBuildFile; fileRef = 3AF9AEA91FF54C8B00840E8A /* ImageViewController.swift */; };
		3AF9AEAC1FF54C8B00840E8A /* Image.xib in Resources */ = {isa = PBXBuildFile; fileRef = 3AF9AEAA1FF54C8B00840E8A /* Image.xib */; };
		3AF9AEAE1FF5511A00840E8A /* isFilePDF.swift in Sources */ = {isa = PBXBuildFile; fileRef = 3AF9AEAD1FF5511A00840E8A /* isFilePDF.swift */; };
		3AFC349A2003E19400E32F17 /* Bool+inverted.swift in Sources */ = {isa = PBXBuildFile; fileRef = 3AFC34992003E19400E32F17 /* Bool+inverted.swift */; };
		3AFDD9051FF140FE0061677B /* AppDelegate.swift in Sources */ = {isa = PBXBuildFile; fileRef = 3AFDD9041FF140FE0061677B /* AppDelegate.swift */; };
		3AFDD90F1FF140FE0061677B /* LaunchScreen.storyboard in Resources */ = {isa = PBXBuildFile; fileRef = 3AFDD90D1FF140FE0061677B /* LaunchScreen.storyboard */; };
		3AFDD9171FF147860061677B /* Assets.xcassets in Resources */ = {isa = PBXBuildFile; fileRef = 3AFDD9161FF147860061677B /* Assets.xcassets */; };
		3AFDD91B1FF14C1F0061677B /* BookmarksTableViewController.swift in Sources */ = {isa = PBXBuildFile; fileRef = 3AFDD91A1FF14C1F0061677B /* BookmarksTableViewController.swift */; };
		3AFDD91E1FF152010061677B /* Pisth.xcdatamodeld in Sources */ = {isa = PBXBuildFile; fileRef = 3AFDD91C1FF152010061677B /* Pisth.xcdatamodeld */; };
		E6019D50D0EABA90DF0A9142 /* Pods_Pisth.framework in Frameworks */ = {isa = PBXBuildFile; fileRef = 9F5574F1BD4D24D32463896F /* Pods_Pisth.framework */; };
/* End PBXBuildFile section */

/* Begin PBXCopyFilesBuildPhase section */
		3ACF9AF2204094E4006C3218 /* Embed Frameworks */ = {
			isa = PBXCopyFilesBuildPhase;
			buildActionMask = 2147483647;
			dstPath = "";
			dstSubfolderSpec = 10;
			files = (
				3ACF9B7B2041BB5B006C3218 /* Pisth_API.framework in Embed Frameworks */,
			);
			name = "Embed Frameworks";
			runOnlyForDeploymentPostprocessing = 0;
		};
		3ACF9B0A2041B300006C3218 /* Embed Frameworks */ = {
			isa = PBXCopyFilesBuildPhase;
			buildActionMask = 2147483647;
			dstPath = "";
			dstSubfolderSpec = 10;
			files = (
				3ACF9B782041BB4C006C3218 /* Pisth_Shared.framework in Embed Frameworks */,
				3ACF9BED2041C4AC006C3218 /* Pisth_Terminal.framework in Embed Frameworks */,
			);
			name = "Embed Frameworks";
			runOnlyForDeploymentPostprocessing = 0;
		};
/* End PBXCopyFilesBuildPhase section */

/* Begin PBXFileReference section */
		3A0E2920200A6BD8006FFF81 /* SourceControlTableViewController.swift */ = {isa = PBXFileReference; lastKnownFileType = sourcecode.swift; path = SourceControlTableViewController.swift; sourceTree = "<group>"; };
		3A1137662013C89700B860D0 /* ActionSheetPicker-3.0-Authors.html */ = {isa = PBXFileReference; lastKnownFileType = text.html; path = "ActionSheetPicker-3.0-Authors.html"; sourceTree = "<group>"; };
		3A2258901FF6A850001B9710 /* Reachability.swift */ = {isa = PBXFileReference; lastKnownFileType = sourcecode.swift; path = Reachability.swift; sourceTree = "<group>"; };
		3A38DC402035D9980093A091 /* StoreKit.framework */ = {isa = PBXFileReference; lastKnownFileType = wrapper.framework; name = StoreKit.framework; path = System/Library/Frameworks/StoreKit.framework; sourceTree = SDKROOT; };
		3A38DC422035DD480093A091 /* PurchaseHelper.swift */ = {isa = PBXFileReference; lastKnownFileType = sourcecode.swift; path = PurchaseHelper.swift; sourceTree = "<group>"; };
		3A38FC531FF5719200690382 /* TerminalViewController.swift */ = {isa = PBXFileReference; lastKnownFileType = sourcecode.swift; path = TerminalViewController.swift; sourceTree = "<group>"; };
		3A397AF91FFD33DD00D46368 /* ConnectionResult.swift */ = {isa = PBXFileReference; lastKnownFileType = sourcecode.swift; path = ConnectionResult.swift; sourceTree = "<group>"; };
		3A3A015B2007ADE900B5B655 /* langs.plist */ = {isa = PBXFileReference; lastKnownFileType = text.plist.xml; path = langs.plist; sourceTree = "<group>"; };
		3A41BA9020445A0300589627 /* Disconnected.xib */ = {isa = PBXFileReference; lastKnownFileType = file.xib; path = Disconnected.xib; sourceTree = "<group>"; };
		3A42FE222033B0300061A38B /* Themes Store.xib */ = {isa = PBXFileReference; lastKnownFileType = file.xib; path = "Themes Store.xib"; sourceTree = "<group>"; };
		3A487CE71FF99B4600552B93 /* DirectoryTableViewControllerDelegate.swift */ = {isa = PBXFileReference; lastKnownFileType = sourcecode.swift; path = DirectoryTableViewControllerDelegate.swift; sourceTree = "<group>"; };
		3A487CE91FF99E6A00552B93 /* BookmarksTableViewControllerDelegate.swift */ = {isa = PBXFileReference; lastKnownFileType = sourcecode.swift; path = BookmarksTableViewControllerDelegate.swift; sourceTree = "<group>"; };
		3A5733C01FFFD9BF004F4973 /* GitRemotesTableViewController.swift */ = {isa = PBXFileReference; lastKnownFileType = sourcecode.swift; path = GitRemotesTableViewController.swift; sourceTree = "<group>"; };
		3A5733C21FFFDA02004F4973 /* Git.storyboard */ = {isa = PBXFileReference; lastKnownFileType = file.storyboard; path = Git.storyboard; sourceTree = "<group>"; };
		3A5888B0205C62540002F9E1 /* UIViewController.swift */ = {isa = PBXFileReference; lastKnownFileType = sourcecode.swift; path = UIViewController.swift; sourceTree = "<group>"; };
		3A5888B2205C64CB0002F9E1 /* UIView.swift */ = {isa = PBXFileReference; lastKnownFileType = sourcecode.swift; path = UIView.swift; sourceTree = "<group>"; };
		3A5888B4205C6BCD0002F9E1 /* Contribute.xib */ = {isa = PBXFileReference; lastKnownFileType = file.xib; path = Contribute.xib; sourceTree = "<group>"; };
		3A5888B6205C73BF0002F9E1 /* ContributeViewController.swift */ = {isa = PBXFileReference; lastKnownFileType = sourcecode.swift; path = ContributeViewController.swift; sourceTree = "<group>"; };
		3A5A60DD1FF1B4A200E94579 /* ConnectionManager.swift */ = {isa = PBXFileReference; lastKnownFileType = sourcecode.swift; path = ConnectionManager.swift; sourceTree = "<group>"; };
		3A5A60E61FF1BB9F00E94579 /* DirectoryTableViewController.swift */ = {isa = PBXFileReference; fileEncoding = 4; lastKnownFileType = sourcecode.swift; path = DirectoryTableViewController.swift; sourceTree = "<group>"; };
		3A5C41A320346EDB00E89C74 /* ThemesStoreViewController.swift */ = {isa = PBXFileReference; lastKnownFileType = sourcecode.swift; path = ThemesStoreViewController.swift; sourceTree = "<group>"; };
		3A60970B203B1F5600CB0776 /* TerminalWebView.swift */ = {isa = PBXFileReference; fileEncoding = 4; lastKnownFileType = sourcecode.swift; path = TerminalWebView.swift; sourceTree = "<group>"; };
		3A61DEBA2066AE760002353B /* Connection Info.storyboard */ = {isa = PBXFileReference; fileEncoding = 4; lastKnownFileType = file.storyboard; path = "Connection Info.storyboard"; sourceTree = "<group>"; };
		3A6D4F9C204C965800B3C7F9 /* Terminal Toolbar-White.xib */ = {isa = PBXFileReference; fileEncoding = 4; lastKnownFileType = file.xib; path = "Terminal Toolbar-White.xib"; sourceTree = "<group>"; };
		3A729777205D58B100F94BA7 /* Beta.xib */ = {isa = PBXFileReference; lastKnownFileType = file.xib; path = Beta.xib; sourceTree = "<group>"; };
		3A729779205D5AF000F94BA7 /* BetaViewController.swift */ = {isa = PBXFileReference; lastKnownFileType = sourcecode.swift; path = BetaViewController.swift; sourceTree = "<group>"; };
		3A72977B205D5F4A00F94BA7 /* UIDevice+modelName.swift */ = {isa = PBXFileReference; lastKnownFileType = sourcecode.swift; path = "UIDevice+modelName.swift"; sourceTree = "<group>"; };
		3A72977D205D612700F94BA7 /* UIApplication+isBeta.swift */ = {isa = PBXFileReference; lastKnownFileType = sourcecode.swift; path = "UIApplication+isBeta.swift"; sourceTree = "<group>"; };
		3A7C919A2044972C006E0434 /* GoogleService-Info.plist */ = {isa = PBXFileReference; fileEncoding = 4; lastKnownFileType = text.plist.xml; path = "GoogleService-Info.plist"; sourceTree = "<group>"; };
		3A843EEC202A64030096632E /* ReviewHelper.swift */ = {isa = PBXFileReference; lastKnownFileType = sourcecode.swift; path = ReviewHelper.swift; sourceTree = "<group>"; };
		3A897E1D201660E400B5C73C /* ArrowsViewController.swift */ = {isa = PBXFileReference; lastKnownFileType = sourcecode.swift; path = ArrowsViewController.swift; sourceTree = "<group>"; };
		3A89B5BB2037760D00B750D9 /* UIImage.swift */ = {isa = PBXFileReference; lastKnownFileType = sourcecode.swift; path = UIImage.swift; sourceTree = "<group>"; };
		3A89B5BD2037777600B750D9 /* Terminal Toolbar-Black.xib */ = {isa = PBXFileReference; lastKnownFileType = file.xib; path = "Terminal Toolbar-Black.xib"; sourceTree = "<group>"; };
		3A89B5BF2037793D00B750D9 /* UIButton.swift */ = {isa = PBXFileReference; lastKnownFileType = sourcecode.swift; path = UIButton.swift; sourceTree = "<group>"; };
		3A8A32AB2046FD0C00A38E89 /* PluginsLocalDirectoryTableViewController.swift */ = {isa = PBXFileReference; lastKnownFileType = sourcecode.swift; path = PluginsLocalDirectoryTableViewController.swift; sourceTree = "<group>"; };
		3A964E2520743192003FFAEE /* UIView+ignoresInvertColors.swift */ = {isa = PBXFileReference; lastKnownFileType = sourcecode.swift; path = "UIView+ignoresInvertColors.swift"; sourceTree = "<group>"; };
		3A964E27207431E4003FFAEE /* ImageView.swift */ = {isa = PBXFileReference; lastKnownFileType = sourcecode.swift; path = ImageView.swift; sourceTree = "<group>"; };
		3AA117F01FF414CA007BB84A /* LocalDirectoryTableViewControllerDelegate.swift */ = {isa = PBXFileReference; lastKnownFileType = sourcecode.swift; path = LocalDirectoryTableViewControllerDelegate.swift; sourceTree = "<group>"; };
		3AA117F21FF417BF007BB84A /* UINavigationController.swift */ = {isa = PBXFileReference; lastKnownFileType = sourcecode.swift; path = UINavigationController.swift; sourceTree = "<group>"; };
		3AA117F41FF4257A007BB84A /* SaveFile.swift */ = {isa = PBXFileReference; lastKnownFileType = sourcecode.swift; path = SaveFile.swift; sourceTree = "<group>"; };
		3AA117F61FF4281E007BB84A /* fileIcon.swift */ = {isa = PBXFileReference; lastKnownFileType = sourcecode.swift; path = fileIcon.swift; sourceTree = "<group>"; };
		3AA3FDBB2027549700C07C7A /* FileTableViewCell.swift */ = {isa = PBXFileReference; fileEncoding = 4; lastKnownFileType = sourcecode.swift; path = FileTableViewCell.swift; sourceTree = "<group>"; };
		3AA3FDBC2027549800C07C7A /* File Cell.xib */ = {isa = PBXFileReference; fileEncoding = 4; lastKnownFileType = file.xib; path = "File Cell.xib"; sourceTree = "<group>"; };
		3AAF00E81FF2D00600ECCA6F /* LocalDirectoryTableViewController.swift */ = {isa = PBXFileReference; lastKnownFileType = sourcecode.swift; path = LocalDirectoryTableViewController.swift; sourceTree = "<group>"; };
		3AAF00EA1FF2D4F400ECCA6F /* FIleManager.swift */ = {isa = PBXFileReference; lastKnownFileType = sourcecode.swift; path = FIleManager.swift; sourceTree = "<group>"; };
		3AAF00EE1FF2DBE500ECCA6F /* EditTextViewController.swift */ = {isa = PBXFileReference; lastKnownFileType = sourcecode.swift; path = EditTextViewController.swift; sourceTree = "<group>"; };
		3AC623A91FF8175700B5D22A /* CommandsTableViewController.swift */ = {isa = PBXFileReference; lastKnownFileType = sourcecode.swift; path = CommandsTableViewController.swift; sourceTree = "<group>"; };
		3ACF9AC0204079A9006C3218 /* AppAction.swift */ = {isa = PBXFileReference; lastKnownFileType = sourcecode.swift; path = AppAction.swift; sourceTree = "<group>"; };
		3ACF9AC220408A9C006C3218 /* LocalDirectoryTableViewControllerStaticDelegate.swift */ = {isa = PBXFileReference; lastKnownFileType = sourcecode.swift; path = LocalDirectoryTableViewControllerStaticDelegate.swift; sourceTree = "<group>"; };
		3ACF9ADC20409446006C3218 /* Pisth API Example.app */ = {isa = PBXFileReference; explicitFileType = wrapper.application; includeInIndex = 0; path = "Pisth API Example.app"; sourceTree = BUILT_PRODUCTS_DIR; };
		3ACF9ADE20409446006C3218 /* AppDelegate.swift */ = {isa = PBXFileReference; lastKnownFileType = sourcecode.swift; path = AppDelegate.swift; sourceTree = "<group>"; };
		3ACF9AE020409446006C3218 /* ViewController.swift */ = {isa = PBXFileReference; lastKnownFileType = sourcecode.swift; path = ViewController.swift; sourceTree = "<group>"; };
		3ACF9AE320409446006C3218 /* Base */ = {isa = PBXFileReference; lastKnownFileType = file.storyboard; name = Base; path = Base.lproj/Main.storyboard; sourceTree = "<group>"; };
		3ACF9AE520409446006C3218 /* Assets.xcassets */ = {isa = PBXFileReference; lastKnownFileType = folder.assetcatalog; path = Assets.xcassets; sourceTree = "<group>"; };
		3ACF9AE820409446006C3218 /* Base */ = {isa = PBXFileReference; lastKnownFileType = file.storyboard; name = Base; path = Base.lproj/LaunchScreen.storyboard; sourceTree = "<group>"; };
		3ACF9AEA20409446006C3218 /* Info.plist */ = {isa = PBXFileReference; lastKnownFileType = text.plist.xml; path = Info.plist; sourceTree = "<group>"; };
		3ACF9B762041BB4C006C3218 /* Pisth_Shared.framework */ = {isa = PBXFileReference; explicitFileType = wrapper.framework; path = Pisth_Shared.framework; sourceTree = BUILT_PRODUCTS_DIR; };
		3ACF9B792041BB5B006C3218 /* Pisth_API.framework */ = {isa = PBXFileReference; explicitFileType = wrapper.framework; path = Pisth_API.framework; sourceTree = BUILT_PRODUCTS_DIR; };
		3ACF9BEB2041C4AC006C3218 /* Pisth_Terminal.framework */ = {isa = PBXFileReference; explicitFileType = wrapper.framework; path = Pisth_Terminal.framework; sourceTree = BUILT_PRODUCTS_DIR; };
		3AD2F69920713FC10017F2EB /* Web.xib */ = {isa = PBXFileReference; fileEncoding = 4; lastKnownFileType = file.xib; path = Web.xib; sourceTree = "<group>"; };
		3AD7E02D2049E12E00834D59 /* fedora.png */ = {isa = PBXFileReference; lastKnownFileType = image.png; path = fedora.png; sourceTree = "<group>"; };
		3AD7E02E2049E12F00834D59 /* debian.png */ = {isa = PBXFileReference; lastKnownFileType = image.png; path = debian.png; sourceTree = "<group>"; };
		3AD7E02F2049E12F00834D59 /* arch.png */ = {isa = PBXFileReference; lastKnownFileType = image.png; path = arch.png; sourceTree = "<group>"; };
		3AD7E0302049E12F00834D59 /* amzn.png */ = {isa = PBXFileReference; lastKnownFileType = image.png; path = amzn.png; sourceTree = "<group>"; };
		3AD7E0312049E12F00834D59 /* linux.png */ = {isa = PBXFileReference; lastKnownFileType = image.png; path = linux.png; sourceTree = "<group>"; };
		3AD7E0322049E12F00834D59 /* raspbian.png */ = {isa = PBXFileReference; lastKnownFileType = image.png; path = raspbian.png; sourceTree = "<group>"; };
		3AD7E0332049E12F00834D59 /* ubuntu.png */ = {isa = PBXFileReference; lastKnownFileType = image.png; path = ubuntu.png; sourceTree = "<group>"; };
		3AD7E0342049E12F00834D59 /* centos.png */ = {isa = PBXFileReference; lastKnownFileType = image.png; path = centos.png; sourceTree = "<group>"; };
		3AD7E0352049E12F00834D59 /* darwin.png */ = {isa = PBXFileReference; lastKnownFileType = image.png; path = darwin.png; sourceTree = "<group>"; };
		3AD7E0362049E12F00834D59 /* opensuse.png */ = {isa = PBXFileReference; lastKnownFileType = image.png; path = opensuse.png; sourceTree = "<group>"; };
		3AD7E0372049E13100834D59 /* rhel.png */ = {isa = PBXFileReference; lastKnownFileType = image.png; path = rhel.png; sourceTree = "<group>"; };
		3AD7E0382049E13100834D59 /* slackware.png */ = {isa = PBXFileReference; lastKnownFileType = image.png; path = slackware.png; sourceTree = "<group>"; };
		3AD7E0392049E13100834D59 /* sles.png */ = {isa = PBXFileReference; lastKnownFileType = image.png; path = sles.png; sourceTree = "<group>"; };
		3ADD28CA1FFAFC3900977905 /* Pasteboard.swift */ = {isa = PBXFileReference; lastKnownFileType = sourcecode.swift; path = Pasteboard.swift; sourceTree = "<group>"; };
		3ADD28CE1FFBC27800977905 /* DirectoryAction.swift */ = {isa = PBXFileReference; fileEncoding = 4; lastKnownFileType = sourcecode.swift; path = DirectoryAction.swift; sourceTree = "<group>"; };
		3AE8359E1FF2DCB30073D06E /* Code Editor.xib */ = {isa = PBXFileReference; lastKnownFileType = file.xib; path = "Code Editor.xib"; sourceTree = "<group>"; };
		3AEF1119201115850089389E /* empty */ = {isa = PBXFileReference; lastKnownFileType = text; path = empty; sourceTree = "<group>"; };
		3AF50F141FFEEE43000F7B31 /* GitBranchesTableViewController.swift */ = {isa = PBXFileReference; lastKnownFileType = sourcecode.swift; path = GitBranchesTableViewController.swift; sourceTree = "<group>"; };
		3AF9AE991FF53C3000840E8A /* Licenses.html */ = {isa = PBXFileReference; lastKnownFileType = text.html; path = Licenses.html; sourceTree = "<group>"; };
		3AF9AEA31FF5458200840E8A /* SettingsTableViewController.swift */ = {isa = PBXFileReference; lastKnownFileType = sourcecode.swift; path = SettingsTableViewController.swift; sourceTree = "<group>"; };
		3AF9AEA71FF5461300840E8A /* Settings.storyboard */ = {isa = PBXFileReference; lastKnownFileType = file.storyboard; path = Settings.storyboard; sourceTree = "<group>"; };
		3AF9AEA91FF54C8B00840E8A /* ImageViewController.swift */ = {isa = PBXFileReference; lastKnownFileType = sourcecode.swift; path = ImageViewController.swift; sourceTree = "<group>"; };
		3AF9AEAA1FF54C8B00840E8A /* Image.xib */ = {isa = PBXFileReference; lastKnownFileType = file.xib; path = Image.xib; sourceTree = "<group>"; };
		3AF9AEAD1FF5511A00840E8A /* isFilePDF.swift */ = {isa = PBXFileReference; lastKnownFileType = sourcecode.swift; path = isFilePDF.swift; sourceTree = "<group>"; };
		3AFC34992003E19400E32F17 /* Bool+inverted.swift */ = {isa = PBXFileReference; lastKnownFileType = sourcecode.swift; path = "Bool+inverted.swift"; sourceTree = "<group>"; };
		3AFDD9011FF140FE0061677B /* Pisth.app */ = {isa = PBXFileReference; explicitFileType = wrapper.application; includeInIndex = 0; path = Pisth.app; sourceTree = BUILT_PRODUCTS_DIR; };
		3AFDD9041FF140FE0061677B /* AppDelegate.swift */ = {isa = PBXFileReference; lastKnownFileType = sourcecode.swift; path = AppDelegate.swift; sourceTree = "<group>"; };
		3AFDD90E1FF140FE0061677B /* Base */ = {isa = PBXFileReference; lastKnownFileType = file.storyboard; name = Base; path = Base.lproj/LaunchScreen.storyboard; sourceTree = "<group>"; };
		3AFDD9101FF140FE0061677B /* Info.plist */ = {isa = PBXFileReference; lastKnownFileType = text.plist.xml; path = Info.plist; sourceTree = "<group>"; };
		3AFDD9161FF147860061677B /* Assets.xcassets */ = {isa = PBXFileReference; lastKnownFileType = folder.assetcatalog; path = Assets.xcassets; sourceTree = "<group>"; };
		3AFDD91A1FF14C1F0061677B /* BookmarksTableViewController.swift */ = {isa = PBXFileReference; lastKnownFileType = sourcecode.swift; path = BookmarksTableViewController.swift; sourceTree = "<group>"; };
		3AFDD91D1FF152010061677B /* Pisth.xcdatamodel */ = {isa = PBXFileReference; lastKnownFileType = wrapper.xcdatamodel; path = Pisth.xcdatamodel; sourceTree = "<group>"; };
		9F5574F1BD4D24D32463896F /* Pods_Pisth.framework */ = {isa = PBXFileReference; explicitFileType = wrapper.framework; includeInIndex = 0; path = Pods_Pisth.framework; sourceTree = BUILT_PRODUCTS_DIR; };
		D751325DE74D3465BA4BA8DD /* Pods-Pisth.debug.xcconfig */ = {isa = PBXFileReference; includeInIndex = 1; lastKnownFileType = text.xcconfig; name = "Pods-Pisth.debug.xcconfig"; path = "Pods/Target Support Files/Pods-Pisth/Pods-Pisth.debug.xcconfig"; sourceTree = "<group>"; };
		D7D1701FA780948313EFDD2E /* Pods-Pisth.release.xcconfig */ = {isa = PBXFileReference; includeInIndex = 1; lastKnownFileType = text.xcconfig; name = "Pods-Pisth.release.xcconfig"; path = "Pods/Target Support Files/Pods-Pisth/Pods-Pisth.release.xcconfig"; sourceTree = "<group>"; };
/* End PBXFileReference section */

/* Begin PBXFrameworksBuildPhase section */
		3ACF9AD920409446006C3218 /* Frameworks */ = {
			isa = PBXFrameworksBuildPhase;
			buildActionMask = 2147483647;
			files = (
				3ACF9B7A2041BB5B006C3218 /* Pisth_API.framework in Frameworks */,
			);
			runOnlyForDeploymentPostprocessing = 0;
		};
		3AFDD8FE1FF140FE0061677B /* Frameworks */ = {
			isa = PBXFrameworksBuildPhase;
			buildActionMask = 2147483647;
			files = (
				3ACF9B772041BB4C006C3218 /* Pisth_Shared.framework in Frameworks */,
				E6019D50D0EABA90DF0A9142 /* Pods_Pisth.framework in Frameworks */,
				3A38DC412035D9980093A091 /* StoreKit.framework in Frameworks */,
				3ACF9BEC2041C4AC006C3218 /* Pisth_Terminal.framework in Frameworks */,
			);
			runOnlyForDeploymentPostprocessing = 0;
		};
/* End PBXFrameworksBuildPhase section */

/* Begin PBXGroup section */
		2A2C0BF266D722E068E3424D /* Pods */ = {
			isa = PBXGroup;
			children = (
				D751325DE74D3465BA4BA8DD /* Pods-Pisth.debug.xcconfig */,
				D7D1701FA780948313EFDD2E /* Pods-Pisth.release.xcconfig */,
			);
			name = Pods;
			sourceTree = "<group>";
		};
		3A665F2C2027505A0098C482 /* Singletons */ = {
			isa = PBXGroup;
			children = (
				3AFDD9041FF140FE0061677B /* AppDelegate.swift */,
				3A5A60DD1FF1B4A200E94579 /* ConnectionManager.swift */,
				3ADD28CA1FFAFC3900977905 /* Pasteboard.swift */,
			);
			path = Singletons;
			sourceTree = "<group>";
		};
		3A665F2D202751210098C482 /* Protocols */ = {
			isa = PBXGroup;
			children = (
				3A487CE71FF99B4600552B93 /* DirectoryTableViewControllerDelegate.swift */,
				3AA117F01FF414CA007BB84A /* LocalDirectoryTableViewControllerDelegate.swift */,
				3ACF9AC220408A9C006C3218 /* LocalDirectoryTableViewControllerStaticDelegate.swift */,
				3A487CE91FF99E6A00552B93 /* BookmarksTableViewControllerDelegate.swift */,
			);
			path = Protocols;
			sourceTree = "<group>";
		};
		3A665F2E202752560098C482 /* Views */ = {
			isa = PBXGroup;
			children = (
				3AA3FDBF202754AB00C07C7A /* Classes */,
				3AA3FDC0202754BE00C07C7A /* Interface Builder */,
			);
			path = Views;
			sourceTree = "<group>";
		};
		3A8A32AF2047574D00A38E89 /* OS */ = {
			isa = PBXGroup;
			children = (
				3AD7E0302049E12F00834D59 /* amzn.png */,
				3AD7E02F2049E12F00834D59 /* arch.png */,
				3AD7E0342049E12F00834D59 /* centos.png */,
				3AD7E0352049E12F00834D59 /* darwin.png */,
				3AD7E02E2049E12F00834D59 /* debian.png */,
				3AD7E02D2049E12E00834D59 /* fedora.png */,
				3AD7E0312049E12F00834D59 /* linux.png */,
				3AD7E0362049E12F00834D59 /* opensuse.png */,
				3AD7E0322049E12F00834D59 /* raspbian.png */,
				3AD7E0372049E13100834D59 /* rhel.png */,
				3AD7E0382049E13100834D59 /* slackware.png */,
				3AD7E0392049E13100834D59 /* sles.png */,
				3AD7E0332049E12F00834D59 /* ubuntu.png */,
			);
			path = OS;
			sourceTree = "<group>";
		};
		3AA3FDBF202754AB00C07C7A /* Classes */ = {
			isa = PBXGroup;
			children = (
				3AA3FDBB2027549700C07C7A /* FileTableViewCell.swift */,
				3A60970B203B1F5600CB0776 /* TerminalWebView.swift */,
			);
			path = Classes;
			sourceTree = "<group>";
		};
		3AA3FDC0202754BE00C07C7A /* Interface Builder */ = {
			isa = PBXGroup;
			children = (
				3AA3FDBC2027549800C07C7A /* File Cell.xib */,
				3A6D4F9C204C965800B3C7F9 /* Terminal Toolbar-White.xib */,
				3A89B5BD2037777600B750D9 /* Terminal Toolbar-Black.xib */,
				3A41BA9020445A0300589627 /* Disconnected.xib */,
			);
			path = "Interface Builder";
			sourceTree = "<group>";
		};
		3AA3FDC1202754EF00C07C7A /* Extensions */ = {
			isa = PBXGroup;
			children = (
				3AAF00EA1FF2D4F400ECCA6F /* FIleManager.swift */,
				3A89B5BF2037793D00B750D9 /* UIButton.swift */,
				3AA117F21FF417BF007BB84A /* UINavigationController.swift */,
				3A89B5BB2037760D00B750D9 /* UIImage.swift */,
				3AFC34992003E19400E32F17 /* Bool+inverted.swift */,
				3A5888B0205C62540002F9E1 /* UIViewController.swift */,
				3A5888B2205C64CB0002F9E1 /* UIView.swift */,
				3A72977B205D5F4A00F94BA7 /* UIDevice+modelName.swift */,
				3A72977D205D612700F94BA7 /* UIApplication+isBeta.swift */,
				3A964E2520743192003FFAEE /* UIView+ignoresInvertColors.swift */,
			);
			path = Extensions;
			sourceTree = "<group>";
		};
		3AAF00EC1FF2D50D00ECCA6F /* Helpers */ = {
			isa = PBXGroup;
			children = (
				3AA3FDC1202754EF00C07C7A /* Extensions */,
				3A843EEC202A64030096632E /* ReviewHelper.swift */,
				3A38DC422035DD480093A091 /* PurchaseHelper.swift */,
				3ACF9AC0204079A9006C3218 /* AppAction.swift */,
				3AA117F41FF4257A007BB84A /* SaveFile.swift */,
				3A2258901FF6A850001B9710 /* Reachability.swift */,
				3AA117F61FF4281E007BB84A /* fileIcon.swift */,
				3AF9AEAD1FF5511A00840E8A /* isFilePDF.swift */,
				3ADD28CE1FFBC27800977905 /* DirectoryAction.swift */,
				3A397AF91FFD33DD00D46368 /* ConnectionResult.swift */,
				3A964E27207431E4003FFAEE /* ImageView.swift */,
			);
			path = Helpers;
			sourceTree = "<group>";
		};
		3AAF00ED1FF2D52300ECCA6F /* ViewControllers */ = {
			isa = PBXGroup;
			children = (
				3AF9AEAF1FF55C3200840E8A /* Classes */,
				3AF9AEB01FF55C4C00840E8A /* Interface Builder */,
			);
			path = ViewControllers;
			sourceTree = "<group>";
		};
		3ACF9ADD20409446006C3218 /* Pisth API Example */ = {
			isa = PBXGroup;
			children = (
				3ACF9ADE20409446006C3218 /* AppDelegate.swift */,
				3ACF9AE020409446006C3218 /* ViewController.swift */,
				3ACF9AE220409446006C3218 /* Main.storyboard */,
				3ACF9AE520409446006C3218 /* Assets.xcassets */,
				3ACF9AE720409446006C3218 /* LaunchScreen.storyboard */,
				3ACF9AEA20409446006C3218 /* Info.plist */,
			);
			path = "Pisth API Example";
			sourceTree = "<group>";
		};
		3ADDFEB920068E5500FA6ACD /* html */ = {
			isa = PBXGroup;
			children = (
				3AF9AE991FF53C3000840E8A /* Licenses.html */,
				3A1137662013C89700B860D0 /* ActionSheetPicker-3.0-Authors.html */,
			);
			name = html;
			sourceTree = "<group>";
		};
		3AF9AE981FF53BEA00840E8A /* Resources */ = {
			isa = PBXGroup;
			children = (
				3AFDD9101FF140FE0061677B /* Info.plist */,
				3A3A015B2007ADE900B5B655 /* langs.plist */,
				3A8A32AF2047574D00A38E89 /* OS */,
				3ADDFEB920068E5500FA6ACD /* html */,
				3AFDD90D1FF140FE0061677B /* LaunchScreen.storyboard */,
				3A7C919A2044972C006E0434 /* GoogleService-Info.plist */,
				3AFDD9161FF147860061677B /* Assets.xcassets */,
				3AFDD91C1FF152010061677B /* Pisth.xcdatamodeld */,
				3AEF1119201115850089389E /* empty */,
			);
			name = Resources;
			sourceTree = "<group>";
		};
		3AF9AEAF1FF55C3200840E8A /* Classes */ = {
			isa = PBXGroup;
			children = (
				3AFDD91A1FF14C1F0061677B /* BookmarksTableViewController.swift */,
				3A5A60E61FF1BB9F00E94579 /* DirectoryTableViewController.swift */,
				3AAF00E81FF2D00600ECCA6F /* LocalDirectoryTableViewController.swift */,
				3A8A32AB2046FD0C00A38E89 /* PluginsLocalDirectoryTableViewController.swift */,
				3AAF00EE1FF2DBE500ECCA6F /* EditTextViewController.swift */,
				3AF9AEA31FF5458200840E8A /* SettingsTableViewController.swift */,
				3AF9AEA91FF54C8B00840E8A /* ImageViewController.swift */,
				3A38FC531FF5719200690382 /* TerminalViewController.swift */,
				3AC623A91FF8175700B5D22A /* CommandsTableViewController.swift */,
				3AF50F141FFEEE43000F7B31 /* GitBranchesTableViewController.swift */,
				3A5733C01FFFD9BF004F4973 /* GitRemotesTableViewController.swift */,
				3A0E2920200A6BD8006FFF81 /* SourceControlTableViewController.swift */,
				3A897E1D201660E400B5C73C /* ArrowsViewController.swift */,
				3A5C41A320346EDB00E89C74 /* ThemesStoreViewController.swift */,
				3A5888B6205C73BF0002F9E1 /* ContributeViewController.swift */,
				3A729779205D5AF000F94BA7 /* BetaViewController.swift */,
			);
			path = Classes;
			sourceTree = "<group>";
		};
		3AF9AEB01FF55C4C00840E8A /* Interface Builder */ = {
			isa = PBXGroup;
			children = (
				3A61DEBA2066AE760002353B /* Connection Info.storyboard */,
				3AE8359E1FF2DCB30073D06E /* Code Editor.xib */,
				3AF9AEAA1FF54C8B00840E8A /* Image.xib */,
				3AF9AEA71FF5461300840E8A /* Settings.storyboard */,
				3A42FE222033B0300061A38B /* Themes Store.xib */,
				3A5733C21FFFDA02004F4973 /* Git.storyboard */,
				3A5888B4205C6BCD0002F9E1 /* Contribute.xib */,
				3A729777205D58B100F94BA7 /* Beta.xib */,
				3AD2F69920713FC10017F2EB /* Web.xib */,
			);
			path = "Interface Builder";
			sourceTree = "<group>";
		};
		3AFDD8F81FF140FD0061677B = {
			isa = PBXGroup;
			children = (
				3ACF9BEB2041C4AC006C3218 /* Pisth_Terminal.framework */,
				3ACF9B792041BB5B006C3218 /* Pisth_API.framework */,
				3ACF9B762041BB4C006C3218 /* Pisth_Shared.framework */,
				3AFDD9031FF140FE0061677B /* Pisth */,
				3ACF9ADD20409446006C3218 /* Pisth API Example */,
				3AFDD9021FF140FE0061677B /* Products */,
				2A2C0BF266D722E068E3424D /* Pods */,
				56249940C7FBF904B64CFA50 /* Frameworks */,
			);
			sourceTree = "<group>";
		};
		3AFDD9021FF140FE0061677B /* Products */ = {
			isa = PBXGroup;
			children = (
				3AFDD9011FF140FE0061677B /* Pisth.app */,
				3ACF9ADC20409446006C3218 /* Pisth API Example.app */,
			);
			name = Products;
			sourceTree = "<group>";
		};
		3AFDD9031FF140FE0061677B /* Pisth */ = {
			isa = PBXGroup;
			children = (
				3A665F2C2027505A0098C482 /* Singletons */,
				3A665F2D202751210098C482 /* Protocols */,
				3A665F2E202752560098C482 /* Views */,
				3AAF00ED1FF2D52300ECCA6F /* ViewControllers */,
				3AAF00EC1FF2D50D00ECCA6F /* Helpers */,
				3AF9AE981FF53BEA00840E8A /* Resources */,
			);
			path = Pisth;
			sourceTree = "<group>";
		};
		56249940C7FBF904B64CFA50 /* Frameworks */ = {
			isa = PBXGroup;
			children = (
				3A38DC402035D9980093A091 /* StoreKit.framework */,
				9F5574F1BD4D24D32463896F /* Pods_Pisth.framework */,
			);
			name = Frameworks;
			sourceTree = "<group>";
		};
/* End PBXGroup section */

/* Begin PBXNativeTarget section */
		3ACF9ADB20409446006C3218 /* Pisth API Example */ = {
			isa = PBXNativeTarget;
			buildConfigurationList = 3ACF9AEB20409446006C3218 /* Build configuration list for PBXNativeTarget "Pisth API Example" */;
			buildPhases = (
				3ACF9AD820409446006C3218 /* Sources */,
				3ACF9AD920409446006C3218 /* Frameworks */,
				3ACF9ADA20409446006C3218 /* Resources */,
				3ACF9AF2204094E4006C3218 /* Embed Frameworks */,
			);
			buildRules = (
			);
			dependencies = (
			);
			name = "Pisth API Example";
			productName = "Pisth API Example";
			productReference = 3ACF9ADC20409446006C3218 /* Pisth API Example.app */;
			productType = "com.apple.product-type.application";
		};
		3AFDD9001FF140FE0061677B /* Pisth */ = {
			isa = PBXNativeTarget;
			buildConfigurationList = 3AFDD9131FF140FE0061677B /* Build configuration list for PBXNativeTarget "Pisth" */;
			buildPhases = (
				4608AF53B420636B3889091F /* [CP] Check Pods Manifest.lock */,
				3AFDD8FD1FF140FE0061677B /* Sources */,
				3AFDD8FE1FF140FE0061677B /* Frameworks */,
				3AFDD8FF1FF140FE0061677B /* Resources */,
				F21CA456D2169C5D27312609 /* [CP] Embed Pods Frameworks */,
				C359C90E836AEDA0878550B8 /* [CP] Copy Pods Resources */,
				3ACF9B0A2041B300006C3218 /* Embed Frameworks */,
			);
			buildRules = (
			);
			dependencies = (
			);
			name = Pisth;
			productName = Pisth;
			productReference = 3AFDD9011FF140FE0061677B /* Pisth.app */;
			productType = "com.apple.product-type.application";
		};
/* End PBXNativeTarget section */

/* Begin PBXProject section */
		3AFDD8F91FF140FD0061677B /* Project object */ = {
			isa = PBXProject;
			attributes = {
				LastSwiftUpdateCheck = 0920;
				LastUpgradeCheck = 0910;
				ORGANIZATIONNAME = ADA;
				TargetAttributes = {
					3ACF9ADB20409446006C3218 = {
						CreatedOnToolsVersion = 9.2;
						ProvisioningStyle = Automatic;
					};
					3AFDD9001FF140FE0061677B = {
						CreatedOnToolsVersion = 9.1;
						ProvisioningStyle = Automatic;
						SystemCapabilities = {
							com.apple.BackgroundModes = {
								enabled = 1;
							};
							com.apple.InAppPurchase = {
								enabled = 1;
							};
						};
					};
				};
			};
			buildConfigurationList = 3AFDD8FC1FF140FD0061677B /* Build configuration list for PBXProject "Pisth" */;
			compatibilityVersion = "Xcode 8.0";
			developmentRegion = en;
			hasScannedForEncodings = 0;
			knownRegions = (
				en,
				Base,
			);
			mainGroup = 3AFDD8F81FF140FD0061677B;
			productRefGroup = 3AFDD9021FF140FE0061677B /* Products */;
			projectDirPath = "";
			projectRoot = "";
			targets = (
				3AFDD9001FF140FE0061677B /* Pisth */,
				3ACF9ADB20409446006C3218 /* Pisth API Example */,
			);
		};
/* End PBXProject section */

/* Begin PBXResourcesBuildPhase section */
		3ACF9ADA20409446006C3218 /* Resources */ = {
			isa = PBXResourcesBuildPhase;
			buildActionMask = 2147483647;
			files = (
				3ACF9AE920409446006C3218 /* LaunchScreen.storyboard in Resources */,
				3ACF9AE620409446006C3218 /* Assets.xcassets in Resources */,
				3ACF9AE420409446006C3218 /* Main.storyboard in Resources */,
			);
			runOnlyForDeploymentPostprocessing = 0;
		};
		3AFDD8FF1FF140FE0061677B /* Resources */ = {
			isa = PBXResourcesBuildPhase;
			buildActionMask = 2147483647;
			files = (
				3AFDD9171FF147860061677B /* Assets.xcassets in Resources */,
				3AFDD90F1FF140FE0061677B /* LaunchScreen.storyboard in Resources */,
				3AF9AEAC1FF54C8B00840E8A /* Image.xib in Resources */,
				3A41BA9120445A0300589627 /* Disconnected.xib in Resources */,
				3AF9AEA81FF5461300840E8A /* Settings.storyboard in Resources */,
				3A5733C31FFFDA02004F4973 /* Git.storyboard in Resources */,
				3AF9AE9A1FF53C3000840E8A /* Licenses.html in Resources */,
				3A3A015C2007ADE900B5B655 /* langs.plist in Resources */,
				3AA3FDBE2027549900C07C7A /* File Cell.xib in Resources */,
				3AEF111A201115850089389E /* empty in Resources */,
				3A729778205D58B100F94BA7 /* Beta.xib in Resources */,
				3AE8359F1FF2DCB30073D06E /* Code Editor.xib in Resources */,
				3A7C919B2044972C006E0434 /* GoogleService-Info.plist in Resources */,
				3AD7E0572049E8CC00834D59 /* amzn.png in Resources */,
				3A6D4F9D204C965900B3C7F9 /* Terminal Toolbar-White.xib in Resources */,
				3AD7E0582049E8CD00834D59 /* arch.png in Resources */,
				3AD7E0592049E8CF00834D59 /* centos.png in Resources */,
				3AD7E05D2049E8D500834D59 /* linux.png in Resources */,
				3AD7E05B2049E8D200834D59 /* debian.png in Resources */,
				3AD7E05E2049E8D600834D59 /* opensuse.png in Resources */,
				3AD7E05F2049E8D700834D59 /* raspbian.png in Resources */,
				3AD7E05C2049E8D300834D59 /* fedora.png in Resources */,
				3AD7E0612049E8DA00834D59 /* slackware.png in Resources */,
				3AD7E0622049E8DB00834D59 /* sles.png in Resources */,
				3AD7E0602049E8D900834D59 /* rhel.png in Resources */,
				3A1137672013C89700B860D0 /* ActionSheetPicker-3.0-Authors.html in Resources */,
				3AD7E0632049E8DD00834D59 /* ubuntu.png in Resources */,
				3AD7E05A2049E8D000834D59 /* darwin.png in Resources */,
				3A89B5BE2037777600B750D9 /* Terminal Toolbar-Black.xib in Resources */,
				3A5888B5205C6BCD0002F9E1 /* Contribute.xib in Resources */,
				3AD2F69A20713FC10017F2EB /* Web.xib in Resources */,
				3A42FE232033B0300061A38B /* Themes Store.xib in Resources */,
				3A61DEBB2066AE760002353B /* Connection Info.storyboard in Resources */,
			);
			runOnlyForDeploymentPostprocessing = 0;
		};
/* End PBXResourcesBuildPhase section */

/* Begin PBXShellScriptBuildPhase section */
		4608AF53B420636B3889091F /* [CP] Check Pods Manifest.lock */ = {
			isa = PBXShellScriptBuildPhase;
			buildActionMask = 2147483647;
			files = (
			);
			inputPaths = (
			);
			name = "[CP] Check Pods Manifest.lock";
			outputPaths = (
			);
			runOnlyForDeploymentPostprocessing = 0;
			shellPath = /bin/sh;
			shellScript = "diff \"${PODS_ROOT}/../Podfile.lock\" \"${PODS_ROOT}/Manifest.lock\" > /dev/null\nif [ $? != 0 ] ; then\n    # print error to STDERR\n    echo \"error: The sandbox is not in sync with the Podfile.lock. Run 'pod install' or update your CocoaPods installation.\" >&2\n    exit 1\nfi\n";
			showEnvVarsInLog = 0;
		};
		C359C90E836AEDA0878550B8 /* [CP] Copy Pods Resources */ = {
			isa = PBXShellScriptBuildPhase;
			buildActionMask = 2147483647;
			files = (
			);
			inputPaths = (
			);
			name = "[CP] Copy Pods Resources";
			outputPaths = (
			);
			runOnlyForDeploymentPostprocessing = 0;
			shellPath = /bin/sh;
			shellScript = "\"${SRCROOT}/Pods/Target Support Files/Pods-Pisth/Pods-Pisth-resources.sh\"\n";
			showEnvVarsInLog = 0;
		};
		F21CA456D2169C5D27312609 /* [CP] Embed Pods Frameworks */ = {
			isa = PBXShellScriptBuildPhase;
			buildActionMask = 2147483647;
			files = (
			);
			inputPaths = (
			);
			name = "[CP] Embed Pods Frameworks";
			outputPaths = (
			);
			runOnlyForDeploymentPostprocessing = 0;
			shellPath = /bin/sh;
			shellScript = "\"${SRCROOT}/Pods/Target Support Files/Pods-Pisth/Pods-Pisth-frameworks.sh\"\n";
			showEnvVarsInLog = 0;
		};
/* End PBXShellScriptBuildPhase section */

/* Begin PBXSourcesBuildPhase section */
		3ACF9AD820409446006C3218 /* Sources */ = {
			isa = PBXSourcesBuildPhase;
			buildActionMask = 2147483647;
			files = (
				3ACF9AE120409446006C3218 /* ViewController.swift in Sources */,
				3ACF9ADF20409446006C3218 /* AppDelegate.swift in Sources */,
			);
			runOnlyForDeploymentPostprocessing = 0;
		};
		3AFDD8FD1FF140FE0061677B /* Sources */ = {
			isa = PBXSourcesBuildPhase;
			buildActionMask = 2147483647;
			files = (
				3AAF00EF1FF2DBE500ECCA6F /* EditTextViewController.swift in Sources */,
				3A964E2620743192003FFAEE /* UIView+ignoresInvertColors.swift in Sources */,
				3AFDD9051FF140FE0061677B /* AppDelegate.swift in Sources */,
				3A397AFA1FFD33DD00D46368 /* ConnectionResult.swift in Sources */,
				3A487CEA1FF99E6A00552B93 /* BookmarksTableViewControllerDelegate.swift in Sources */,
				3A0E2921200A6BD8006FFF81 /* SourceControlTableViewController.swift in Sources */,
				3AA117F71FF4281E007BB84A /* fileIcon.swift in Sources */,
				3A38FC541FF5719200690382 /* TerminalViewController.swift in Sources */,
				3AFC349A2003E19400E32F17 /* Bool+inverted.swift in Sources */,
				3AA3FDBD2027549900C07C7A /* FileTableViewCell.swift in Sources */,
				3AC623AA1FF8175700B5D22A /* CommandsTableViewController.swift in Sources */,
				3A5888B7205C73BF0002F9E1 /* ContributeViewController.swift in Sources */,
				3A964E28207431E4003FFAEE /* ImageView.swift in Sources */,
				3A8A32AC2046FD0C00A38E89 /* PluginsLocalDirectoryTableViewController.swift in Sources */,
				3A72977A205D5AF000F94BA7 /* BetaViewController.swift in Sources */,
				3A5A60DE1FF1B4A200E94579 /* ConnectionManager.swift in Sources */,
				3AFDD91B1FF14C1F0061677B /* BookmarksTableViewController.swift in Sources */,
				3ACF9AC1204079A9006C3218 /* AppAction.swift in Sources */,
				3AAF00E91FF2D00600ECCA6F /* LocalDirectoryTableViewController.swift in Sources */,
				3AFDD91E1FF152010061677B /* Pisth.xcdatamodeld in Sources */,
				3A487CE81FF99B4600552B93 /* DirectoryTableViewControllerDelegate.swift in Sources */,
				3A38DC432035DD480093A091 /* PurchaseHelper.swift in Sources */,
				3A72977E205D612700F94BA7 /* UIApplication+isBeta.swift in Sources */,
				3AF9AEA51FF5458200840E8A /* SettingsTableViewController.swift in Sources */,
				3AAF00EB1FF2D4F400ECCA6F /* FIleManager.swift in Sources */,
				3ADD28CB1FFAFC3900977905 /* Pasteboard.swift in Sources */,
				3A60970C203B1F5600CB0776 /* TerminalWebView.swift in Sources */,
				3AF50F151FFEEE43000F7B31 /* GitBranchesTableViewController.swift in Sources */,
				3A5733C11FFFD9BF004F4973 /* GitRemotesTableViewController.swift in Sources */,
				3AA117F11FF414CA007BB84A /* LocalDirectoryTableViewControllerDelegate.swift in Sources */,
				3A72977C205D5F4A00F94BA7 /* UIDevice+modelName.swift in Sources */,
				3A843EED202A64030096632E /* ReviewHelper.swift in Sources */,
				3A5C41A420346EDB00E89C74 /* ThemesStoreViewController.swift in Sources */,
				3A5888B1205C62540002F9E1 /* UIViewController.swift in Sources */,
				3ADD28CF1FFBC27800977905 /* DirectoryAction.swift in Sources */,
				3A5888B3205C64CB0002F9E1 /* UIView.swift in Sources */,
				3ACF9AC320408A9C006C3218 /* LocalDirectoryTableViewControllerStaticDelegate.swift in Sources */,
				3A89B5C02037793D00B750D9 /* UIButton.swift in Sources */,
				3A5A60E71FF1BB9F00E94579 /* DirectoryTableViewController.swift in Sources */,
				3AF9AEAE1FF5511A00840E8A /* isFilePDF.swift in Sources */,
				3A89B5BC2037760D00B750D9 /* UIImage.swift in Sources */,
				3AF9AEAB1FF54C8B00840E8A /* ImageViewController.swift in Sources */,
				3AA117F31FF417BF007BB84A /* UINavigationController.swift in Sources */,
				3A2258911FF6A850001B9710 /* Reachability.swift in Sources */,
				3A897E1E201660E400B5C73C /* ArrowsViewController.swift in Sources */,
				3AA117F51FF4257A007BB84A /* SaveFile.swift in Sources */,
			);
			runOnlyForDeploymentPostprocessing = 0;
		};
/* End PBXSourcesBuildPhase section */

/* Begin PBXVariantGroup section */
		3ACF9AE220409446006C3218 /* Main.storyboard */ = {
			isa = PBXVariantGroup;
			children = (
				3ACF9AE320409446006C3218 /* Base */,
			);
			name = Main.storyboard;
			sourceTree = "<group>";
		};
		3ACF9AE720409446006C3218 /* LaunchScreen.storyboard */ = {
			isa = PBXVariantGroup;
			children = (
				3ACF9AE820409446006C3218 /* Base */,
			);
			name = LaunchScreen.storyboard;
			sourceTree = "<group>";
		};
		3AFDD90D1FF140FE0061677B /* LaunchScreen.storyboard */ = {
			isa = PBXVariantGroup;
			children = (
				3AFDD90E1FF140FE0061677B /* Base */,
			);
			name = LaunchScreen.storyboard;
			sourceTree = "<group>";
		};
/* End PBXVariantGroup section */

/* Begin XCBuildConfiguration section */
		3ACF9AEC20409446006C3218 /* Debug */ = {
			isa = XCBuildConfiguration;
			buildSettings = {
				ASSETCATALOG_COMPILER_APPICON_NAME = AppIcon;
				CODE_SIGN_STYLE = Automatic;
				DEVELOPMENT_TEAM = Y96PL6G497;
				INFOPLIST_FILE = "Pisth API Example/Info.plist";
				IPHONEOS_DEPLOYMENT_TARGET = 11.2;
				LD_RUNPATH_SEARCH_PATHS = "$(inherited) @executable_path/Frameworks";
				PRODUCT_BUNDLE_IDENTIFIER = "ch.ada.Pisth-API-Example";
				PRODUCT_NAME = "$(TARGET_NAME)";
				SWIFT_VERSION = 4.0;
				TARGETED_DEVICE_FAMILY = "1,2";
			};
			name = Debug;
		};
		3ACF9AED20409446006C3218 /* Release */ = {
			isa = XCBuildConfiguration;
			buildSettings = {
				ASSETCATALOG_COMPILER_APPICON_NAME = AppIcon;
				CODE_SIGN_STYLE = Automatic;
				DEVELOPMENT_TEAM = Y96PL6G497;
				INFOPLIST_FILE = "Pisth API Example/Info.plist";
				IPHONEOS_DEPLOYMENT_TARGET = 11.2;
				LD_RUNPATH_SEARCH_PATHS = "$(inherited) @executable_path/Frameworks";
				PRODUCT_BUNDLE_IDENTIFIER = "ch.ada.Pisth-API-Example";
				PRODUCT_NAME = "$(TARGET_NAME)";
				SWIFT_VERSION = 4.0;
				TARGETED_DEVICE_FAMILY = "1,2";
			};
			name = Release;
		};
		3AFDD9111FF140FE0061677B /* Debug */ = {
			isa = XCBuildConfiguration;
			buildSettings = {
				ALWAYS_SEARCH_USER_PATHS = NO;
				CLANG_ANALYZER_NONNULL = YES;
				CLANG_ANALYZER_NUMBER_OBJECT_CONVERSION = YES_AGGRESSIVE;
				CLANG_CXX_LANGUAGE_STANDARD = "gnu++14";
				CLANG_CXX_LIBRARY = "libc++";
				CLANG_ENABLE_MODULES = YES;
				CLANG_ENABLE_OBJC_ARC = YES;
				CLANG_WARN_BLOCK_CAPTURE_AUTORELEASING = YES;
				CLANG_WARN_BOOL_CONVERSION = YES;
				CLANG_WARN_COMMA = YES;
				CLANG_WARN_CONSTANT_CONVERSION = YES;
				CLANG_WARN_DIRECT_OBJC_ISA_USAGE = YES_ERROR;
				CLANG_WARN_DOCUMENTATION_COMMENTS = YES;
				CLANG_WARN_EMPTY_BODY = YES;
				CLANG_WARN_ENUM_CONVERSION = YES;
				CLANG_WARN_INFINITE_RECURSION = YES;
				CLANG_WARN_INT_CONVERSION = YES;
				CLANG_WARN_NON_LITERAL_NULL_CONVERSION = YES;
				CLANG_WARN_OBJC_LITERAL_CONVERSION = YES;
				CLANG_WARN_OBJC_ROOT_CLASS = YES_ERROR;
				CLANG_WARN_RANGE_LOOP_ANALYSIS = YES;
				CLANG_WARN_STRICT_PROTOTYPES = YES;
				CLANG_WARN_SUSPICIOUS_MOVE = YES;
				CLANG_WARN_UNGUARDED_AVAILABILITY = YES_AGGRESSIVE;
				CLANG_WARN_UNREACHABLE_CODE = YES;
				CLANG_WARN__DUPLICATE_METHOD_MATCH = YES;
				CODE_SIGN_IDENTITY = "iPhone Developer";
				COPY_PHASE_STRIP = NO;
				DEBUG_INFORMATION_FORMAT = dwarf;
				ENABLE_STRICT_OBJC_MSGSEND = YES;
				ENABLE_TESTABILITY = YES;
				GCC_C_LANGUAGE_STANDARD = gnu11;
				GCC_DYNAMIC_NO_PIC = NO;
				GCC_NO_COMMON_BLOCKS = YES;
				GCC_OPTIMIZATION_LEVEL = 0;
				GCC_PREPROCESSOR_DEFINITIONS = (
					"DEBUG=1",
					"$(inherited)",
				);
				GCC_WARN_64_TO_32_BIT_CONVERSION = YES;
				GCC_WARN_ABOUT_RETURN_TYPE = YES_ERROR;
				GCC_WARN_UNDECLARED_SELECTOR = YES;
				GCC_WARN_UNINITIALIZED_AUTOS = YES_AGGRESSIVE;
				GCC_WARN_UNUSED_FUNCTION = YES;
				GCC_WARN_UNUSED_VARIABLE = YES;
				IPHONEOS_DEPLOYMENT_TARGET = 11.1;
				MTL_ENABLE_DEBUG_INFO = YES;
				ONLY_ACTIVE_ARCH = YES;
				SDKROOT = iphoneos;
				SWIFT_ACTIVE_COMPILATION_CONDITIONS = DEBUG;
				SWIFT_OPTIMIZATION_LEVEL = "-Onone";
			};
			name = Debug;
		};
		3AFDD9121FF140FE0061677B /* Release */ = {
			isa = XCBuildConfiguration;
			buildSettings = {
				ALWAYS_SEARCH_USER_PATHS = NO;
				CLANG_ANALYZER_NONNULL = YES;
				CLANG_ANALYZER_NUMBER_OBJECT_CONVERSION = YES_AGGRESSIVE;
				CLANG_CXX_LANGUAGE_STANDARD = "gnu++14";
				CLANG_CXX_LIBRARY = "libc++";
				CLANG_ENABLE_MODULES = YES;
				CLANG_ENABLE_OBJC_ARC = YES;
				CLANG_WARN_BLOCK_CAPTURE_AUTORELEASING = YES;
				CLANG_WARN_BOOL_CONVERSION = YES;
				CLANG_WARN_COMMA = YES;
				CLANG_WARN_CONSTANT_CONVERSION = YES;
				CLANG_WARN_DIRECT_OBJC_ISA_USAGE = YES_ERROR;
				CLANG_WARN_DOCUMENTATION_COMMENTS = YES;
				CLANG_WARN_EMPTY_BODY = YES;
				CLANG_WARN_ENUM_CONVERSION = YES;
				CLANG_WARN_INFINITE_RECURSION = YES;
				CLANG_WARN_INT_CONVERSION = YES;
				CLANG_WARN_NON_LITERAL_NULL_CONVERSION = YES;
				CLANG_WARN_OBJC_LITERAL_CONVERSION = YES;
				CLANG_WARN_OBJC_ROOT_CLASS = YES_ERROR;
				CLANG_WARN_RANGE_LOOP_ANALYSIS = YES;
				CLANG_WARN_STRICT_PROTOTYPES = YES;
				CLANG_WARN_SUSPICIOUS_MOVE = YES;
				CLANG_WARN_UNGUARDED_AVAILABILITY = YES_AGGRESSIVE;
				CLANG_WARN_UNREACHABLE_CODE = YES;
				CLANG_WARN__DUPLICATE_METHOD_MATCH = YES;
				CODE_SIGN_IDENTITY = "iPhone Developer";
				COPY_PHASE_STRIP = NO;
				DEBUG_INFORMATION_FORMAT = "dwarf-with-dsym";
				ENABLE_NS_ASSERTIONS = NO;
				ENABLE_STRICT_OBJC_MSGSEND = YES;
				GCC_C_LANGUAGE_STANDARD = gnu11;
				GCC_NO_COMMON_BLOCKS = YES;
				GCC_WARN_64_TO_32_BIT_CONVERSION = YES;
				GCC_WARN_ABOUT_RETURN_TYPE = YES_ERROR;
				GCC_WARN_UNDECLARED_SELECTOR = YES;
				GCC_WARN_UNINITIALIZED_AUTOS = YES_AGGRESSIVE;
				GCC_WARN_UNUSED_FUNCTION = YES;
				GCC_WARN_UNUSED_VARIABLE = YES;
				IPHONEOS_DEPLOYMENT_TARGET = 11.1;
				MTL_ENABLE_DEBUG_INFO = NO;
				SDKROOT = iphoneos;
				SWIFT_OPTIMIZATION_LEVEL = "-Owholemodule";
				VALIDATE_PRODUCT = YES;
			};
			name = Release;
		};
		3AFDD9141FF140FE0061677B /* Debug */ = {
			isa = XCBuildConfiguration;
			baseConfigurationReference = D751325DE74D3465BA4BA8DD /* Pods-Pisth.debug.xcconfig */;
			buildSettings = {
				ASSETCATALOG_COMPILER_APPICON_NAME = AppIcon;
				CODE_SIGN_IDENTITY = "iPhone Distribution";
				"CODE_SIGN_IDENTITY[sdk=iphoneos*]" = "iPhone Developer";
				CODE_SIGN_STYLE = Automatic;
				DEBUG_INFORMATION_FORMAT = "dwarf-with-dsym";
				DEVELOPMENT_TEAM = Y96PL6G497;
				INFOPLIST_FILE = Pisth/Info.plist;
				IPHONEOS_DEPLOYMENT_TARGET = 11.0;
				LD_RUNPATH_SEARCH_PATHS = "$(inherited) @executable_path/Frameworks";
				PRODUCT_BUNDLE_IDENTIFIER = ch.marcela.ada.Pisth;
				PRODUCT_NAME = "$(TARGET_NAME)";
				PROVISIONING_PROFILE_SPECIFIER = "";
				SWIFT_VERSION = 4.0;
				TARGETED_DEVICE_FAMILY = "1,2";
			};
			name = Debug;
		};
		3AFDD9151FF140FE0061677B /* Release */ = {
			isa = XCBuildConfiguration;
			baseConfigurationReference = D7D1701FA780948313EFDD2E /* Pods-Pisth.release.xcconfig */;
			buildSettings = {
				ASSETCATALOG_COMPILER_APPICON_NAME = AppIcon;
				CODE_SIGN_IDENTITY = "iPhone Distribution";
				"CODE_SIGN_IDENTITY[sdk=iphoneos*]" = "iPhone Developer";
				CODE_SIGN_STYLE = Automatic;
				DEVELOPMENT_TEAM = Y96PL6G497;
				INFOPLIST_FILE = Pisth/Info.plist;
				IPHONEOS_DEPLOYMENT_TARGET = 11.0;
				LD_RUNPATH_SEARCH_PATHS = "$(inherited) @executable_path/Frameworks";
				PRODUCT_BUNDLE_IDENTIFIER = ch.marcela.ada.Pisth;
				PRODUCT_NAME = "$(TARGET_NAME)";
				PROVISIONING_PROFILE_SPECIFIER = "";
				SWIFT_VERSION = 4.0;
				TARGETED_DEVICE_FAMILY = "1,2";
			};
			name = Release;
		};
/* End XCBuildConfiguration section */

/* Begin XCConfigurationList section */
		3ACF9AEB20409446006C3218 /* Build configuration list for PBXNativeTarget "Pisth API Example" */ = {
			isa = XCConfigurationList;
			buildConfigurations = (
				3ACF9AEC20409446006C3218 /* Debug */,
				3ACF9AED20409446006C3218 /* Release */,
			);
			defaultConfigurationIsVisible = 0;
			defaultConfigurationName = Release;
		};
		3AFDD8FC1FF140FD0061677B /* Build configuration list for PBXProject "Pisth" */ = {
			isa = XCConfigurationList;
			buildConfigurations = (
				3AFDD9111FF140FE0061677B /* Debug */,
				3AFDD9121FF140FE0061677B /* Release */,
			);
			defaultConfigurationIsVisible = 0;
			defaultConfigurationName = Release;
		};
		3AFDD9131FF140FE0061677B /* Build configuration list for PBXNativeTarget "Pisth" */ = {
			isa = XCConfigurationList;
			buildConfigurations = (
				3AFDD9141FF140FE0061677B /* Debug */,
				3AFDD9151FF140FE0061677B /* Release */,
			);
			defaultConfigurationIsVisible = 0;
			defaultConfigurationName = Release;
		};
/* End XCConfigurationList section */

/* Begin XCVersionGroup section */
		3AFDD91C1FF152010061677B /* Pisth.xcdatamodeld */ = {
			isa = XCVersionGroup;
			children = (
				3AFDD91D1FF152010061677B /* Pisth.xcdatamodel */,
			);
			currentVersion = 3AFDD91D1FF152010061677B /* Pisth.xcdatamodel */;
			path = Pisth.xcdatamodeld;
			sourceTree = "<group>";
			versionGroupType = wrapper.xcdatamodel;
		};
/* End XCVersionGroup section */
	};
	rootObject = 3AFDD8F91FF140FD0061677B /* Project object */;
}
