// !$*UTF8*$!
{
	archiveVersion = 1;
	classes = {
	};
	objectVersion = 48;
	objects = {

/* Begin PBXBuildFile section */
		3A050CCF1FF81E2400364306 /* ShellStartup.swift in Sources */ = {isa = PBXBuildFile; fileRef = 3A050CCE1FF81E2400364306 /* ShellStartup.swift */; };
		3A0AA6372024F4CE00603142 /* BooleanInputView.xib in Resources */ = {isa = PBXBuildFile; fileRef = 3A0AA6362024F4C300603142 /* BooleanInputView.xib */; };
		3A0E2921200A6BD8006FFF81 /* SourceControlTableViewController.swift in Sources */ = {isa = PBXBuildFile; fileRef = 3A0E2920200A6BD8006FFF81 /* SourceControlTableViewController.swift */; };
		3A1137672013C89700B860D0 /* ActionSheetPicker-3.0-Authors.html in Resources */ = {isa = PBXBuildFile; fileRef = 3A1137662013C89700B860D0 /* ActionSheetPicker-3.0-Authors.html */; };
		3A2258911FF6A850001B9710 /* Reachability.swift in Sources */ = {isa = PBXBuildFile; fileRef = 3A2258901FF6A850001B9710 /* Reachability.swift */; };
		3A2837412017D5A200D157A0 /* BooleanInputView.swift in Sources */ = {isa = PBXBuildFile; fileRef = 3A2837402017D5A200D157A0 /* BooleanInputView.swift */; };
		3A288B581FF6810E008C523A /* String.swift in Sources */ = {isa = PBXBuildFile; fileRef = 3A288B571FF6810E008C523A /* String.swift */; };
		3A36DFA020012D520089039F /* xterm.css in Resources */ = {isa = PBXBuildFile; fileRef = 3A36DF9E20012D500089039F /* xterm.css */; };
		3A36DFA120012D520089039F /* xterm.js in Resources */ = {isa = PBXBuildFile; fileRef = 3A36DF9F20012D510089039F /* xterm.js */; };
		3A38FC501FF56AA800690382 /* terminal.html in Resources */ = {isa = PBXBuildFile; fileRef = 3A38FC4F1FF56AA800690382 /* terminal.html */; };
		3A38FC541FF5719200690382 /* TerminalViewController.swift in Sources */ = {isa = PBXBuildFile; fileRef = 3A38FC531FF5719200690382 /* TerminalViewController.swift */; };
		3A397AFA1FFD33DD00D46368 /* ConnectionResult.swift in Sources */ = {isa = PBXBuildFile; fileRef = 3A397AF91FFD33DD00D46368 /* ConnectionResult.swift */; };
		3A3A015C2007ADE900B5B655 /* langs.plist in Resources */ = {isa = PBXBuildFile; fileRef = 3A3A015B2007ADE900B5B655 /* langs.plist */; };
		3A43ECE51FF6DD4F00C9FA14 /* Keys.swift in Sources */ = {isa = PBXBuildFile; fileRef = 3A43ECE41FF6DD4F00C9FA14 /* Keys.swift */; };
		3A4801B32028D4900069379B /* TerminalInfo.swift in Sources */ = {isa = PBXBuildFile; fileRef = 3A4801B22028D48F0069379B /* TerminalInfo.swift */; };
		3A4801B42028D4900069379B /* TerminalInfo.swift in Sources */ = {isa = PBXBuildFile; fileRef = 3A4801B22028D48F0069379B /* TerminalInfo.swift */; };
		3A4801B52028D86E0069379B /* Keys.swift in Sources */ = {isa = PBXBuildFile; fileRef = 3A43ECE41FF6DD4F00C9FA14 /* Keys.swift */; };
		3A4801B62028D8820069379B /* String.swift in Sources */ = {isa = PBXBuildFile; fileRef = 3A288B571FF6810E008C523A /* String.swift */; };
		3A4801BD2029F8E50069379B /* Licenses.html in Resources */ = {isa = PBXBuildFile; fileRef = 3A4801BB2029F8E50069379B /* Licenses.html */; };
		3A487CE81FF99B4600552B93 /* DirectoryTableViewControllerDelegate.swift in Sources */ = {isa = PBXBuildFile; fileRef = 3A487CE71FF99B4600552B93 /* DirectoryTableViewControllerDelegate.swift */; };
		3A487CEA1FF99E6A00552B93 /* BookmarksTableViewControllerDelegate.swift in Sources */ = {isa = PBXBuildFile; fileRef = 3A487CE91FF99E6A00552B93 /* BookmarksTableViewControllerDelegate.swift */; };
		3A5733C11FFFD9BF004F4973 /* GitRemotesTableViewController.swift in Sources */ = {isa = PBXBuildFile; fileRef = 3A5733C01FFFD9BF004F4973 /* GitRemotesTableViewController.swift */; };
		3A5733C31FFFDA02004F4973 /* Git.storyboard in Resources */ = {isa = PBXBuildFile; fileRef = 3A5733C21FFFDA02004F4973 /* Git.storyboard */; };
		3A5A60DE1FF1B4A200E94579 /* ConnectionManager.swift in Sources */ = {isa = PBXBuildFile; fileRef = 3A5A60DD1FF1B4A200E94579 /* ConnectionManager.swift */; };
		3A5A60E71FF1BB9F00E94579 /* DirectoryTableViewController.swift in Sources */ = {isa = PBXBuildFile; fileRef = 3A5A60E61FF1BB9F00E94579 /* DirectoryTableViewController.swift */; };
		3A843EED202A64030096632E /* ReviewHelper.swift in Sources */ = {isa = PBXBuildFile; fileRef = 3A843EEC202A64030096632E /* ReviewHelper.swift */; };
		3A897E1E201660E400B5C73C /* ArrowsViewController.swift in Sources */ = {isa = PBXBuildFile; fileRef = 3A897E1D201660E400B5C73C /* ArrowsViewController.swift */; };
		3AA117F11FF414CA007BB84A /* LocalDirectoryTableViewControllerDelegate.swift in Sources */ = {isa = PBXBuildFile; fileRef = 3AA117F01FF414CA007BB84A /* LocalDirectoryTableViewControllerDelegate.swift */; };
		3AA117F31FF417BF007BB84A /* UINavigationController.swift in Sources */ = {isa = PBXBuildFile; fileRef = 3AA117F21FF417BF007BB84A /* UINavigationController.swift */; };
		3AA117F51FF4257A007BB84A /* SaveFile.swift in Sources */ = {isa = PBXBuildFile; fileRef = 3AA117F41FF4257A007BB84A /* SaveFile.swift */; };
		3AA117F71FF4281E007BB84A /* fileIcon.swift in Sources */ = {isa = PBXBuildFile; fileRef = 3AA117F61FF4281E007BB84A /* fileIcon.swift */; };
		3AA3FDBD2027549900C07C7A /* FileTableViewCell.swift in Sources */ = {isa = PBXBuildFile; fileRef = 3AA3FDBB2027549700C07C7A /* FileTableViewCell.swift */; };
		3AA3FDBE2027549900C07C7A /* FileTableViewCell.xib in Resources */ = {isa = PBXBuildFile; fileRef = 3AA3FDBC2027549800C07C7A /* FileTableViewCell.xib */; };
		3AA3FDC920275E9200C07C7A /* PisthViewerAppDelegate.swift in Sources */ = {isa = PBXBuildFile; fileRef = 3AA3FDC820275E9200C07C7A /* PisthViewerAppDelegate.swift */; };
		3AA3FDCB20275E9200C07C7A /* Assets.xcassets in Resources */ = {isa = PBXBuildFile; fileRef = 3AA3FDCA20275E9200C07C7A /* Assets.xcassets */; };
		3AA3FDCE20275E9200C07C7A /* MainMenu.xib in Resources */ = {isa = PBXBuildFile; fileRef = 3AA3FDCC20275E9200C07C7A /* MainMenu.xib */; };
		3AA3FDD52027781800C07C7A /* xterm.css in Resources */ = {isa = PBXBuildFile; fileRef = 3A36DF9E20012D500089039F /* xterm.css */; };
		3AA3FDD62027781B00C07C7A /* xterm.js in Resources */ = {isa = PBXBuildFile; fileRef = 3A36DF9F20012D510089039F /* xterm.js */; };
		3AA3FDD72027781D00C07C7A /* terminal.html in Resources */ = {isa = PBXBuildFile; fileRef = 3A38FC4F1FF56AA800690382 /* terminal.html */; };
		3AAF00E91FF2D00600ECCA6F /* LocalDirectoryTableViewController.swift in Sources */ = {isa = PBXBuildFile; fileRef = 3AAF00E81FF2D00600ECCA6F /* LocalDirectoryTableViewController.swift */; };
		3AAF00EB1FF2D4F400ECCA6F /* FIleManager+documents.swift in Sources */ = {isa = PBXBuildFile; fileRef = 3AAF00EA1FF2D4F400ECCA6F /* FIleManager+documents.swift */; };
		3AAF00EF1FF2DBE500ECCA6F /* EditTextViewController.swift in Sources */ = {isa = PBXBuildFile; fileRef = 3AAF00EE1FF2DBE500ECCA6F /* EditTextViewController.swift */; };
		3AC623AA1FF8175700B5D22A /* CommandsTableViewController.swift in Sources */ = {isa = PBXBuildFile; fileRef = 3AC623A91FF8175700B5D22A /* CommandsTableViewController.swift */; };
		3ADD28CB1FFAFC3900977905 /* Pasteboard.swift in Sources */ = {isa = PBXBuildFile; fileRef = 3ADD28CA1FFAFC3900977905 /* Pasteboard.swift */; };
		3ADD28CF1FFBC27800977905 /* RemoteDirectoryAction.swift in Sources */ = {isa = PBXBuildFile; fileRef = 3ADD28CE1FFBC27800977905 /* RemoteDirectoryAction.swift */; };
		3AE8359F1FF2DCB30073D06E /* EditTextViewController.xib in Resources */ = {isa = PBXBuildFile; fileRef = 3AE8359E1FF2DCB30073D06E /* EditTextViewController.xib */; };
		3AE835A11FF2DE350073D06E /* WebViewController.xib in Resources */ = {isa = PBXBuildFile; fileRef = 3AE835A01FF2DE350073D06E /* WebViewController.xib */; };
		3AEC433A1FF2F18B0066BC33 /* ActivityViewController.swift in Sources */ = {isa = PBXBuildFile; fileRef = 3AEC43391FF2F18B0066BC33 /* ActivityViewController.swift */; };
		3AEF111A201115850089389E /* empty in Resources */ = {isa = PBXBuildFile; fileRef = 3AEF1119201115850089389E /* empty */; };
		3AF50F151FFEEE43000F7B31 /* GitBranchesTableViewController.swift in Sources */ = {isa = PBXBuildFile; fileRef = 3AF50F141FFEEE43000F7B31 /* GitBranchesTableViewController.swift */; };
		3AF9AE9A1FF53C3000840E8A /* Licenses.html in Resources */ = {isa = PBXBuildFile; fileRef = 3AF9AE991FF53C3000840E8A /* Licenses.html */; };
		3AF9AE9C1FF53E5700840E8A /* WebViewController.swift in Sources */ = {isa = PBXBuildFile; fileRef = 3AF9AE9B1FF53E5700840E8A /* WebViewController.swift */; };
		3AF9AEA51FF5458200840E8A /* SettingsTableViewController.swift in Sources */ = {isa = PBXBuildFile; fileRef = 3AF9AEA31FF5458200840E8A /* SettingsTableViewController.swift */; };
		3AF9AEA81FF5461300840E8A /* SettingsTableViewController.storyboard in Resources */ = {isa = PBXBuildFile; fileRef = 3AF9AEA71FF5461300840E8A /* SettingsTableViewController.storyboard */; };
		3AF9AEAB1FF54C8B00840E8A /* ImageViewController.swift in Sources */ = {isa = PBXBuildFile; fileRef = 3AF9AEA91FF54C8B00840E8A /* ImageViewController.swift */; };
		3AF9AEAC1FF54C8B00840E8A /* ImageViewController.xib in Resources */ = {isa = PBXBuildFile; fileRef = 3AF9AEAA1FF54C8B00840E8A /* ImageViewController.xib */; };
		3AF9AEAE1FF5511A00840E8A /* isFilePDF.swift in Sources */ = {isa = PBXBuildFile; fileRef = 3AF9AEAD1FF5511A00840E8A /* isFilePDF.swift */; };
		3AFC349A2003E19400E32F17 /* Bool+inverted.swift in Sources */ = {isa = PBXBuildFile; fileRef = 3AFC34992003E19400E32F17 /* Bool+inverted.swift */; };
		3AFDD9051FF140FE0061677B /* AppDelegate.swift in Sources */ = {isa = PBXBuildFile; fileRef = 3AFDD9041FF140FE0061677B /* AppDelegate.swift */; };
		3AFDD90F1FF140FE0061677B /* LaunchScreen.storyboard in Resources */ = {isa = PBXBuildFile; fileRef = 3AFDD90D1FF140FE0061677B /* LaunchScreen.storyboard */; };
		3AFDD9171FF147860061677B /* Assets.xcassets in Resources */ = {isa = PBXBuildFile; fileRef = 3AFDD9161FF147860061677B /* Assets.xcassets */; };
		3AFDD91B1FF14C1F0061677B /* BookmarksTableViewController.swift in Sources */ = {isa = PBXBuildFile; fileRef = 3AFDD91A1FF14C1F0061677B /* BookmarksTableViewController.swift */; };
		3AFDD91E1FF152010061677B /* Pisth.xcdatamodeld in Sources */ = {isa = PBXBuildFile; fileRef = 3AFDD91C1FF152010061677B /* Pisth.xcdatamodeld */; };
		3AFDD9201FF1541E0061677B /* RemoteConnection.swift in Sources */ = {isa = PBXBuildFile; fileRef = 3AFDD91F1FF1541E0061677B /* RemoteConnection.swift */; };
		3AFF2EF41FF199AC004D2D9D /* DataManager.swift in Sources */ = {isa = PBXBuildFile; fileRef = 3AFF2EF31FF199AC004D2D9D /* DataManager.swift */; };
		E6019D50D0EABA90DF0A9142 /* Pods_Pisth.framework in Frameworks */ = {isa = PBXBuildFile; fileRef = 9F5574F1BD4D24D32463896F /* Pods_Pisth.framework */; };
/* End PBXBuildFile section */

/* Begin PBXFileReference section */
		3A050CCE1FF81E2400364306 /* ShellStartup.swift */ = {isa = PBXFileReference; lastKnownFileType = sourcecode.swift; path = ShellStartup.swift; sourceTree = "<group>"; };
		3A0AA6362024F4C300603142 /* BooleanInputView.xib */ = {isa = PBXFileReference; fileEncoding = 4; lastKnownFileType = file.xib; path = BooleanInputView.xib; sourceTree = "<group>"; };
		3A0E2920200A6BD8006FFF81 /* SourceControlTableViewController.swift */ = {isa = PBXFileReference; lastKnownFileType = sourcecode.swift; path = SourceControlTableViewController.swift; sourceTree = "<group>"; };
		3A1137662013C89700B860D0 /* ActionSheetPicker-3.0-Authors.html */ = {isa = PBXFileReference; lastKnownFileType = text.html; path = "ActionSheetPicker-3.0-Authors.html"; sourceTree = "<group>"; };
		3A2258901FF6A850001B9710 /* Reachability.swift */ = {isa = PBXFileReference; lastKnownFileType = sourcecode.swift; path = Reachability.swift; sourceTree = "<group>"; };
		3A2837402017D5A200D157A0 /* BooleanInputView.swift */ = {isa = PBXFileReference; lastKnownFileType = sourcecode.swift; path = BooleanInputView.swift; sourceTree = "<group>"; };
		3A288B571FF6810E008C523A /* String.swift */ = {isa = PBXFileReference; fileEncoding = 4; lastKnownFileType = sourcecode.swift; path = String.swift; sourceTree = "<group>"; };
		3A36DF9E20012D500089039F /* xterm.css */ = {isa = PBXFileReference; fileEncoding = 4; lastKnownFileType = text.css; path = xterm.css; sourceTree = "<group>"; };
		3A36DF9F20012D510089039F /* xterm.js */ = {isa = PBXFileReference; fileEncoding = 4; lastKnownFileType = sourcecode.javascript; path = xterm.js; sourceTree = "<group>"; };
		3A38FC4F1FF56AA800690382 /* terminal.html */ = {isa = PBXFileReference; lastKnownFileType = text.html; path = terminal.html; sourceTree = "<group>"; };
		3A38FC531FF5719200690382 /* TerminalViewController.swift */ = {isa = PBXFileReference; lastKnownFileType = sourcecode.swift; path = TerminalViewController.swift; sourceTree = "<group>"; };
		3A397AF91FFD33DD00D46368 /* ConnectionResult.swift */ = {isa = PBXFileReference; lastKnownFileType = sourcecode.swift; path = ConnectionResult.swift; sourceTree = "<group>"; };
		3A3A015B2007ADE900B5B655 /* langs.plist */ = {isa = PBXFileReference; lastKnownFileType = text.plist.xml; path = langs.plist; sourceTree = "<group>"; };
		3A43ECE41FF6DD4F00C9FA14 /* Keys.swift */ = {isa = PBXFileReference; lastKnownFileType = sourcecode.swift; path = Keys.swift; sourceTree = "<group>"; };
		3A4801B22028D48F0069379B /* TerminalInfo.swift */ = {isa = PBXFileReference; lastKnownFileType = sourcecode.swift; path = TerminalInfo.swift; sourceTree = "<group>"; };
		3A4801BB2029F8E50069379B /* Licenses.html */ = {isa = PBXFileReference; lastKnownFileType = text.html; path = Licenses.html; sourceTree = "<group>"; };
		3A487CE71FF99B4600552B93 /* DirectoryTableViewControllerDelegate.swift */ = {isa = PBXFileReference; lastKnownFileType = sourcecode.swift; path = DirectoryTableViewControllerDelegate.swift; sourceTree = "<group>"; };
		3A487CE91FF99E6A00552B93 /* BookmarksTableViewControllerDelegate.swift */ = {isa = PBXFileReference; lastKnownFileType = sourcecode.swift; path = BookmarksTableViewControllerDelegate.swift; sourceTree = "<group>"; };
		3A5733C01FFFD9BF004F4973 /* GitRemotesTableViewController.swift */ = {isa = PBXFileReference; lastKnownFileType = sourcecode.swift; path = GitRemotesTableViewController.swift; sourceTree = "<group>"; };
		3A5733C21FFFDA02004F4973 /* Git.storyboard */ = {isa = PBXFileReference; lastKnownFileType = file.storyboard; path = Git.storyboard; sourceTree = "<group>"; };
		3A5A60DD1FF1B4A200E94579 /* ConnectionManager.swift */ = {isa = PBXFileReference; lastKnownFileType = sourcecode.swift; path = ConnectionManager.swift; sourceTree = "<group>"; };
		3A5A60E61FF1BB9F00E94579 /* DirectoryTableViewController.swift */ = {isa = PBXFileReference; fileEncoding = 4; lastKnownFileType = sourcecode.swift; path = DirectoryTableViewController.swift; sourceTree = "<group>"; };
		3A843EEC202A64030096632E /* ReviewHelper.swift */ = {isa = PBXFileReference; lastKnownFileType = sourcecode.swift; path = ReviewHelper.swift; sourceTree = "<group>"; };
		3A897E1D201660E400B5C73C /* ArrowsViewController.swift */ = {isa = PBXFileReference; lastKnownFileType = sourcecode.swift; path = ArrowsViewController.swift; sourceTree = "<group>"; };
		3AA117F01FF414CA007BB84A /* LocalDirectoryTableViewControllerDelegate.swift */ = {isa = PBXFileReference; lastKnownFileType = sourcecode.swift; path = LocalDirectoryTableViewControllerDelegate.swift; sourceTree = "<group>"; };
		3AA117F21FF417BF007BB84A /* UINavigationController.swift */ = {isa = PBXFileReference; lastKnownFileType = sourcecode.swift; path = UINavigationController.swift; sourceTree = "<group>"; };
		3AA117F41FF4257A007BB84A /* SaveFile.swift */ = {isa = PBXFileReference; lastKnownFileType = sourcecode.swift; path = SaveFile.swift; sourceTree = "<group>"; };
		3AA117F61FF4281E007BB84A /* fileIcon.swift */ = {isa = PBXFileReference; lastKnownFileType = sourcecode.swift; path = fileIcon.swift; sourceTree = "<group>"; };
		3AA3FDBB2027549700C07C7A /* FileTableViewCell.swift */ = {isa = PBXFileReference; fileEncoding = 4; lastKnownFileType = sourcecode.swift; path = FileTableViewCell.swift; sourceTree = "<group>"; };
		3AA3FDBC2027549800C07C7A /* FileTableViewCell.xib */ = {isa = PBXFileReference; fileEncoding = 4; lastKnownFileType = file.xib; path = FileTableViewCell.xib; sourceTree = "<group>"; };
		3AA3FDC620275E9100C07C7A /* Pisth Viewer.app */ = {isa = PBXFileReference; explicitFileType = wrapper.application; includeInIndex = 0; path = "Pisth Viewer.app"; sourceTree = BUILT_PRODUCTS_DIR; };
		3AA3FDC820275E9200C07C7A /* PisthViewerAppDelegate.swift */ = {isa = PBXFileReference; lastKnownFileType = sourcecode.swift; path = PisthViewerAppDelegate.swift; sourceTree = "<group>"; };
		3AA3FDCA20275E9200C07C7A /* Assets.xcassets */ = {isa = PBXFileReference; lastKnownFileType = folder.assetcatalog; path = Assets.xcassets; sourceTree = "<group>"; };
		3AA3FDCD20275E9200C07C7A /* Base */ = {isa = PBXFileReference; lastKnownFileType = file.xib; name = Base; path = Base.lproj/MainMenu.xib; sourceTree = "<group>"; };
		3AA3FDCF20275E9200C07C7A /* Info.plist */ = {isa = PBXFileReference; lastKnownFileType = text.plist.xml; path = Info.plist; sourceTree = "<group>"; };
		3AA3FDD020275E9200C07C7A /* Pisth_Viewer.entitlements */ = {isa = PBXFileReference; lastKnownFileType = text.plist.entitlements; path = Pisth_Viewer.entitlements; sourceTree = "<group>"; };
		3AAF00E81FF2D00600ECCA6F /* LocalDirectoryTableViewController.swift */ = {isa = PBXFileReference; lastKnownFileType = sourcecode.swift; path = LocalDirectoryTableViewController.swift; sourceTree = "<group>"; };
		3AAF00EA1FF2D4F400ECCA6F /* FIleManager+documents.swift */ = {isa = PBXFileReference; lastKnownFileType = sourcecode.swift; path = "FIleManager+documents.swift"; sourceTree = "<group>"; };
		3AAF00EE1FF2DBE500ECCA6F /* EditTextViewController.swift */ = {isa = PBXFileReference; lastKnownFileType = sourcecode.swift; path = EditTextViewController.swift; sourceTree = "<group>"; };
		3AC623A91FF8175700B5D22A /* CommandsTableViewController.swift */ = {isa = PBXFileReference; lastKnownFileType = sourcecode.swift; path = CommandsTableViewController.swift; sourceTree = "<group>"; };
		3ADD28CA1FFAFC3900977905 /* Pasteboard.swift */ = {isa = PBXFileReference; lastKnownFileType = sourcecode.swift; path = Pasteboard.swift; sourceTree = "<group>"; };
		3ADD28CE1FFBC27800977905 /* RemoteDirectoryAction.swift */ = {isa = PBXFileReference; fileEncoding = 4; lastKnownFileType = sourcecode.swift; path = RemoteDirectoryAction.swift; sourceTree = "<group>"; };
		3AE8359E1FF2DCB30073D06E /* EditTextViewController.xib */ = {isa = PBXFileReference; lastKnownFileType = file.xib; path = EditTextViewController.xib; sourceTree = "<group>"; };
		3AE835A01FF2DE350073D06E /* WebViewController.xib */ = {isa = PBXFileReference; lastKnownFileType = file.xib; path = WebViewController.xib; sourceTree = "<group>"; };
		3AEC43391FF2F18B0066BC33 /* ActivityViewController.swift */ = {isa = PBXFileReference; lastKnownFileType = sourcecode.swift; path = ActivityViewController.swift; sourceTree = "<group>"; };
		3AEF1119201115850089389E /* empty */ = {isa = PBXFileReference; lastKnownFileType = text; path = empty; sourceTree = "<group>"; };
		3AF50F141FFEEE43000F7B31 /* GitBranchesTableViewController.swift */ = {isa = PBXFileReference; lastKnownFileType = sourcecode.swift; path = GitBranchesTableViewController.swift; sourceTree = "<group>"; };
		3AF9AE991FF53C3000840E8A /* Licenses.html */ = {isa = PBXFileReference; lastKnownFileType = text.html; path = Licenses.html; sourceTree = "<group>"; };
		3AF9AE9B1FF53E5700840E8A /* WebViewController.swift */ = {isa = PBXFileReference; lastKnownFileType = sourcecode.swift; path = WebViewController.swift; sourceTree = "<group>"; };
		3AF9AEA31FF5458200840E8A /* SettingsTableViewController.swift */ = {isa = PBXFileReference; lastKnownFileType = sourcecode.swift; path = SettingsTableViewController.swift; sourceTree = "<group>"; };
		3AF9AEA71FF5461300840E8A /* SettingsTableViewController.storyboard */ = {isa = PBXFileReference; lastKnownFileType = file.storyboard; path = SettingsTableViewController.storyboard; sourceTree = "<group>"; };
		3AF9AEA91FF54C8B00840E8A /* ImageViewController.swift */ = {isa = PBXFileReference; lastKnownFileType = sourcecode.swift; path = ImageViewController.swift; sourceTree = "<group>"; };
		3AF9AEAA1FF54C8B00840E8A /* ImageViewController.xib */ = {isa = PBXFileReference; lastKnownFileType = file.xib; path = ImageViewController.xib; sourceTree = "<group>"; };
		3AF9AEAD1FF5511A00840E8A /* isFilePDF.swift */ = {isa = PBXFileReference; lastKnownFileType = sourcecode.swift; path = isFilePDF.swift; sourceTree = "<group>"; };
		3AFC34992003E19400E32F17 /* Bool+inverted.swift */ = {isa = PBXFileReference; lastKnownFileType = sourcecode.swift; path = "Bool+inverted.swift"; sourceTree = "<group>"; };
		3AFDD9011FF140FE0061677B /* Pisth.app */ = {isa = PBXFileReference; explicitFileType = wrapper.application; includeInIndex = 0; path = Pisth.app; sourceTree = BUILT_PRODUCTS_DIR; };
		3AFDD9041FF140FE0061677B /* AppDelegate.swift */ = {isa = PBXFileReference; lastKnownFileType = sourcecode.swift; path = AppDelegate.swift; sourceTree = "<group>"; };
		3AFDD90E1FF140FE0061677B /* Base */ = {isa = PBXFileReference; lastKnownFileType = file.storyboard; name = Base; path = Base.lproj/LaunchScreen.storyboard; sourceTree = "<group>"; };
		3AFDD9101FF140FE0061677B /* Info.plist */ = {isa = PBXFileReference; lastKnownFileType = text.plist.xml; path = Info.plist; sourceTree = "<group>"; };
		3AFDD9161FF147860061677B /* Assets.xcassets */ = {isa = PBXFileReference; lastKnownFileType = folder.assetcatalog; path = Assets.xcassets; sourceTree = "<group>"; };
		3AFDD91A1FF14C1F0061677B /* BookmarksTableViewController.swift */ = {isa = PBXFileReference; lastKnownFileType = sourcecode.swift; path = BookmarksTableViewController.swift; sourceTree = "<group>"; };
		3AFDD91D1FF152010061677B /* Pisth.xcdatamodel */ = {isa = PBXFileReference; lastKnownFileType = wrapper.xcdatamodel; path = Pisth.xcdatamodel; sourceTree = "<group>"; };
		3AFDD91F1FF1541E0061677B /* RemoteConnection.swift */ = {isa = PBXFileReference; lastKnownFileType = sourcecode.swift; path = RemoteConnection.swift; sourceTree = "<group>"; };
		3AFF2EF31FF199AC004D2D9D /* DataManager.swift */ = {isa = PBXFileReference; lastKnownFileType = sourcecode.swift; path = DataManager.swift; sourceTree = "<group>"; };
		9F5574F1BD4D24D32463896F /* Pods_Pisth.framework */ = {isa = PBXFileReference; explicitFileType = wrapper.framework; includeInIndex = 0; path = Pods_Pisth.framework; sourceTree = BUILT_PRODUCTS_DIR; };
		D751325DE74D3465BA4BA8DD /* Pods-Pisth.debug.xcconfig */ = {isa = PBXFileReference; includeInIndex = 1; lastKnownFileType = text.xcconfig; name = "Pods-Pisth.debug.xcconfig"; path = "Pods/Target Support Files/Pods-Pisth/Pods-Pisth.debug.xcconfig"; sourceTree = "<group>"; };
		D7D1701FA780948313EFDD2E /* Pods-Pisth.release.xcconfig */ = {isa = PBXFileReference; includeInIndex = 1; lastKnownFileType = text.xcconfig; name = "Pods-Pisth.release.xcconfig"; path = "Pods/Target Support Files/Pods-Pisth/Pods-Pisth.release.xcconfig"; sourceTree = "<group>"; };
/* End PBXFileReference section */

/* Begin PBXFrameworksBuildPhase section */
		3AA3FDC320275E9100C07C7A /* Frameworks */ = {
			isa = PBXFrameworksBuildPhase;
			buildActionMask = 2147483647;
			files = (
			);
			runOnlyForDeploymentPostprocessing = 0;
		};
		3AFDD8FE1FF140FE0061677B /* Frameworks */ = {
			isa = PBXFrameworksBuildPhase;
			buildActionMask = 2147483647;
			files = (
				E6019D50D0EABA90DF0A9142 /* Pods_Pisth.framework in Frameworks */,
			);
			runOnlyForDeploymentPostprocessing = 0;
		};
/* End PBXFrameworksBuildPhase section */

/* Begin PBXGroup section */
		2A2C0BF266D722E068E3424D /* Pods */ = {
			isa = PBXGroup;
			children = (
				D751325DE74D3465BA4BA8DD /* Pods-Pisth.debug.xcconfig */,
				D7D1701FA780948313EFDD2E /* Pods-Pisth.release.xcconfig */,
			);
			name = Pods;
			sourceTree = "<group>";
		};
		3A4801B12028D43A0069379B /* Shared */ = {
			isa = PBXGroup;
			children = (
				3A4801B22028D48F0069379B /* TerminalInfo.swift */,
				3A43ECE41FF6DD4F00C9FA14 /* Keys.swift */,
				3A288B571FF6810E008C523A /* String.swift */,
			);
			path = Shared;
			sourceTree = "<group>";
		};
		3A4801BF202A06AD0069379B /* Resources */ = {
			isa = PBXGroup;
			children = (
				3A4801BB2029F8E50069379B /* Licenses.html */,
				3AA3FDCA20275E9200C07C7A /* Assets.xcassets */,
				3AA3FDCC20275E9200C07C7A /* MainMenu.xib */,
				3AA3FDCF20275E9200C07C7A /* Info.plist */,
				3AA3FDD020275E9200C07C7A /* Pisth_Viewer.entitlements */,
			);
			name = Resources;
			sourceTree = "<group>";
		};
		3A665F2C2027505A0098C482 /* Singletons */ = {
			isa = PBXGroup;
			children = (
				3AFDD9041FF140FE0061677B /* AppDelegate.swift */,
				3A5A60DD1FF1B4A200E94579 /* ConnectionManager.swift */,
				3AFF2EF31FF199AC004D2D9D /* DataManager.swift */,
				3ADD28CA1FFAFC3900977905 /* Pasteboard.swift */,
			);
			path = Singletons;
			sourceTree = "<group>";
		};
		3A665F2D202751210098C482 /* Protocols */ = {
			isa = PBXGroup;
			children = (
				3A487CE71FF99B4600552B93 /* DirectoryTableViewControllerDelegate.swift */,
				3AA117F01FF414CA007BB84A /* LocalDirectoryTableViewControllerDelegate.swift */,
				3A487CE91FF99E6A00552B93 /* BookmarksTableViewControllerDelegate.swift */,
			);
			path = Protocols;
			sourceTree = "<group>";
		};
		3A665F2E202752560098C482 /* Views */ = {
			isa = PBXGroup;
			children = (
				3AA3FDBF202754AB00C07C7A /* Classes */,
				3AA3FDC0202754BE00C07C7A /* Interface Builder */,
			);
			path = Views;
			sourceTree = "<group>";
		};
		3AA3FDBF202754AB00C07C7A /* Classes */ = {
			isa = PBXGroup;
			children = (
				3AA3FDBB2027549700C07C7A /* FileTableViewCell.swift */,
				3A2837402017D5A200D157A0 /* BooleanInputView.swift */,
			);
			path = Classes;
			sourceTree = "<group>";
		};
		3AA3FDC0202754BE00C07C7A /* Interface Builder */ = {
			isa = PBXGroup;
			children = (
				3AA3FDBC2027549800C07C7A /* FileTableViewCell.xib */,
				3A0AA6362024F4C300603142 /* BooleanInputView.xib */,
			);
			path = "Interface Builder";
			sourceTree = "<group>";
		};
		3AA3FDC1202754EF00C07C7A /* Extensions */ = {
			isa = PBXGroup;
			children = (
				3AAF00EA1FF2D4F400ECCA6F /* FIleManager+documents.swift */,
				3AA117F21FF417BF007BB84A /* UINavigationController.swift */,
				3AFC34992003E19400E32F17 /* Bool+inverted.swift */,
			);
			path = Extensions;
			sourceTree = "<group>";
		};
		3AA3FDC720275E9100C07C7A /* Pisth Viewer */ = {
			isa = PBXGroup;
			children = (
				3AA3FDC820275E9200C07C7A /* PisthViewerAppDelegate.swift */,
				3A4801BF202A06AD0069379B /* Resources */,
			);
			path = "Pisth Viewer";
			sourceTree = "<group>";
		};
		3AA3FDD42027780000C07C7A /* Terminal */ = {
			isa = PBXGroup;
			children = (
				3A36DF9E20012D500089039F /* xterm.css */,
				3A36DF9F20012D510089039F /* xterm.js */,
				3A38FC4F1FF56AA800690382 /* terminal.html */,
			);
			path = Terminal;
			sourceTree = "<group>";
		};
		3AAF00EC1FF2D50D00ECCA6F /* Helpers */ = {
			isa = PBXGroup;
			children = (
				3AA3FDC1202754EF00C07C7A /* Extensions */,
				3A843EEC202A64030096632E /* ReviewHelper.swift */,
				3AFDD91F1FF1541E0061677B /* RemoteConnection.swift */,
				3AA117F41FF4257A007BB84A /* SaveFile.swift */,
				3A2258901FF6A850001B9710 /* Reachability.swift */,
				3AA117F61FF4281E007BB84A /* fileIcon.swift */,
				3AF9AEAD1FF5511A00840E8A /* isFilePDF.swift */,
				3A050CCE1FF81E2400364306 /* ShellStartup.swift */,
				3ADD28CE1FFBC27800977905 /* RemoteDirectoryAction.swift */,
				3A397AF91FFD33DD00D46368 /* ConnectionResult.swift */,
			);
			path = Helpers;
			sourceTree = "<group>";
		};
		3AAF00ED1FF2D52300ECCA6F /* ViewControllers */ = {
			isa = PBXGroup;
			children = (
				3AF9AEAF1FF55C3200840E8A /* Classes */,
				3AF9AEB01FF55C4C00840E8A /* Interface Builder */,
			);
			path = ViewControllers;
			sourceTree = "<group>";
		};
		3ADDFEB920068E5500FA6ACD /* html */ = {
			isa = PBXGroup;
			children = (
				3AF9AE991FF53C3000840E8A /* Licenses.html */,
				3A1137662013C89700B860D0 /* ActionSheetPicker-3.0-Authors.html */,
			);
			name = html;
			sourceTree = "<group>";
		};
		3AF9AE981FF53BEA00840E8A /* Resources */ = {
			isa = PBXGroup;
			children = (
				3AFDD9101FF140FE0061677B /* Info.plist */,
				3A3A015B2007ADE900B5B655 /* langs.plist */,
				3ADDFEB920068E5500FA6ACD /* html */,
				3AFDD90D1FF140FE0061677B /* LaunchScreen.storyboard */,
				3AFDD9161FF147860061677B /* Assets.xcassets */,
				3AFDD91C1FF152010061677B /* Pisth.xcdatamodeld */,
				3AEF1119201115850089389E /* empty */,
			);
			name = Resources;
			sourceTree = "<group>";
		};
		3AF9AEAF1FF55C3200840E8A /* Classes */ = {
			isa = PBXGroup;
			children = (
				3AEC43391FF2F18B0066BC33 /* ActivityViewController.swift */,
				3AFDD91A1FF14C1F0061677B /* BookmarksTableViewController.swift */,
				3A5A60E61FF1BB9F00E94579 /* DirectoryTableViewController.swift */,
				3AAF00E81FF2D00600ECCA6F /* LocalDirectoryTableViewController.swift */,
				3AAF00EE1FF2DBE500ECCA6F /* EditTextViewController.swift */,
				3AF9AE9B1FF53E5700840E8A /* WebViewController.swift */,
				3AF9AEA31FF5458200840E8A /* SettingsTableViewController.swift */,
				3AF9AEA91FF54C8B00840E8A /* ImageViewController.swift */,
				3A38FC531FF5719200690382 /* TerminalViewController.swift */,
				3AC623A91FF8175700B5D22A /* CommandsTableViewController.swift */,
				3AF50F141FFEEE43000F7B31 /* GitBranchesTableViewController.swift */,
				3A5733C01FFFD9BF004F4973 /* GitRemotesTableViewController.swift */,
				3A0E2920200A6BD8006FFF81 /* SourceControlTableViewController.swift */,
				3A897E1D201660E400B5C73C /* ArrowsViewController.swift */,
			);
			path = Classes;
			sourceTree = "<group>";
		};
		3AF9AEB01FF55C4C00840E8A /* Interface Builder */ = {
			isa = PBXGroup;
			children = (
				3AE8359E1FF2DCB30073D06E /* EditTextViewController.xib */,
				3AE835A01FF2DE350073D06E /* WebViewController.xib */,
				3AF9AEA71FF5461300840E8A /* SettingsTableViewController.storyboard */,
				3AF9AEAA1FF54C8B00840E8A /* ImageViewController.xib */,
				3A5733C21FFFDA02004F4973 /* Git.storyboard */,
			);
			path = "Interface Builder";
			sourceTree = "<group>";
		};
		3AFDD8F81FF140FD0061677B = {
			isa = PBXGroup;
			children = (
				3A4801B12028D43A0069379B /* Shared */,
				3AA3FDD42027780000C07C7A /* Terminal */,
				3AFDD9031FF140FE0061677B /* Pisth */,
				3AA3FDC720275E9100C07C7A /* Pisth Viewer */,
				3AFDD9021FF140FE0061677B /* Products */,
				2A2C0BF266D722E068E3424D /* Pods */,
				56249940C7FBF904B64CFA50 /* Frameworks */,
			);
			sourceTree = "<group>";
		};
		3AFDD9021FF140FE0061677B /* Products */ = {
			isa = PBXGroup;
			children = (
				3AFDD9011FF140FE0061677B /* Pisth.app */,
				3AA3FDC620275E9100C07C7A /* Pisth Viewer.app */,
			);
			name = Products;
			sourceTree = "<group>";
		};
		3AFDD9031FF140FE0061677B /* Pisth */ = {
			isa = PBXGroup;
			children = (
				3A665F2C2027505A0098C482 /* Singletons */,
				3A665F2D202751210098C482 /* Protocols */,
				3A665F2E202752560098C482 /* Views */,
				3AAF00ED1FF2D52300ECCA6F /* ViewControllers */,
				3AAF00EC1FF2D50D00ECCA6F /* Helpers */,
				3AF9AE981FF53BEA00840E8A /* Resources */,
			);
			path = Pisth;
			sourceTree = "<group>";
		};
		56249940C7FBF904B64CFA50 /* Frameworks */ = {
			isa = PBXGroup;
			children = (
				9F5574F1BD4D24D32463896F /* Pods_Pisth.framework */,
			);
			name = Frameworks;
			sourceTree = "<group>";
		};
/* End PBXGroup section */

/* Begin PBXNativeTarget section */
		3AA3FDC520275E9100C07C7A /* Pisth Viewer */ = {
			isa = PBXNativeTarget;
			buildConfigurationList = 3AA3FDD120275E9200C07C7A /* Build configuration list for PBXNativeTarget "Pisth Viewer" */;
			buildPhases = (
				3AA3FDC220275E9100C07C7A /* Sources */,
				3AA3FDC320275E9100C07C7A /* Frameworks */,
				3AA3FDC420275E9100C07C7A /* Resources */,
			);
			buildRules = (
			);
			dependencies = (
			);
			name = "Pisth Viewer";
			productName = "Pisth Viewer";
			productReference = 3AA3FDC620275E9100C07C7A /* Pisth Viewer.app */;
			productType = "com.apple.product-type.application";
		};
		3AFDD9001FF140FE0061677B /* Pisth */ = {
			isa = PBXNativeTarget;
			buildConfigurationList = 3AFDD9131FF140FE0061677B /* Build configuration list for PBXNativeTarget "Pisth" */;
			buildPhases = (
				4608AF53B420636B3889091F /* [CP] Check Pods Manifest.lock */,
				3AFDD8FD1FF140FE0061677B /* Sources */,
				3AFDD8FE1FF140FE0061677B /* Frameworks */,
				3AFDD8FF1FF140FE0061677B /* Resources */,
				F21CA456D2169C5D27312609 /* [CP] Embed Pods Frameworks */,
				C359C90E836AEDA0878550B8 /* [CP] Copy Pods Resources */,
			);
			buildRules = (
			);
			dependencies = (
			);
			name = Pisth;
			productName = Pisth;
			productReference = 3AFDD9011FF140FE0061677B /* Pisth.app */;
			productType = "com.apple.product-type.application";
		};
/* End PBXNativeTarget section */

/* Begin PBXProject section */
		3AFDD8F91FF140FD0061677B /* Project object */ = {
			isa = PBXProject;
			attributes = {
				LastSwiftUpdateCheck = 0920;
				LastUpgradeCheck = 0910;
				ORGANIZATIONNAME = ADA;
				TargetAttributes = {
					3AA3FDC520275E9100C07C7A = {
						CreatedOnToolsVersion = 9.2;
						ProvisioningStyle = Automatic;
						SystemCapabilities = {
							com.apple.Sandbox = {
								enabled = 0;
							};
						};
					};
					3AFDD9001FF140FE0061677B = {
						CreatedOnToolsVersion = 9.1;
						ProvisioningStyle = Automatic;
						SystemCapabilities = {
							com.apple.BackgroundModes = {
								enabled = 0;
							};
						};
					};
				};
			};
			buildConfigurationList = 3AFDD8FC1FF140FD0061677B /* Build configuration list for PBXProject "Pisth" */;
			compatibilityVersion = "Xcode 8.0";
			developmentRegion = en;
			hasScannedForEncodings = 0;
			knownRegions = (
				en,
				Base,
			);
			mainGroup = 3AFDD8F81FF140FD0061677B;
			productRefGroup = 3AFDD9021FF140FE0061677B /* Products */;
			projectDirPath = "";
			projectRoot = "";
			targets = (
				3AFDD9001FF140FE0061677B /* Pisth */,
				3AA3FDC520275E9100C07C7A /* Pisth Viewer */,
			);
		};
/* End PBXProject section */

/* Begin PBXResourcesBuildPhase section */
		3AA3FDC420275E9100C07C7A /* Resources */ = {
			isa = PBXResourcesBuildPhase;
			buildActionMask = 2147483647;
			files = (
				3AA3FDCB20275E9200C07C7A /* Assets.xcassets in Resources */,
				3AA3FDCE20275E9200C07C7A /* MainMenu.xib in Resources */,
				3A4801BD2029F8E50069379B /* Licenses.html in Resources */,
				3AA3FDD52027781800C07C7A /* xterm.css in Resources */,
				3AA3FDD72027781D00C07C7A /* terminal.html in Resources */,
				3AA3FDD62027781B00C07C7A /* xterm.js in Resources */,
			);
			runOnlyForDeploymentPostprocessing = 0;
		};
		3AFDD8FF1FF140FE0061677B /* Resources */ = {
			isa = PBXResourcesBuildPhase;
			buildActionMask = 2147483647;
			files = (
				3A0AA6372024F4CE00603142 /* BooleanInputView.xib in Resources */,
				3A36DFA020012D520089039F /* xterm.css in Resources */,
				3AFDD9171FF147860061677B /* Assets.xcassets in Resources */,
				3AFDD90F1FF140FE0061677B /* LaunchScreen.storyboard in Resources */,
				3AF9AEAC1FF54C8B00840E8A /* ImageViewController.xib in Resources */,
				3AF9AEA81FF5461300840E8A /* SettingsTableViewController.storyboard in Resources */,
				3A5733C31FFFDA02004F4973 /* Git.storyboard in Resources */,
				3AF9AE9A1FF53C3000840E8A /* Licenses.html in Resources */,
				3A3A015C2007ADE900B5B655 /* langs.plist in Resources */,
				3AA3FDBE2027549900C07C7A /* FileTableViewCell.xib in Resources */,
				3A36DFA120012D520089039F /* xterm.js in Resources */,
				3AEF111A201115850089389E /* empty in Resources */,
				3AE8359F1FF2DCB30073D06E /* EditTextViewController.xib in Resources */,
				3A38FC501FF56AA800690382 /* terminal.html in Resources */,
				3A1137672013C89700B860D0 /* ActionSheetPicker-3.0-Authors.html in Resources */,
				3AE835A11FF2DE350073D06E /* WebViewController.xib in Resources */,
			);
			runOnlyForDeploymentPostprocessing = 0;
		};
/* End PBXResourcesBuildPhase section */

/* Begin PBXShellScriptBuildPhase section */
		4608AF53B420636B3889091F /* [CP] Check Pods Manifest.lock */ = {
			isa = PBXShellScriptBuildPhase;
			buildActionMask = 2147483647;
			files = (
			);
			inputPaths = (
			);
			name = "[CP] Check Pods Manifest.lock";
			outputPaths = (
			);
			runOnlyForDeploymentPostprocessing = 0;
			shellPath = /bin/sh;
			shellScript = "diff \"${PODS_ROOT}/../Podfile.lock\" \"${PODS_ROOT}/Manifest.lock\" > /dev/null\nif [ $? != 0 ] ; then\n    # print error to STDERR\n    echo \"error: The sandbox is not in sync with the Podfile.lock. Run 'pod install' or update your CocoaPods installation.\" >&2\n    exit 1\nfi\n";
			showEnvVarsInLog = 0;
		};
		C359C90E836AEDA0878550B8 /* [CP] Copy Pods Resources */ = {
			isa = PBXShellScriptBuildPhase;
			buildActionMask = 2147483647;
			files = (
			);
			inputPaths = (
			);
			name = "[CP] Copy Pods Resources";
			outputPaths = (
			);
			runOnlyForDeploymentPostprocessing = 0;
			shellPath = /bin/sh;
			shellScript = "\"${SRCROOT}/Pods/Target Support Files/Pods-Pisth/Pods-Pisth-resources.sh\"\n";
			showEnvVarsInLog = 0;
		};
		F21CA456D2169C5D27312609 /* [CP] Embed Pods Frameworks */ = {
			isa = PBXShellScriptBuildPhase;
			buildActionMask = 2147483647;
			files = (
			);
			inputPaths = (
			);
			name = "[CP] Embed Pods Frameworks";
			outputPaths = (
			);
			runOnlyForDeploymentPostprocessing = 0;
			shellPath = /bin/sh;
			shellScript = "\"${SRCROOT}/Pods/Target Support Files/Pods-Pisth/Pods-Pisth-frameworks.sh\"\n";
			showEnvVarsInLog = 0;
		};
/* End PBXShellScriptBuildPhase section */

/* Begin PBXSourcesBuildPhase section */
		3AA3FDC220275E9100C07C7A /* Sources */ = {
			isa = PBXSourcesBuildPhase;
			buildActionMask = 2147483647;
			files = (
				3AA3FDC920275E9200C07C7A /* PisthViewerAppDelegate.swift in Sources */,
				3A4801B52028D86E0069379B /* Keys.swift in Sources */,
				3A4801B62028D8820069379B /* String.swift in Sources */,
				3A4801B42028D4900069379B /* TerminalInfo.swift in Sources */,
			);
			runOnlyForDeploymentPostprocessing = 0;
		};
		3AFDD8FD1FF140FE0061677B /* Sources */ = {
			isa = PBXSourcesBuildPhase;
			buildActionMask = 2147483647;
			files = (
				3AAF00EF1FF2DBE500ECCA6F /* EditTextViewController.swift in Sources */,
				3A2837412017D5A200D157A0 /* BooleanInputView.swift in Sources */,
				3AFDD9051FF140FE0061677B /* AppDelegate.swift in Sources */,
				3A397AFA1FFD33DD00D46368 /* ConnectionResult.swift in Sources */,
				3A487CEA1FF99E6A00552B93 /* BookmarksTableViewControllerDelegate.swift in Sources */,
				3A0E2921200A6BD8006FFF81 /* SourceControlTableViewController.swift in Sources */,
				3AA117F71FF4281E007BB84A /* fileIcon.swift in Sources */,
				3A38FC541FF5719200690382 /* TerminalViewController.swift in Sources */,
				3AFC349A2003E19400E32F17 /* Bool+inverted.swift in Sources */,
				3A4801B32028D4900069379B /* TerminalInfo.swift in Sources */,
				3AA3FDBD2027549900C07C7A /* FileTableViewCell.swift in Sources */,
				3A050CCF1FF81E2400364306 /* ShellStartup.swift in Sources */,
				3AFF2EF41FF199AC004D2D9D /* DataManager.swift in Sources */,
				3AC623AA1FF8175700B5D22A /* CommandsTableViewController.swift in Sources */,
				3A5A60DE1FF1B4A200E94579 /* ConnectionManager.swift in Sources */,
				3A288B581FF6810E008C523A /* String.swift in Sources */,
				3AFDD91B1FF14C1F0061677B /* BookmarksTableViewController.swift in Sources */,
				3AAF00E91FF2D00600ECCA6F /* LocalDirectoryTableViewController.swift in Sources */,
				3AFDD91E1FF152010061677B /* Pisth.xcdatamodeld in Sources */,
				3A487CE81FF99B4600552B93 /* DirectoryTableViewControllerDelegate.swift in Sources */,
				3AF9AEA51FF5458200840E8A /* SettingsTableViewController.swift in Sources */,
				3AAF00EB1FF2D4F400ECCA6F /* FIleManager+documents.swift in Sources */,
				3ADD28CB1FFAFC3900977905 /* Pasteboard.swift in Sources */,
				3AEC433A1FF2F18B0066BC33 /* ActivityViewController.swift in Sources */,
				3AF50F151FFEEE43000F7B31 /* GitBranchesTableViewController.swift in Sources */,
				3A5733C11FFFD9BF004F4973 /* GitRemotesTableViewController.swift in Sources */,
				3AA117F11FF414CA007BB84A /* LocalDirectoryTableViewControllerDelegate.swift in Sources */,
				3A843EED202A64030096632E /* ReviewHelper.swift in Sources */,
				3ADD28CF1FFBC27800977905 /* RemoteDirectoryAction.swift in Sources */,
				3AF9AE9C1FF53E5700840E8A /* WebViewController.swift in Sources */,
				3A43ECE51FF6DD4F00C9FA14 /* Keys.swift in Sources */,
				3AFDD9201FF1541E0061677B /* RemoteConnection.swift in Sources */,
				3A5A60E71FF1BB9F00E94579 /* DirectoryTableViewController.swift in Sources */,
				3AF9AEAE1FF5511A00840E8A /* isFilePDF.swift in Sources */,
				3AF9AEAB1FF54C8B00840E8A /* ImageViewController.swift in Sources */,
				3AA117F31FF417BF007BB84A /* UINavigationController.swift in Sources */,
				3A2258911FF6A850001B9710 /* Reachability.swift in Sources */,
				3A897E1E201660E400B5C73C /* ArrowsViewController.swift in Sources */,
				3AA117F51FF4257A007BB84A /* SaveFile.swift in Sources */,
			);
			runOnlyForDeploymentPostprocessing = 0;
		};
/* End PBXSourcesBuildPhase section */

/* Begin PBXVariantGroup section */
		3AA3FDCC20275E9200C07C7A /* MainMenu.xib */ = {
			isa = PBXVariantGroup;
			children = (
				3AA3FDCD20275E9200C07C7A /* Base */,
			);
			name = MainMenu.xib;
			sourceTree = "<group>";
		};
		3AFDD90D1FF140FE0061677B /* LaunchScreen.storyboard */ = {
			isa = PBXVariantGroup;
			children = (
				3AFDD90E1FF140FE0061677B /* Base */,
			);
			name = LaunchScreen.storyboard;
			sourceTree = "<group>";
		};
/* End PBXVariantGroup section */

/* Begin XCBuildConfiguration section */
		3AA3FDD220275E9200C07C7A /* Debug */ = {
			isa = XCBuildConfiguration;
			buildSettings = {
				ASSETCATALOG_COMPILER_APPICON_NAME = AppIcon;
				CODE_SIGN_IDENTITY = "Mac Developer";
				CODE_SIGN_STYLE = Automatic;
				COMBINE_HIDPI_IMAGES = YES;
				DEVELOPMENT_TEAM = FTTZS623CZ;
				INFOPLIST_FILE = "Pisth Viewer/Info.plist";
				LD_RUNPATH_SEARCH_PATHS = "$(inherited) @executable_path/../Frameworks";
				MACOSX_DEPLOYMENT_TARGET = 10.13;
				PRODUCT_BUNDLE_IDENTIFIER = "ch.ada.Pisth-Viewer";
				PRODUCT_NAME = "$(TARGET_NAME)";
				SDKROOT = macosx;
				SWIFT_VERSION = 4.0;
			};
			name = Debug;
		};
		3AA3FDD320275E9200C07C7A /* Release */ = {
			isa = XCBuildConfiguration;
			buildSettings = {
				ASSETCATALOG_COMPILER_APPICON_NAME = AppIcon;
				CODE_SIGN_IDENTITY = "Mac Developer";
				CODE_SIGN_STYLE = Automatic;
				COMBINE_HIDPI_IMAGES = YES;
				DEVELOPMENT_TEAM = FTTZS623CZ;
				INFOPLIST_FILE = "Pisth Viewer/Info.plist";
				LD_RUNPATH_SEARCH_PATHS = "$(inherited) @executable_path/../Frameworks";
				MACOSX_DEPLOYMENT_TARGET = 10.13;
				PRODUCT_BUNDLE_IDENTIFIER = "ch.ada.Pisth-Viewer";
				PRODUCT_NAME = "$(TARGET_NAME)";
				SDKROOT = macosx;
				SWIFT_VERSION = 4.0;
			};
			name = Release;
		};
		3AFDD9111FF140FE0061677B /* Debug */ = {
			isa = XCBuildConfiguration;
			buildSettings = {
				ALWAYS_SEARCH_USER_PATHS = NO;
				CLANG_ANALYZER_NONNULL = YES;
				CLANG_ANALYZER_NUMBER_OBJECT_CONVERSION = YES_AGGRESSIVE;
				CLANG_CXX_LANGUAGE_STANDARD = "gnu++14";
				CLANG_CXX_LIBRARY = "libc++";
				CLANG_ENABLE_MODULES = YES;
				CLANG_ENABLE_OBJC_ARC = YES;
				CLANG_WARN_BLOCK_CAPTURE_AUTORELEASING = YES;
				CLANG_WARN_BOOL_CONVERSION = YES;
				CLANG_WARN_COMMA = YES;
				CLANG_WARN_CONSTANT_CONVERSION = YES;
				CLANG_WARN_DIRECT_OBJC_ISA_USAGE = YES_ERROR;
				CLANG_WARN_DOCUMENTATION_COMMENTS = YES;
				CLANG_WARN_EMPTY_BODY = YES;
				CLANG_WARN_ENUM_CONVERSION = YES;
				CLANG_WARN_INFINITE_RECURSION = YES;
				CLANG_WARN_INT_CONVERSION = YES;
				CLANG_WARN_NON_LITERAL_NULL_CONVERSION = YES;
				CLANG_WARN_OBJC_LITERAL_CONVERSION = YES;
				CLANG_WARN_OBJC_ROOT_CLASS = YES_ERROR;
				CLANG_WARN_RANGE_LOOP_ANALYSIS = YES;
				CLANG_WARN_STRICT_PROTOTYPES = YES;
				CLANG_WARN_SUSPICIOUS_MOVE = YES;
				CLANG_WARN_UNGUARDED_AVAILABILITY = YES_AGGRESSIVE;
				CLANG_WARN_UNREACHABLE_CODE = YES;
				CLANG_WARN__DUPLICATE_METHOD_MATCH = YES;
				CODE_SIGN_IDENTITY = "iPhone Developer";
				COPY_PHASE_STRIP = NO;
				DEBUG_INFORMATION_FORMAT = dwarf;
				ENABLE_STRICT_OBJC_MSGSEND = YES;
				ENABLE_TESTABILITY = YES;
				GCC_C_LANGUAGE_STANDARD = gnu11;
				GCC_DYNAMIC_NO_PIC = NO;
				GCC_NO_COMMON_BLOCKS = YES;
				GCC_OPTIMIZATION_LEVEL = 0;
				GCC_PREPROCESSOR_DEFINITIONS = (
					"DEBUG=1",
					"$(inherited)",
				);
				GCC_WARN_64_TO_32_BIT_CONVERSION = YES;
				GCC_WARN_ABOUT_RETURN_TYPE = YES_ERROR;
				GCC_WARN_UNDECLARED_SELECTOR = YES;
				GCC_WARN_UNINITIALIZED_AUTOS = YES_AGGRESSIVE;
				GCC_WARN_UNUSED_FUNCTION = YES;
				GCC_WARN_UNUSED_VARIABLE = YES;
				IPHONEOS_DEPLOYMENT_TARGET = 11.1;
				MTL_ENABLE_DEBUG_INFO = YES;
				ONLY_ACTIVE_ARCH = YES;
				SDKROOT = iphoneos;
				SWIFT_ACTIVE_COMPILATION_CONDITIONS = DEBUG;
				SWIFT_OPTIMIZATION_LEVEL = "-Onone";
			};
			name = Debug;
		};
		3AFDD9121FF140FE0061677B /* Release */ = {
			isa = XCBuildConfiguration;
			buildSettings = {
				ALWAYS_SEARCH_USER_PATHS = NO;
				CLANG_ANALYZER_NONNULL = YES;
				CLANG_ANALYZER_NUMBER_OBJECT_CONVERSION = YES_AGGRESSIVE;
				CLANG_CXX_LANGUAGE_STANDARD = "gnu++14";
				CLANG_CXX_LIBRARY = "libc++";
				CLANG_ENABLE_MODULES = YES;
				CLANG_ENABLE_OBJC_ARC = YES;
				CLANG_WARN_BLOCK_CAPTURE_AUTORELEASING = YES;
				CLANG_WARN_BOOL_CONVERSION = YES;
				CLANG_WARN_COMMA = YES;
				CLANG_WARN_CONSTANT_CONVERSION = YES;
				CLANG_WARN_DIRECT_OBJC_ISA_USAGE = YES_ERROR;
				CLANG_WARN_DOCUMENTATION_COMMENTS = YES;
				CLANG_WARN_EMPTY_BODY = YES;
				CLANG_WARN_ENUM_CONVERSION = YES;
				CLANG_WARN_INFINITE_RECURSION = YES;
				CLANG_WARN_INT_CONVERSION = YES;
				CLANG_WARN_NON_LITERAL_NULL_CONVERSION = YES;
				CLANG_WARN_OBJC_LITERAL_CONVERSION = YES;
				CLANG_WARN_OBJC_ROOT_CLASS = YES_ERROR;
				CLANG_WARN_RANGE_LOOP_ANALYSIS = YES;
				CLANG_WARN_STRICT_PROTOTYPES = YES;
				CLANG_WARN_SUSPICIOUS_MOVE = YES;
				CLANG_WARN_UNGUARDED_AVAILABILITY = YES_AGGRESSIVE;
				CLANG_WARN_UNREACHABLE_CODE = YES;
				CLANG_WARN__DUPLICATE_METHOD_MATCH = YES;
				CODE_SIGN_IDENTITY = "iPhone Developer";
				COPY_PHASE_STRIP = NO;
				DEBUG_INFORMATION_FORMAT = "dwarf-with-dsym";
				ENABLE_NS_ASSERTIONS = NO;
				ENABLE_STRICT_OBJC_MSGSEND = YES;
				GCC_C_LANGUAGE_STANDARD = gnu11;
				GCC_NO_COMMON_BLOCKS = YES;
				GCC_WARN_64_TO_32_BIT_CONVERSION = YES;
				GCC_WARN_ABOUT_RETURN_TYPE = YES_ERROR;
				GCC_WARN_UNDECLARED_SELECTOR = YES;
				GCC_WARN_UNINITIALIZED_AUTOS = YES_AGGRESSIVE;
				GCC_WARN_UNUSED_FUNCTION = YES;
				GCC_WARN_UNUSED_VARIABLE = YES;
				IPHONEOS_DEPLOYMENT_TARGET = 11.1;
				MTL_ENABLE_DEBUG_INFO = NO;
				SDKROOT = iphoneos;
				SWIFT_OPTIMIZATION_LEVEL = "-Owholemodule";
				VALIDATE_PRODUCT = YES;
			};
			name = Release;
		};
		3AFDD9141FF140FE0061677B /* Debug */ = {
			isa = XCBuildConfiguration;
			baseConfigurationReference = D751325DE74D3465BA4BA8DD /* Pods-Pisth.debug.xcconfig */;
			buildSettings = {
				ASSETCATALOG_COMPILER_APPICON_NAME = AppIcon;
				CODE_SIGN_IDENTITY = "iPhone Distribution";
				"CODE_SIGN_IDENTITY[sdk=iphoneos*]" = "iPhone Developer";
				CODE_SIGN_STYLE = Automatic;
				DEVELOPMENT_TEAM = Y96PL6G497;
				INFOPLIST_FILE = Pisth/Info.plist;
				IPHONEOS_DEPLOYMENT_TARGET = 10.0;
				LD_RUNPATH_SEARCH_PATHS = "$(inherited) @executable_path/Frameworks";
				PRODUCT_BUNDLE_IDENTIFIER = ch.marcela.ada.Pisth;
				PRODUCT_NAME = "$(TARGET_NAME)";
				PROVISIONING_PROFILE_SPECIFIER = "";
				SWIFT_VERSION = 4.0;
				TARGETED_DEVICE_FAMILY = "1,2";
			};
			name = Debug;
		};
		3AFDD9151FF140FE0061677B /* Release */ = {
			isa = XCBuildConfiguration;
			baseConfigurationReference = D7D1701FA780948313EFDD2E /* Pods-Pisth.release.xcconfig */;
			buildSettings = {
				ASSETCATALOG_COMPILER_APPICON_NAME = AppIcon;
				CODE_SIGN_IDENTITY = "iPhone Distribution";
				"CODE_SIGN_IDENTITY[sdk=iphoneos*]" = "iPhone Developer";
				CODE_SIGN_STYLE = Automatic;
				DEVELOPMENT_TEAM = Y96PL6G497;
				INFOPLIST_FILE = Pisth/Info.plist;
				IPHONEOS_DEPLOYMENT_TARGET = 10.0;
				LD_RUNPATH_SEARCH_PATHS = "$(inherited) @executable_path/Frameworks";
				PRODUCT_BUNDLE_IDENTIFIER = ch.marcela.ada.Pisth;
				PRODUCT_NAME = "$(TARGET_NAME)";
				PROVISIONING_PROFILE_SPECIFIER = "";
				SWIFT_VERSION = 4.0;
				TARGETED_DEVICE_FAMILY = "1,2";
			};
			name = Release;
		};
/* End XCBuildConfiguration section */

/* Begin XCConfigurationList section */
		3AA3FDD120275E9200C07C7A /* Build configuration list for PBXNativeTarget "Pisth Viewer" */ = {
			isa = XCConfigurationList;
			buildConfigurations = (
				3AA3FDD220275E9200C07C7A /* Debug */,
				3AA3FDD320275E9200C07C7A /* Release */,
			);
			defaultConfigurationIsVisible = 0;
			defaultConfigurationName = Release;
		};
		3AFDD8FC1FF140FD0061677B /* Build configuration list for PBXProject "Pisth" */ = {
			isa = XCConfigurationList;
			buildConfigurations = (
				3AFDD9111FF140FE0061677B /* Debug */,
				3AFDD9121FF140FE0061677B /* Release */,
			);
			defaultConfigurationIsVisible = 0;
			defaultConfigurationName = Release;
		};
		3AFDD9131FF140FE0061677B /* Build configuration list for PBXNativeTarget "Pisth" */ = {
			isa = XCConfigurationList;
			buildConfigurations = (
				3AFDD9141FF140FE0061677B /* Debug */,
				3AFDD9151FF140FE0061677B /* Release */,
			);
			defaultConfigurationIsVisible = 0;
			defaultConfigurationName = Release;
		};
/* End XCConfigurationList section */

/* Begin XCVersionGroup section */
		3AFDD91C1FF152010061677B /* Pisth.xcdatamodeld */ = {
			isa = XCVersionGroup;
			children = (
				3AFDD91D1FF152010061677B /* Pisth.xcdatamodel */,
			);
			currentVersion = 3AFDD91D1FF152010061677B /* Pisth.xcdatamodel */;
			path = Pisth.xcdatamodeld;
			sourceTree = "<group>";
			versionGroupType = wrapper.xcdatamodel;
		};
/* End XCVersionGroup section */
	};
	rootObject = 3AFDD8F91FF140FD0061677B /* Project object */;
}
