// !$*UTF8*$!
{
	archiveVersion = 1;
	classes = {
	};
	objectVersion = 48;
	objects = {

/* Begin PBXBuildFile section */
		3A5A60DE1FF1B4A200E94579 /* ConnectionManager.swift in Sources */ = {isa = PBXBuildFile; fileRef = 3A5A60DD1FF1B4A200E94579 /* ConnectionManager.swift */; };
		3A5A60E71FF1BB9F00E94579 /* DirectoryTableViewController.swift in Sources */ = {isa = PBXBuildFile; fileRef = 3A5A60E61FF1BB9F00E94579 /* DirectoryTableViewController.swift */; };
		3A5A60E91FF1C6D300E94579 /* FileTableViewCell.xib in Resources */ = {isa = PBXBuildFile; fileRef = 3A5A60E81FF1C6D300E94579 /* FileTableViewCell.xib */; };
		3AA117F11FF414CA007BB84A /* LocalDirectoryTableViewControllerDelegate.swift in Sources */ = {isa = PBXBuildFile; fileRef = 3AA117F01FF414CA007BB84A /* LocalDirectoryTableViewControllerDelegate.swift */; };
		3AA117F31FF417BF007BB84A /* UINavigationController.swift in Sources */ = {isa = PBXBuildFile; fileRef = 3AA117F21FF417BF007BB84A /* UINavigationController.swift */; };
		3AA117F51FF4257A007BB84A /* SaveFile.swift in Sources */ = {isa = PBXBuildFile; fileRef = 3AA117F41FF4257A007BB84A /* SaveFile.swift */; };
		3AA117F71FF4281E007BB84A /* fileIcon.swift in Sources */ = {isa = PBXBuildFile; fileRef = 3AA117F61FF4281E007BB84A /* fileIcon.swift */; };
		3AAF00E51FF2C1DE00ECCA6F /* FileTableViewCell.swift in Sources */ = {isa = PBXBuildFile; fileRef = 3AAF00E41FF2C1DE00ECCA6F /* FileTableViewCell.swift */; };
		3AAF00E91FF2D00600ECCA6F /* LocalDirectoryTableViewController.swift in Sources */ = {isa = PBXBuildFile; fileRef = 3AAF00E81FF2D00600ECCA6F /* LocalDirectoryTableViewController.swift */; };
		3AAF00EB1FF2D4F400ECCA6F /* FIleManager+documents.swift in Sources */ = {isa = PBXBuildFile; fileRef = 3AAF00EA1FF2D4F400ECCA6F /* FIleManager+documents.swift */; };
		3AAF00EF1FF2DBE500ECCA6F /* EditTextViewController.swift in Sources */ = {isa = PBXBuildFile; fileRef = 3AAF00EE1FF2DBE500ECCA6F /* EditTextViewController.swift */; };
		3AE8359F1FF2DCB30073D06E /* EditTextViewController.xib in Resources */ = {isa = PBXBuildFile; fileRef = 3AE8359E1FF2DCB30073D06E /* EditTextViewController.xib */; };
		3AE835A11FF2DE350073D06E /* LicensesView.xib in Resources */ = {isa = PBXBuildFile; fileRef = 3AE835A01FF2DE350073D06E /* LicensesView.xib */; };
		3AEC433A1FF2F18B0066BC33 /* ActivityViewController.swift in Sources */ = {isa = PBXBuildFile; fileRef = 3AEC43391FF2F18B0066BC33 /* ActivityViewController.swift */; };
		3AFDD9051FF140FE0061677B /* AppDelegate.swift in Sources */ = {isa = PBXBuildFile; fileRef = 3AFDD9041FF140FE0061677B /* AppDelegate.swift */; };
		3AFDD90F1FF140FE0061677B /* LaunchScreen.storyboard in Resources */ = {isa = PBXBuildFile; fileRef = 3AFDD90D1FF140FE0061677B /* LaunchScreen.storyboard */; };
		3AFDD9171FF147860061677B /* Assets.xcassets in Resources */ = {isa = PBXBuildFile; fileRef = 3AFDD9161FF147860061677B /* Assets.xcassets */; };
		3AFDD91B1FF14C1F0061677B /* BookmarksTableViewController.swift in Sources */ = {isa = PBXBuildFile; fileRef = 3AFDD91A1FF14C1F0061677B /* BookmarksTableViewController.swift */; };
		3AFDD91E1FF152010061677B /* Pisth.xcdatamodeld in Sources */ = {isa = PBXBuildFile; fileRef = 3AFDD91C1FF152010061677B /* Pisth.xcdatamodeld */; };
		3AFDD9201FF1541E0061677B /* RemoteConnection.swift in Sources */ = {isa = PBXBuildFile; fileRef = 3AFDD91F1FF1541E0061677B /* RemoteConnection.swift */; };
		3AFF2EF41FF199AC004D2D9D /* DataManager.swift in Sources */ = {isa = PBXBuildFile; fileRef = 3AFF2EF31FF199AC004D2D9D /* DataManager.swift */; };
		E6019D50D0EABA90DF0A9142 /* Pods_Pisth.framework in Frameworks */ = {isa = PBXBuildFile; fileRef = 9F5574F1BD4D24D32463896F /* Pods_Pisth.framework */; };
/* End PBXBuildFile section */

/* Begin PBXFileReference section */
		3A5A60DD1FF1B4A200E94579 /* ConnectionManager.swift */ = {isa = PBXFileReference; lastKnownFileType = sourcecode.swift; path = ConnectionManager.swift; sourceTree = "<group>"; };
		3A5A60E61FF1BB9F00E94579 /* DirectoryTableViewController.swift */ = {isa = PBXFileReference; fileEncoding = 4; lastKnownFileType = sourcecode.swift; path = DirectoryTableViewController.swift; sourceTree = "<group>"; };
		3A5A60E81FF1C6D300E94579 /* FileTableViewCell.xib */ = {isa = PBXFileReference; lastKnownFileType = file.xib; path = FileTableViewCell.xib; sourceTree = "<group>"; };
		3AA117F01FF414CA007BB84A /* LocalDirectoryTableViewControllerDelegate.swift */ = {isa = PBXFileReference; lastKnownFileType = sourcecode.swift; path = LocalDirectoryTableViewControllerDelegate.swift; sourceTree = "<group>"; };
		3AA117F21FF417BF007BB84A /* UINavigationController.swift */ = {isa = PBXFileReference; lastKnownFileType = sourcecode.swift; path = UINavigationController.swift; sourceTree = "<group>"; };
		3AA117F41FF4257A007BB84A /* SaveFile.swift */ = {isa = PBXFileReference; lastKnownFileType = sourcecode.swift; path = SaveFile.swift; sourceTree = "<group>"; };
		3AA117F61FF4281E007BB84A /* fileIcon.swift */ = {isa = PBXFileReference; lastKnownFileType = sourcecode.swift; path = fileIcon.swift; sourceTree = "<group>"; };
		3AAF00E41FF2C1DE00ECCA6F /* FileTableViewCell.swift */ = {isa = PBXFileReference; lastKnownFileType = sourcecode.swift; path = FileTableViewCell.swift; sourceTree = "<group>"; };
		3AAF00E81FF2D00600ECCA6F /* LocalDirectoryTableViewController.swift */ = {isa = PBXFileReference; lastKnownFileType = sourcecode.swift; path = LocalDirectoryTableViewController.swift; sourceTree = "<group>"; };
		3AAF00EA1FF2D4F400ECCA6F /* FIleManager+documents.swift */ = {isa = PBXFileReference; lastKnownFileType = sourcecode.swift; path = "FIleManager+documents.swift"; sourceTree = "<group>"; };
		3AAF00EE1FF2DBE500ECCA6F /* EditTextViewController.swift */ = {isa = PBXFileReference; lastKnownFileType = sourcecode.swift; path = EditTextViewController.swift; sourceTree = "<group>"; };
		3AE8359E1FF2DCB30073D06E /* EditTextViewController.xib */ = {isa = PBXFileReference; lastKnownFileType = file.xib; path = EditTextViewController.xib; sourceTree = "<group>"; };
		3AE835A01FF2DE350073D06E /* LicensesView.xib */ = {isa = PBXFileReference; lastKnownFileType = file.xib; path = LicensesView.xib; sourceTree = "<group>"; };
		3AEC43391FF2F18B0066BC33 /* ActivityViewController.swift */ = {isa = PBXFileReference; lastKnownFileType = sourcecode.swift; path = ActivityViewController.swift; sourceTree = "<group>"; };
		3AFDD9011FF140FE0061677B /* Pisth.app */ = {isa = PBXFileReference; explicitFileType = wrapper.application; includeInIndex = 0; path = Pisth.app; sourceTree = BUILT_PRODUCTS_DIR; };
		3AFDD9041FF140FE0061677B /* AppDelegate.swift */ = {isa = PBXFileReference; lastKnownFileType = sourcecode.swift; path = AppDelegate.swift; sourceTree = "<group>"; };
		3AFDD90E1FF140FE0061677B /* Base */ = {isa = PBXFileReference; lastKnownFileType = file.storyboard; name = Base; path = Base.lproj/LaunchScreen.storyboard; sourceTree = "<group>"; };
		3AFDD9101FF140FE0061677B /* Info.plist */ = {isa = PBXFileReference; lastKnownFileType = text.plist.xml; path = Info.plist; sourceTree = "<group>"; };
		3AFDD9161FF147860061677B /* Assets.xcassets */ = {isa = PBXFileReference; lastKnownFileType = folder.assetcatalog; path = Assets.xcassets; sourceTree = "<group>"; };
		3AFDD91A1FF14C1F0061677B /* BookmarksTableViewController.swift */ = {isa = PBXFileReference; lastKnownFileType = sourcecode.swift; path = BookmarksTableViewController.swift; sourceTree = "<group>"; };
		3AFDD91D1FF152010061677B /* Pisth.xcdatamodel */ = {isa = PBXFileReference; lastKnownFileType = wrapper.xcdatamodel; path = Pisth.xcdatamodel; sourceTree = "<group>"; };
		3AFDD91F1FF1541E0061677B /* RemoteConnection.swift */ = {isa = PBXFileReference; lastKnownFileType = sourcecode.swift; path = RemoteConnection.swift; sourceTree = "<group>"; };
		3AFF2EF31FF199AC004D2D9D /* DataManager.swift */ = {isa = PBXFileReference; lastKnownFileType = sourcecode.swift; path = DataManager.swift; sourceTree = "<group>"; };
		9F5574F1BD4D24D32463896F /* Pods_Pisth.framework */ = {isa = PBXFileReference; explicitFileType = wrapper.framework; includeInIndex = 0; path = Pods_Pisth.framework; sourceTree = BUILT_PRODUCTS_DIR; };
		D751325DE74D3465BA4BA8DD /* Pods-Pisth.debug.xcconfig */ = {isa = PBXFileReference; includeInIndex = 1; lastKnownFileType = text.xcconfig; name = "Pods-Pisth.debug.xcconfig"; path = "Pods/Target Support Files/Pods-Pisth/Pods-Pisth.debug.xcconfig"; sourceTree = "<group>"; };
		D7D1701FA780948313EFDD2E /* Pods-Pisth.release.xcconfig */ = {isa = PBXFileReference; includeInIndex = 1; lastKnownFileType = text.xcconfig; name = "Pods-Pisth.release.xcconfig"; path = "Pods/Target Support Files/Pods-Pisth/Pods-Pisth.release.xcconfig"; sourceTree = "<group>"; };
/* End PBXFileReference section */

/* Begin PBXFrameworksBuildPhase section */
		3AFDD8FE1FF140FE0061677B /* Frameworks */ = {
			isa = PBXFrameworksBuildPhase;
			buildActionMask = 2147483647;
			files = (
				E6019D50D0EABA90DF0A9142 /* Pods_Pisth.framework in Frameworks */,
			);
			runOnlyForDeploymentPostprocessing = 0;
		};
/* End PBXFrameworksBuildPhase section */

/* Begin PBXGroup section */
		2A2C0BF266D722E068E3424D /* Pods */ = {
			isa = PBXGroup;
			children = (
				D751325DE74D3465BA4BA8DD /* Pods-Pisth.debug.xcconfig */,
				D7D1701FA780948313EFDD2E /* Pods-Pisth.release.xcconfig */,
			);
			name = Pods;
			sourceTree = "<group>";
		};
		3AAF00EC1FF2D50D00ECCA6F /* Helpers */ = {
			isa = PBXGroup;
			children = (
				3AAF00EA1FF2D4F400ECCA6F /* FIleManager+documents.swift */,
				3AFF2EF31FF199AC004D2D9D /* DataManager.swift */,
				3AFDD91F1FF1541E0061677B /* RemoteConnection.swift */,
				3A5A60DD1FF1B4A200E94579 /* ConnectionManager.swift */,
				3AEC43391FF2F18B0066BC33 /* ActivityViewController.swift */,
				3AA117F01FF414CA007BB84A /* LocalDirectoryTableViewControllerDelegate.swift */,
				3AA117F21FF417BF007BB84A /* UINavigationController.swift */,
				3AA117F41FF4257A007BB84A /* SaveFile.swift */,
				3AA117F61FF4281E007BB84A /* fileIcon.swift */,
			);
			path = Helpers;
			sourceTree = "<group>";
		};
		3AAF00ED1FF2D52300ECCA6F /* ViewController */ = {
			isa = PBXGroup;
			children = (
				3AFDD91A1FF14C1F0061677B /* BookmarksTableViewController.swift */,
				3A5A60E61FF1BB9F00E94579 /* DirectoryTableViewController.swift */,
				3AAF00E81FF2D00600ECCA6F /* LocalDirectoryTableViewController.swift */,
				3AAF00EE1FF2DBE500ECCA6F /* EditTextViewController.swift */,
				3AE8359E1FF2DCB30073D06E /* EditTextViewController.xib */,
				3AE835A01FF2DE350073D06E /* LicensesView.xib */,
			);
			path = ViewController;
			sourceTree = "<group>";
		};
		3AFDD8F81FF140FD0061677B = {
			isa = PBXGroup;
			children = (
				3AFDD9031FF140FE0061677B /* Pisth */,
				3AFDD9021FF140FE0061677B /* Products */,
				2A2C0BF266D722E068E3424D /* Pods */,
				56249940C7FBF904B64CFA50 /* Frameworks */,
			);
			sourceTree = "<group>";
		};
		3AFDD9021FF140FE0061677B /* Products */ = {
			isa = PBXGroup;
			children = (
				3AFDD9011FF140FE0061677B /* Pisth.app */,
			);
			name = Products;
			sourceTree = "<group>";
		};
		3AFDD9031FF140FE0061677B /* Pisth */ = {
			isa = PBXGroup;
			children = (
				3AFDD9041FF140FE0061677B /* AppDelegate.swift */,
				3AAF00EC1FF2D50D00ECCA6F /* Helpers */,
				3AAF00ED1FF2D52300ECCA6F /* ViewController */,
				3AAF00E41FF2C1DE00ECCA6F /* FileTableViewCell.swift */,
				3A5A60E81FF1C6D300E94579 /* FileTableViewCell.xib */,
				3AFDD90D1FF140FE0061677B /* LaunchScreen.storyboard */,
				3AFDD9101FF140FE0061677B /* Info.plist */,
				3AFDD9161FF147860061677B /* Assets.xcassets */,
				3AFDD91C1FF152010061677B /* Pisth.xcdatamodeld */,
			);
			path = Pisth;
			sourceTree = "<group>";
		};
		56249940C7FBF904B64CFA50 /* Frameworks */ = {
			isa = PBXGroup;
			children = (
				9F5574F1BD4D24D32463896F /* Pods_Pisth.framework */,
			);
			name = Frameworks;
			sourceTree = "<group>";
		};
/* End PBXGroup section */

/* Begin PBXNativeTarget section */
		3AFDD9001FF140FE0061677B /* Pisth */ = {
			isa = PBXNativeTarget;
			buildConfigurationList = 3AFDD9131FF140FE0061677B /* Build configuration list for PBXNativeTarget "Pisth" */;
			buildPhases = (
				4608AF53B420636B3889091F /* [CP] Check Pods Manifest.lock */,
				3AFDD8FD1FF140FE0061677B /* Sources */,
				3AFDD8FE1FF140FE0061677B /* Frameworks */,
				3AFDD8FF1FF140FE0061677B /* Resources */,
				F21CA456D2169C5D27312609 /* [CP] Embed Pods Frameworks */,
				C359C90E836AEDA0878550B8 /* [CP] Copy Pods Resources */,
			);
			buildRules = (
			);
			dependencies = (
			);
			name = Pisth;
			productName = Pisth;
			productReference = 3AFDD9011FF140FE0061677B /* Pisth.app */;
			productType = "com.apple.product-type.application";
		};
/* End PBXNativeTarget section */

/* Begin PBXProject section */
		3AFDD8F91FF140FD0061677B /* Project object */ = {
			isa = PBXProject;
			attributes = {
				LastSwiftUpdateCheck = 0910;
				LastUpgradeCheck = 0910;
				ORGANIZATIONNAME = ADA;
				TargetAttributes = {
					3AFDD9001FF140FE0061677B = {
						CreatedOnToolsVersion = 9.1;
						ProvisioningStyle = Automatic;
					};
				};
			};
			buildConfigurationList = 3AFDD8FC1FF140FD0061677B /* Build configuration list for PBXProject "Pisth" */;
			compatibilityVersion = "Xcode 8.0";
			developmentRegion = en;
			hasScannedForEncodings = 0;
			knownRegions = (
				en,
				Base,
			);
			mainGroup = 3AFDD8F81FF140FD0061677B;
			productRefGroup = 3AFDD9021FF140FE0061677B /* Products */;
			projectDirPath = "";
			projectRoot = "";
			targets = (
				3AFDD9001FF140FE0061677B /* Pisth */,
			);
		};
/* End PBXProject section */

/* Begin PBXResourcesBuildPhase section */
		3AFDD8FF1FF140FE0061677B /* Resources */ = {
			isa = PBXResourcesBuildPhase;
			buildActionMask = 2147483647;
			files = (
				3AFDD9171FF147860061677B /* Assets.xcassets in Resources */,
				3AFDD90F1FF140FE0061677B /* LaunchScreen.storyboard in Resources */,
				3A5A60E91FF1C6D300E94579 /* FileTableViewCell.xib in Resources */,
				3AE8359F1FF2DCB30073D06E /* EditTextViewController.xib in Resources */,
				3AE835A11FF2DE350073D06E /* LicensesView.xib in Resources */,
			);
			runOnlyForDeploymentPostprocessing = 0;
		};
/* End PBXResourcesBuildPhase section */

/* Begin PBXShellScriptBuildPhase section */
		4608AF53B420636B3889091F /* [CP] Check Pods Manifest.lock */ = {
			isa = PBXShellScriptBuildPhase;
			buildActionMask = 2147483647;
			files = (
			);
			inputPaths = (
			);
			name = "[CP] Check Pods Manifest.lock";
			outputPaths = (
			);
			runOnlyForDeploymentPostprocessing = 0;
			shellPath = /bin/sh;
			shellScript = "diff \"${PODS_ROOT}/../Podfile.lock\" \"${PODS_ROOT}/Manifest.lock\" > /dev/null\nif [ $? != 0 ] ; then\n    # print error to STDERR\n    echo \"error: The sandbox is not in sync with the Podfile.lock. Run 'pod install' or update your CocoaPods installation.\" >&2\n    exit 1\nfi\n";
			showEnvVarsInLog = 0;
		};
		C359C90E836AEDA0878550B8 /* [CP] Copy Pods Resources */ = {
			isa = PBXShellScriptBuildPhase;
			buildActionMask = 2147483647;
			files = (
			);
			inputPaths = (
			);
			name = "[CP] Copy Pods Resources";
			outputPaths = (
			);
			runOnlyForDeploymentPostprocessing = 0;
			shellPath = /bin/sh;
			shellScript = "\"${SRCROOT}/Pods/Target Support Files/Pods-Pisth/Pods-Pisth-resources.sh\"\n";
			showEnvVarsInLog = 0;
		};
		F21CA456D2169C5D27312609 /* [CP] Embed Pods Frameworks */ = {
			isa = PBXShellScriptBuildPhase;
			buildActionMask = 2147483647;
			files = (
			);
			inputPaths = (
			);
			name = "[CP] Embed Pods Frameworks";
			outputPaths = (
			);
			runOnlyForDeploymentPostprocessing = 0;
			shellPath = /bin/sh;
			shellScript = "\"${SRCROOT}/Pods/Target Support Files/Pods-Pisth/Pods-Pisth-frameworks.sh\"\n";
			showEnvVarsInLog = 0;
		};
/* End PBXShellScriptBuildPhase section */

/* Begin PBXSourcesBuildPhase section */
		3AFDD8FD1FF140FE0061677B /* Sources */ = {
			isa = PBXSourcesBuildPhase;
			buildActionMask = 2147483647;
			files = (
				3AAF00EF1FF2DBE500ECCA6F /* EditTextViewController.swift in Sources */,
				3AFDD9051FF140FE0061677B /* AppDelegate.swift in Sources */,
				3AA117F71FF4281E007BB84A /* fileIcon.swift in Sources */,
				3AFF2EF41FF199AC004D2D9D /* DataManager.swift in Sources */,
				3A5A60DE1FF1B4A200E94579 /* ConnectionManager.swift in Sources */,
				3AFDD91B1FF14C1F0061677B /* BookmarksTableViewController.swift in Sources */,
				3AAF00E91FF2D00600ECCA6F /* LocalDirectoryTableViewController.swift in Sources */,
				3AFDD91E1FF152010061677B /* Pisth.xcdatamodeld in Sources */,
				3AAF00EB1FF2D4F400ECCA6F /* FIleManager+documents.swift in Sources */,
				3AEC433A1FF2F18B0066BC33 /* ActivityViewController.swift in Sources */,
				3AA117F11FF414CA007BB84A /* LocalDirectoryTableViewControllerDelegate.swift in Sources */,
				3AAF00E51FF2C1DE00ECCA6F /* FileTableViewCell.swift in Sources */,
				3AFDD9201FF1541E0061677B /* RemoteConnection.swift in Sources */,
				3A5A60E71FF1BB9F00E94579 /* DirectoryTableViewController.swift in Sources */,
				3AA117F31FF417BF007BB84A /* UINavigationController.swift in Sources */,
				3AA117F51FF4257A007BB84A /* SaveFile.swift in Sources */,
			);
			runOnlyForDeploymentPostprocessing = 0;
		};
/* End PBXSourcesBuildPhase section */

/* Begin PBXVariantGroup section */
		3AFDD90D1FF140FE0061677B /* LaunchScreen.storyboard */ = {
			isa = PBXVariantGroup;
			children = (
				3AFDD90E1FF140FE0061677B /* Base */,
			);
			name = LaunchScreen.storyboard;
			sourceTree = "<group>";
		};
/* End PBXVariantGroup section */

/* Begin XCBuildConfiguration section */
		3AFDD9111FF140FE0061677B /* Debug */ = {
			isa = XCBuildConfiguration;
			buildSettings = {
				ALWAYS_SEARCH_USER_PATHS = NO;
				CLANG_ANALYZER_NONNULL = YES;
				CLANG_ANALYZER_NUMBER_OBJECT_CONVERSION = YES_AGGRESSIVE;
				CLANG_CXX_LANGUAGE_STANDARD = "gnu++14";
				CLANG_CXX_LIBRARY = "libc++";
				CLANG_ENABLE_MODULES = YES;
				CLANG_ENABLE_OBJC_ARC = YES;
				CLANG_WARN_BLOCK_CAPTURE_AUTORELEASING = YES;
				CLANG_WARN_BOOL_CONVERSION = YES;
				CLANG_WARN_COMMA = YES;
				CLANG_WARN_CONSTANT_CONVERSION = YES;
				CLANG_WARN_DIRECT_OBJC_ISA_USAGE = YES_ERROR;
				CLANG_WARN_DOCUMENTATION_COMMENTS = YES;
				CLANG_WARN_EMPTY_BODY = YES;
				CLANG_WARN_ENUM_CONVERSION = YES;
				CLANG_WARN_INFINITE_RECURSION = YES;
				CLANG_WARN_INT_CONVERSION = YES;
				CLANG_WARN_NON_LITERAL_NULL_CONVERSION = YES;
				CLANG_WARN_OBJC_LITERAL_CONVERSION = YES;
				CLANG_WARN_OBJC_ROOT_CLASS = YES_ERROR;
				CLANG_WARN_RANGE_LOOP_ANALYSIS = YES;
				CLANG_WARN_STRICT_PROTOTYPES = YES;
				CLANG_WARN_SUSPICIOUS_MOVE = YES;
				CLANG_WARN_UNGUARDED_AVAILABILITY = YES_AGGRESSIVE;
				CLANG_WARN_UNREACHABLE_CODE = YES;
				CLANG_WARN__DUPLICATE_METHOD_MATCH = YES;
				CODE_SIGN_IDENTITY = "iPhone Developer";
				COPY_PHASE_STRIP = NO;
				DEBUG_INFORMATION_FORMAT = dwarf;
				ENABLE_STRICT_OBJC_MSGSEND = YES;
				ENABLE_TESTABILITY = YES;
				GCC_C_LANGUAGE_STANDARD = gnu11;
				GCC_DYNAMIC_NO_PIC = NO;
				GCC_NO_COMMON_BLOCKS = YES;
				GCC_OPTIMIZATION_LEVEL = 0;
				GCC_PREPROCESSOR_DEFINITIONS = (
					"DEBUG=1",
					"$(inherited)",
				);
				GCC_WARN_64_TO_32_BIT_CONVERSION = YES;
				GCC_WARN_ABOUT_RETURN_TYPE = YES_ERROR;
				GCC_WARN_UNDECLARED_SELECTOR = YES;
				GCC_WARN_UNINITIALIZED_AUTOS = YES_AGGRESSIVE;
				GCC_WARN_UNUSED_FUNCTION = YES;
				GCC_WARN_UNUSED_VARIABLE = YES;
				IPHONEOS_DEPLOYMENT_TARGET = 11.1;
				MTL_ENABLE_DEBUG_INFO = YES;
				ONLY_ACTIVE_ARCH = YES;
				SDKROOT = iphoneos;
				SWIFT_ACTIVE_COMPILATION_CONDITIONS = DEBUG;
				SWIFT_OPTIMIZATION_LEVEL = "-Onone";
			};
			name = Debug;
		};
		3AFDD9121FF140FE0061677B /* Release */ = {
			isa = XCBuildConfiguration;
			buildSettings = {
				ALWAYS_SEARCH_USER_PATHS = NO;
				CLANG_ANALYZER_NONNULL = YES;
				CLANG_ANALYZER_NUMBER_OBJECT_CONVERSION = YES_AGGRESSIVE;
				CLANG_CXX_LANGUAGE_STANDARD = "gnu++14";
				CLANG_CXX_LIBRARY = "libc++";
				CLANG_ENABLE_MODULES = YES;
				CLANG_ENABLE_OBJC_ARC = YES;
				CLANG_WARN_BLOCK_CAPTURE_AUTORELEASING = YES;
				CLANG_WARN_BOOL_CONVERSION = YES;
				CLANG_WARN_COMMA = YES;
				CLANG_WARN_CONSTANT_CONVERSION = YES;
				CLANG_WARN_DIRECT_OBJC_ISA_USAGE = YES_ERROR;
				CLANG_WARN_DOCUMENTATION_COMMENTS = YES;
				CLANG_WARN_EMPTY_BODY = YES;
				CLANG_WARN_ENUM_CONVERSION = YES;
				CLANG_WARN_INFINITE_RECURSION = YES;
				CLANG_WARN_INT_CONVERSION = YES;
				CLANG_WARN_NON_LITERAL_NULL_CONVERSION = YES;
				CLANG_WARN_OBJC_LITERAL_CONVERSION = YES;
				CLANG_WARN_OBJC_ROOT_CLASS = YES_ERROR;
				CLANG_WARN_RANGE_LOOP_ANALYSIS = YES;
				CLANG_WARN_STRICT_PROTOTYPES = YES;
				CLANG_WARN_SUSPICIOUS_MOVE = YES;
				CLANG_WARN_UNGUARDED_AVAILABILITY = YES_AGGRESSIVE;
				CLANG_WARN_UNREACHABLE_CODE = YES;
				CLANG_WARN__DUPLICATE_METHOD_MATCH = YES;
				CODE_SIGN_IDENTITY = "iPhone Developer";
				COPY_PHASE_STRIP = NO;
				DEBUG_INFORMATION_FORMAT = "dwarf-with-dsym";
				ENABLE_NS_ASSERTIONS = NO;
				ENABLE_STRICT_OBJC_MSGSEND = YES;
				GCC_C_LANGUAGE_STANDARD = gnu11;
				GCC_NO_COMMON_BLOCKS = YES;
				GCC_WARN_64_TO_32_BIT_CONVERSION = YES;
				GCC_WARN_ABOUT_RETURN_TYPE = YES_ERROR;
				GCC_WARN_UNDECLARED_SELECTOR = YES;
				GCC_WARN_UNINITIALIZED_AUTOS = YES_AGGRESSIVE;
				GCC_WARN_UNUSED_FUNCTION = YES;
				GCC_WARN_UNUSED_VARIABLE = YES;
				IPHONEOS_DEPLOYMENT_TARGET = 11.1;
				MTL_ENABLE_DEBUG_INFO = NO;
				SDKROOT = iphoneos;
				SWIFT_OPTIMIZATION_LEVEL = "-Owholemodule";
				VALIDATE_PRODUCT = YES;
			};
			name = Release;
		};
		3AFDD9141FF140FE0061677B /* Debug */ = {
			isa = XCBuildConfiguration;
			baseConfigurationReference = D751325DE74D3465BA4BA8DD /* Pods-Pisth.debug.xcconfig */;
			buildSettings = {
				ASSETCATALOG_COMPILER_APPICON_NAME = AppIcon;
				CODE_SIGN_STYLE = Automatic;
				DEVELOPMENT_TEAM = Y96PL6G497;
				INFOPLIST_FILE = Pisth/Info.plist;
				LD_RUNPATH_SEARCH_PATHS = "$(inherited) @executable_path/Frameworks";
				PRODUCT_BUNDLE_IDENTIFIER = ch.marcela.ada.Pisth;
				PRODUCT_NAME = "$(TARGET_NAME)";
				SWIFT_VERSION = 4.0;
				TARGETED_DEVICE_FAMILY = "1,2";
			};
			name = Debug;
		};
		3AFDD9151FF140FE0061677B /* Release */ = {
			isa = XCBuildConfiguration;
			baseConfigurationReference = D7D1701FA780948313EFDD2E /* Pods-Pisth.release.xcconfig */;
			buildSettings = {
				ASSETCATALOG_COMPILER_APPICON_NAME = AppIcon;
				CODE_SIGN_STYLE = Automatic;
				DEVELOPMENT_TEAM = Y96PL6G497;
				INFOPLIST_FILE = Pisth/Info.plist;
				LD_RUNPATH_SEARCH_PATHS = "$(inherited) @executable_path/Frameworks";
				PRODUCT_BUNDLE_IDENTIFIER = ch.marcela.ada.Pisth;
				PRODUCT_NAME = "$(TARGET_NAME)";
				SWIFT_VERSION = 4.0;
				TARGETED_DEVICE_FAMILY = "1,2";
			};
			name = Release;
		};
/* End XCBuildConfiguration section */

/* Begin XCConfigurationList section */
		3AFDD8FC1FF140FD0061677B /* Build configuration list for PBXProject "Pisth" */ = {
			isa = XCConfigurationList;
			buildConfigurations = (
				3AFDD9111FF140FE0061677B /* Debug */,
				3AFDD9121FF140FE0061677B /* Release */,
			);
			defaultConfigurationIsVisible = 0;
			defaultConfigurationName = Release;
		};
		3AFDD9131FF140FE0061677B /* Build configuration list for PBXNativeTarget "Pisth" */ = {
			isa = XCConfigurationList;
			buildConfigurations = (
				3AFDD9141FF140FE0061677B /* Debug */,
				3AFDD9151FF140FE0061677B /* Release */,
			);
			defaultConfigurationIsVisible = 0;
			defaultConfigurationName = Release;
		};
/* End XCConfigurationList section */

/* Begin XCVersionGroup section */
		3AFDD91C1FF152010061677B /* Pisth.xcdatamodeld */ = {
			isa = XCVersionGroup;
			children = (
				3AFDD91D1FF152010061677B /* Pisth.xcdatamodel */,
			);
			currentVersion = 3AFDD91D1FF152010061677B /* Pisth.xcdatamodel */;
			path = Pisth.xcdatamodeld;
			sourceTree = "<group>";
			versionGroupType = wrapper.xcdatamodel;
		};
/* End XCVersionGroup section */
	};
	rootObject = 3AFDD8F91FF140FD0061677B /* Project object */;
}
