PODS:
  - ActionSheetPicker-3.0 (2.3.0)
  - BiometricAuthentication (2.1)
  - Firebase/Core (5.13.0):
    - Firebase/CoreOnly
    - FirebaseAnalytics (= 5.3.0)
  - Firebase/CoreOnly (5.13.0):
    - FirebaseCore (= 5.1.8)
  - FirebaseAnalytics (5.3.0):
    - FirebaseCore (~> 5.1)
    - FirebaseInstanceID (~> 3.3)
    - GoogleAppMeasurement (~> 5.3)
    - GoogleUtilities/AppDelegateSwizzler (~> 5.2)
    - GoogleUtilities/MethodSwizzler (~> 5.2)
    - GoogleUtilities/Network (~> 5.2)
    - "GoogleUtilities/NSData+zlib (~> 5.2)"
    - nanopb (~> 0.3)
  - FirebaseCore (5.1.8):
    - GoogleUtilities/Logger (~> 5.2)
  - FirebaseInstanceID (3.3.0):
    - FirebaseCore (~> 5.1)
    - GoogleUtilities/Environment (~> 5.3)
    - GoogleUtilities/UserDefaults (~> 5.3)
  - GoogleAppMeasurement (5.3.0):
    - GoogleUtilities/AppDelegateSwizzler (~> 5.2)
    - GoogleUtilities/MethodSwizzler (~> 5.2)
    - GoogleUtilities/Network (~> 5.2)
    - "GoogleUtilities/NSData+zlib (~> 5.2)"
    - nanopb (~> 0.3)
  - GoogleUtilities/AppDelegateSwizzler (5.3.6):
    - GoogleUtilities/Environment
    - GoogleUtilities/Logger
    - GoogleUtilities/Network
  - GoogleUtilities/Environment (5.3.6)
  - GoogleUtilities/Logger (5.3.6):
    - GoogleUtilities/Environment
  - GoogleUtilities/MethodSwizzler (5.3.6):
    - GoogleUtilities/Logger
  - GoogleUtilities/Network (5.3.6):
    - GoogleUtilities/Logger
    - "GoogleUtilities/NSData+zlib"
    - GoogleUtilities/Reachability
  - "GoogleUtilities/NSData+zlib (5.3.6)"
  - GoogleUtilities/Reachability (5.3.6):
    - GoogleUtilities/Logger
  - GoogleUtilities/UserDefaults (5.3.6):
    - GoogleUtilities/Logger
  - Highlightr (2.0.1)
  - nanopb (0.3.901):
    - nanopb/decode (= 0.3.901)
    - nanopb/encode (= 0.3.901)
  - nanopb/decode (0.3.901)
  - nanopb/encode (0.3.901)
  - NMSSH (2.3.1)
  - ObjectUserDefaults (1.0)
  - PanelKit (2.0.1)
  - SwiftKeychainWrapper (3.0.1)
  - WhatsNew (0.4.4)
  - Zip (1.1.0)

DEPENDENCIES:
  - ActionSheetPicker-3.0
  - BiometricAuthentication (~> 2.1)
  - Firebase/Core
  - Highlightr (from `https://github.com/raspu/Highlightr.git`, branch `master`)
  - NMSSH
  - ObjectUserDefaults
  - PanelKit
  - SwiftKeychainWrapper
  - WhatsNew (~> 0.4.4)
  - Zip

SPEC REPOS:
  https://github.com/cocoapods/specs.git:
    - ActionSheetPicker-3.0
    - BiometricAuthentication
    - Firebase
    - FirebaseAnalytics
    - FirebaseCore
    - FirebaseInstanceID
    - GoogleAppMeasurement
    - GoogleUtilities
    - nanopb
    - NMSSH
    - ObjectUserDefaults
    - PanelKit
    - SwiftKeychainWrapper
    - WhatsNew
    - Zip

EXTERNAL SOURCES:
  Highlightr:
    :branch: master
    :git: https://github.com/raspu/Highlightr.git

CHECKOUT OPTIONS:
  Highlightr:
    :commit: bd57404c28527b4d40ee15ce9f61fad734ad50a1
    :git: https://github.com/raspu/Highlightr.git

SPEC CHECKSUMS:
  ActionSheetPicker-3.0: eef157d75e151f255c5333d26656c7fbfe905a51
  BiometricAuthentication: 6928c01583bc707f92c11349f190d5ae052217d3
  Firebase: 6df9a6114bc9f106a98fe83d5438d4d9833c2019
  FirebaseAnalytics: 63202d2665de4e6adcbdce189135255d8b5962ba
  FirebaseCore: fba2bfaa691c49028309b92e4dd37cc4b5512fbe
  FirebaseInstanceID: e2fa4cb35ef5558c200f7f0ad8a53e212215f93e
  GoogleAppMeasurement: 5029d78f2b438bd30ffb44e6c558b57c21622727
  GoogleUtilities: 95996bea7c7d9b8fb811b7507669a4a8762f80c7
  Highlightr: 8162b4faba588963fb8852390ea9a78f166a6b99
  nanopb: 2901f78ea1b7b4015c860c2fdd1ea2fee1a18d48
  NMSSH: cd689ae535a1581a6dd9fd4600ff71247df510a6
  ObjectUserDefaults: 72b8d13aea15090168579b079a21cae312a1cefd
  PanelKit: d05cecac1ab39af375b56ff21c7b5a9915a3eb5b
  SwiftKeychainWrapper: 38952a3636320ae61bad3513cadd870929de7a4a
  WhatsNew: ebb4e2a85a0975c7c2705087c0c67939451f8b49
  Zip: 8877eede3dda76bcac281225c20e71c25270774c

PODFILE CHECKSUM: c919e0b44cd280877a006fc13f78deadabc75f06

COCOAPODS: 1.5.3
