PODS:
  - ActionSheetPicker-3.0 (2.3.0)
  - BiometricAuthentication (1.0.5)
  - Firebase/Core (4.9.0):
    - FirebaseAnalytics (= 4.0.9)
    - FirebaseCore (= 4.0.15)
  - FirebaseAnalytics (4.0.9):
    - FirebaseCore (~> 4.0)
    - FirebaseInstanceID (~> 2.0)
    - "GoogleToolboxForMac/NSData+zlib (~> 2.1)"
    - nanopb (~> 0.3)
  - FirebaseCore (4.0.15):
    - "GoogleToolboxForMac/NSData+zlib (~> 2.1)"
  - FirebaseInstanceID (2.0.9):
    - FirebaseCore (~> 4.0)
  - GoogleToolboxForMac/Defines (2.1.3)
  - "GoogleToolboxForMac/NSData+zlib (2.1.3)":
    - GoogleToolboxForMac/Defines (= 2.1.3)
  - Highlightr (2.0.0)
  - nanopb (0.3.8):
    - nanopb/decode (= 0.3.8)
    - nanopb/encode (= 0.3.8)
  - nanopb/decode (0.3.8)
  - nanopb/encode (0.3.8)
  - NMSSH (2.2.8)
  - ObjectUserDefaults (1.0)
  - PanelKit (2.0.1)
  - SwiftKeychainWrapper (3.0.1)
  - WhatsNew (0.4.3)
  - Zip (1.1.0)

DEPENDENCIES:
  - ActionSheetPicker-3.0
  - BiometricAuthentication
  - Firebase/Core
  - Highlightr
  - NMSSH
  - ObjectUserDefaults
  - PanelKit
  - SwiftKeychainWrapper
  - WhatsNew
  - Zip

SPEC REPOS:
  https://github.com/cocoapods/specs.git:
    - ActionSheetPicker-3.0
    - BiometricAuthentication
    - Firebase
    - FirebaseAnalytics
    - FirebaseCore
    - FirebaseInstanceID
    - GoogleToolboxForMac
    - Highlightr
    - nanopb
    - NMSSH
    - ObjectUserDefaults
    - PanelKit
    - SwiftKeychainWrapper
    - WhatsNew
    - Zip

SPEC CHECKSUMS:
  ActionSheetPicker-3.0: eef157d75e151f255c5333d26656c7fbfe905a51
  BiometricAuthentication: e80e99bf1fe871ab624172eb91f1ddbbc47499b5
  Firebase: 632216af3ed7f31e3be34776947fdc7546cfb572
  FirebaseAnalytics: 388b630c15713f5dbf364071f5f3d6077fb52f4e
  FirebaseCore: 3bd047463058fa6b5d312c97502c52e45401cdfb
  FirebaseInstanceID: d2058a35e9bebda1b6dd42486b84917bde552a9d
  GoogleToolboxForMac: 2501e2ad72a52eb3dfe7bd9aee7dad11b858bd20
  Highlightr: e68a91ed9067ef0a787b920dd9becbd9935c2b79
  nanopb: 5601e6bca2dbf1ed831b519092ec110f66982ca3
  NMSSH: b722885a07485a2c03ffa3ea56a7b0308dbdc37c
  ObjectUserDefaults: 72b8d13aea15090168579b079a21cae312a1cefd
  PanelKit: d05cecac1ab39af375b56ff21c7b5a9915a3eb5b
  SwiftKeychainWrapper: 38952a3636320ae61bad3513cadd870929de7a4a
  WhatsNew: ddf224a0ac4f5fc32deb15188c820ccc625f4929
  Zip: 8877eede3dda76bcac281225c20e71c25270774c

PODFILE CHECKSUM: 2f92fb6c2b042a2da40db2b3eef38b91cf75ef9a

COCOAPODS: 1.5.2
