// !$*UTF8*$!
{
	archiveVersion = 1;
	classes = {
	};
	objectVersion = 48;
	objects = {

/* Begin PBXBuildFile section */
		3A5F98402066FFB900E43793 /* InstallerViewController.swift in Sources */ = {isa = PBXBuildFile; fileRef = 3A5F983F2066FFB900E43793 /* InstallerViewController.swift */; };
		3A610C6F207E98C80026E627 /* amzn.png in Resources */ = {isa = PBXBuildFile; fileRef = 3A610C5D207E98C40026E627 /* amzn.png */; };
		3A610C70207E98C80026E627 /* arch.png in Resources */ = {isa = PBXBuildFile; fileRef = 3A610C5E207E98C40026E627 /* arch.png */; };
		3A610C71207E98C80026E627 /* centos.png in Resources */ = {isa = PBXBuildFile; fileRef = 3A610C5F207E98C40026E627 /* centos.png */; };
		3A610C72207E98C80026E627 /* darwin.png in Resources */ = {isa = PBXBuildFile; fileRef = 3A610C60207E98C40026E627 /* darwin.png */; };
		3A610C73207E98C80026E627 /* debian.png in Resources */ = {isa = PBXBuildFile; fileRef = 3A610C61207E98C40026E627 /* debian.png */; };
		3A610C74207E98C80026E627 /* fedora.png in Resources */ = {isa = PBXBuildFile; fileRef = 3A610C62207E98C40026E627 /* fedora.png */; };
		3A610C75207E98C80026E627 /* linux.png in Resources */ = {isa = PBXBuildFile; fileRef = 3A610C63207E98C40026E627 /* linux.png */; };
		3A610C76207E98C80026E627 /* opensuse.png in Resources */ = {isa = PBXBuildFile; fileRef = 3A610C64207E98C40026E627 /* opensuse.png */; };
		3A610C77207E98C80026E627 /* raspbian.png in Resources */ = {isa = PBXBuildFile; fileRef = 3A610C65207E98C40026E627 /* raspbian.png */; };
		3A610C78207E98C80026E627 /* rhel.png in Resources */ = {isa = PBXBuildFile; fileRef = 3A610C66207E98C40026E627 /* rhel.png */; };
		3A610C79207E98C80026E627 /* slackware.png in Resources */ = {isa = PBXBuildFile; fileRef = 3A610C67207E98C40026E627 /* slackware.png */; };
		3A610C7A207E98C80026E627 /* sles.png in Resources */ = {isa = PBXBuildFile; fileRef = 3A610C68207E98C40026E627 /* sles.png */; };
		3A610C7B207E98C80026E627 /* ubuntu.png in Resources */ = {isa = PBXBuildFile; fileRef = 3A610C69207E98C40026E627 /* ubuntu.png */; };
		3A610C7D207E99890026E627 /* Connecting.xib in Resources */ = {isa = PBXBuildFile; fileRef = 3A610C7C207E99890026E627 /* Connecting.xib */; };
		3A610C7F207E9B560026E627 /* ConnectingViewController.swift in Sources */ = {isa = PBXBuildFile; fileRef = 3A610C7E207E9B560026E627 /* ConnectingViewController.swift */; };
		3A610C81207EAFD20026E627 /* OpenReason.swift in Sources */ = {isa = PBXBuildFile; fileRef = 3A610C80207EAFD20026E627 /* OpenReason.swift */; };
		3A61DE9420668D450002353B /* Pisth.xcdatamodeld in Sources */ = {isa = PBXBuildFile; fileRef = 3A61DE9220668D450002353B /* Pisth.xcdatamodeld */; };
		3A61DEB02066998B0002353B /* Connection Info.storyboard in Resources */ = {isa = PBXBuildFile; fileRef = 3A61DEAF2066998B0002353B /* Connection Info.storyboard */; };
		3A61DEB220669AB40002353B /* ConnectionsTableViewController.swift in Sources */ = {isa = PBXBuildFile; fileRef = 3A61DEB120669AB40002353B /* ConnectionsTableViewController.swift */; };
		3A61DEB72066A8FF0002353B /* Pisth_Shared.framework in Frameworks */ = {isa = PBXBuildFile; fileRef = 3A61DEB62066A8FF0002353B /* Pisth_Shared.framework */; };
		3A61DEB82066A8FF0002353B /* Pisth_Shared.framework in Embed Frameworks */ = {isa = PBXBuildFile; fileRef = 3A61DEB62066A8FF0002353B /* Pisth_Shared.framework */; settings = {ATTRIBUTES = (CodeSignOnCopy, RemoveHeadersOnCopy, ); }; };
		3A6C51172067ED9700034753 /* Terminal.xib in Resources */ = {isa = PBXBuildFile; fileRef = 3A6C51162067ED9700034753 /* Terminal.xib */; };
		3A6E6FDE207A7AE900050AE3 /* GoogleService-Info.plist in Resources */ = {isa = PBXBuildFile; fileRef = 3A6E6FDC207A7AE800050AE3 /* GoogleService-Info.plist */; };
		3A7532CE2066DF8000CF85D3 /* TabBarController.swift in Sources */ = {isa = PBXBuildFile; fileRef = 3A7532CD2066DF8000CF85D3 /* TabBarController.swift */; };
		3A8034E020703E8800F541F7 /* Pisth_API.framework in Frameworks */ = {isa = PBXBuildFile; fileRef = 3A8034DF20703E8800F541F7 /* Pisth_API.framework */; };
		3A8034E120703E8800F541F7 /* Pisth_API.framework in Embed Frameworks */ = {isa = PBXBuildFile; fileRef = 3A8034DF20703E8800F541F7 /* Pisth_API.framework */; settings = {ATTRIBUTES = (CodeSignOnCopy, RemoveHeadersOnCopy, ); }; };
		3A862DDF2067FFE500090160 /* TerminalWebView.swift in Sources */ = {isa = PBXBuildFile; fileRef = 3A862DDE2067FFE500090160 /* TerminalWebView.swift */; };
		3A9B210C206846F100FAA9DF /* ErrorViewController.swift in Sources */ = {isa = PBXBuildFile; fileRef = 3A9B210B206846F100FAA9DF /* ErrorViewController.swift */; };
		3AA3FA052067D4FB00FBF00A /* TerminalViewController.swift in Sources */ = {isa = PBXBuildFile; fileRef = 3AA3FA042067D4FB00FBF00A /* TerminalViewController.swift */; };
		3AA3FA092067DD4300FBF00A /* InstalledTableViewController.swift in Sources */ = {isa = PBXBuildFile; fileRef = 3AA3FA082067DD4300FBF00A /* InstalledTableViewController.swift */; };
		3AA9BC84206817B0004AF281 /* UIWindow+topViewController.swift in Sources */ = {isa = PBXBuildFile; fileRef = 3AA9BC83206817B0004AF281 /* UIWindow+topViewController.swift */; };
		3AA9BC89206821AE004AF281 /* Installer.storyboard in Resources */ = {isa = PBXBuildFile; fileRef = 3AA9BC88206821AE004AF281 /* Installer.storyboard */; };
		3AA9BC8B20682330004AF281 /* PackagePropertyTableViewCell.swift in Sources */ = {isa = PBXBuildFile; fileRef = 3AA9BC8A20682330004AF281 /* PackagePropertyTableViewCell.swift */; };
		3AB0432B207A9CD4007FC713 /* UpdatesTableViewController.swift in Sources */ = {isa = PBXBuildFile; fileRef = 3AB0432A207A9CD2007FC713 /* UpdatesTableViewController.swift */; };
		3ACDC3DE2065AEBD0049034F /* AppDelegate.swift in Sources */ = {isa = PBXBuildFile; fileRef = 3ACDC3DD2065AEBD0049034F /* AppDelegate.swift */; };
		3ACDC3E32065AEBE0049034F /* Main.storyboard in Resources */ = {isa = PBXBuildFile; fileRef = 3ACDC3E12065AEBE0049034F /* Main.storyboard */; };
		3ACDC3E52065AEC00049034F /* Assets.xcassets in Resources */ = {isa = PBXBuildFile; fileRef = 3ACDC3E42065AEC00049034F /* Assets.xcassets */; };
		3ACDC3E82065AEC00049034F /* LaunchScreen.storyboard in Resources */ = {isa = PBXBuildFile; fileRef = 3ACDC3E62065AEC00049034F /* LaunchScreen.storyboard */; };
		3ACDC3F42065D2610049034F /* PackagesTableViewController.swift in Sources */ = {isa = PBXBuildFile; fileRef = 3ACDC3F32065D2610049034F /* PackagesTableViewController.swift */; };
		3ACDC3F62065D2960049034F /* SettingsTableViewController.swift in Sources */ = {isa = PBXBuildFile; fileRef = 3ACDC3F52065D2960049034F /* SettingsTableViewController.swift */; };
		3AD14BD5207921980075A7EE /* Pisth_Terminal.framework in Frameworks */ = {isa = PBXBuildFile; fileRef = 3AD14BD4207921980075A7EE /* Pisth_Terminal.framework */; };
		3AD14BD6207921980075A7EE /* Pisth_Terminal.framework in Embed Frameworks */ = {isa = PBXBuildFile; fileRef = 3AD14BD4207921980075A7EE /* Pisth_Terminal.framework */; settings = {ATTRIBUTES = (CodeSignOnCopy, RemoveHeadersOnCopy, ); }; };
		3AD2F69F20713FEF0017F2EB /* Web.xib in Resources */ = {isa = PBXBuildFile; fileRef = 3AD2F69B20713FEE0017F2EB /* Web.xib */; };
		D1B65A4FA557546ADBC80216 /* Pods_Pisth_APT.framework in Frameworks */ = {isa = PBXBuildFile; fileRef = CA4D5ED25D29628E51FDD5E4 /* Pods_Pisth_APT.framework */; };
/* End PBXBuildFile section */

/* Begin PBXContainerItemProxy section */
		3A7532C92066CD2600CF85D3 /* PBXContainerItemProxy */ = {
			isa = PBXContainerItemProxy;
			containerPortal = 3A7532C42066CD2300CF85D3 /* Pods.xcodeproj */;
			proxyType = 2;
			remoteGlobalIDString = 1F2A7DB89C766474A2333E8C6EE30AE5;
			remoteInfo = NMSSH;
		};
		3A7532CB2066CD2600CF85D3 /* PBXContainerItemProxy */ = {
			isa = PBXContainerItemProxy;
			containerPortal = 3A7532C42066CD2300CF85D3 /* Pods.xcodeproj */;
			proxyType = 2;
			remoteGlobalIDString = 3EA44E6B68C01AEA61FA1060100FD7A5;
			remoteInfo = "Pods-Pisth APT";
		};
		3A862DE32067FFE600090160 /* PBXContainerItemProxy */ = {
			isa = PBXContainerItemProxy;
			containerPortal = 3A7532C42066CD2300CF85D3 /* Pods.xcodeproj */;
			proxyType = 2;
			remoteGlobalIDString = 2802433BB7AE87BF569091EBFB0FA4C5;
			remoteInfo = BiometricAuthentication;
		};
		3AECA8AE207A7762001F3FF1 /* PBXContainerItemProxy */ = {
			isa = PBXContainerItemProxy;
			containerPortal = 3A7532C42066CD2300CF85D3 /* Pods.xcodeproj */;
			proxyType = 2;
			remoteGlobalIDString = 92B13382B88D1598438C25AD017756D9;
			remoteInfo = GoogleToolboxForMac;
		};
		3AECA8B0207A7762001F3FF1 /* PBXContainerItemProxy */ = {
			isa = PBXContainerItemProxy;
			containerPortal = 3A7532C42066CD2300CF85D3 /* Pods.xcodeproj */;
			proxyType = 2;
			remoteGlobalIDString = 0355E2F7AFDD42DBF1043692059E01D8;
			remoteInfo = nanopb;
		};
/* End PBXContainerItemProxy section */

/* Begin PBXCopyFilesBuildPhase section */
		3A61DEB92066A8FF0002353B /* Embed Frameworks */ = {
			isa = PBXCopyFilesBuildPhase;
			buildActionMask = 2147483647;
			dstPath = "";
			dstSubfolderSpec = 10;
			files = (
				3AD14BD6207921980075A7EE /* Pisth_Terminal.framework in Embed Frameworks */,
				3A8034E120703E8800F541F7 /* Pisth_API.framework in Embed Frameworks */,
				3A61DEB82066A8FF0002353B /* Pisth_Shared.framework in Embed Frameworks */,
			);
			name = "Embed Frameworks";
			runOnlyForDeploymentPostprocessing = 0;
		};
/* End PBXCopyFilesBuildPhase section */

/* Begin PBXFileReference section */
		3A5F983F2066FFB900E43793 /* InstallerViewController.swift */ = {isa = PBXFileReference; lastKnownFileType = sourcecode.swift; path = InstallerViewController.swift; sourceTree = "<group>"; };
		3A610C5D207E98C40026E627 /* amzn.png */ = {isa = PBXFileReference; lastKnownFileType = image.png; path = amzn.png; sourceTree = "<group>"; };
		3A610C5E207E98C40026E627 /* arch.png */ = {isa = PBXFileReference; lastKnownFileType = image.png; path = arch.png; sourceTree = "<group>"; };
		3A610C5F207E98C40026E627 /* centos.png */ = {isa = PBXFileReference; lastKnownFileType = image.png; path = centos.png; sourceTree = "<group>"; };
		3A610C60207E98C40026E627 /* darwin.png */ = {isa = PBXFileReference; lastKnownFileType = image.png; path = darwin.png; sourceTree = "<group>"; };
		3A610C61207E98C40026E627 /* debian.png */ = {isa = PBXFileReference; lastKnownFileType = image.png; path = debian.png; sourceTree = "<group>"; };
		3A610C62207E98C40026E627 /* fedora.png */ = {isa = PBXFileReference; lastKnownFileType = image.png; path = fedora.png; sourceTree = "<group>"; };
		3A610C63207E98C40026E627 /* linux.png */ = {isa = PBXFileReference; lastKnownFileType = image.png; path = linux.png; sourceTree = "<group>"; };
		3A610C64207E98C40026E627 /* opensuse.png */ = {isa = PBXFileReference; lastKnownFileType = image.png; path = opensuse.png; sourceTree = "<group>"; };
		3A610C65207E98C40026E627 /* raspbian.png */ = {isa = PBXFileReference; lastKnownFileType = image.png; path = raspbian.png; sourceTree = "<group>"; };
		3A610C66207E98C40026E627 /* rhel.png */ = {isa = PBXFileReference; lastKnownFileType = image.png; path = rhel.png; sourceTree = "<group>"; };
		3A610C67207E98C40026E627 /* slackware.png */ = {isa = PBXFileReference; lastKnownFileType = image.png; path = slackware.png; sourceTree = "<group>"; };
		3A610C68207E98C40026E627 /* sles.png */ = {isa = PBXFileReference; lastKnownFileType = image.png; path = sles.png; sourceTree = "<group>"; };
		3A610C69207E98C40026E627 /* ubuntu.png */ = {isa = PBXFileReference; lastKnownFileType = image.png; path = ubuntu.png; sourceTree = "<group>"; };
		3A610C7C207E99890026E627 /* Connecting.xib */ = {isa = PBXFileReference; lastKnownFileType = file.xib; path = Connecting.xib; sourceTree = "<group>"; };
		3A610C7E207E9B560026E627 /* ConnectingViewController.swift */ = {isa = PBXFileReference; lastKnownFileType = sourcecode.swift; path = ConnectingViewController.swift; sourceTree = "<group>"; };
		3A610C80207EAFD20026E627 /* OpenReason.swift */ = {isa = PBXFileReference; lastKnownFileType = sourcecode.swift; path = OpenReason.swift; sourceTree = "<group>"; };
		3A61DE9320668D450002353B /* Pisth.xcdatamodel */ = {isa = PBXFileReference; lastKnownFileType = wrapper.xcdatamodel; path = Pisth.xcdatamodel; sourceTree = "<group>"; };
		3A61DEAF2066998B0002353B /* Connection Info.storyboard */ = {isa = PBXFileReference; fileEncoding = 4; lastKnownFileType = file.storyboard; path = "Connection Info.storyboard"; sourceTree = "<group>"; };
		3A61DEB120669AB40002353B /* ConnectionsTableViewController.swift */ = {isa = PBXFileReference; lastKnownFileType = sourcecode.swift; path = ConnectionsTableViewController.swift; sourceTree = "<group>"; };
		3A61DEB62066A8FF0002353B /* Pisth_Shared.framework */ = {isa = PBXFileReference; explicitFileType = wrapper.framework; path = Pisth_Shared.framework; sourceTree = BUILT_PRODUCTS_DIR; };
		3A6C51162067ED9700034753 /* Terminal.xib */ = {isa = PBXFileReference; lastKnownFileType = file.xib; path = Terminal.xib; sourceTree = "<group>"; };
		3A6E6FDC207A7AE800050AE3 /* GoogleService-Info.plist */ = {isa = PBXFileReference; fileEncoding = 4; lastKnownFileType = text.plist.xml; path = "GoogleService-Info.plist"; sourceTree = "<group>"; };
		3A7532C42066CD2300CF85D3 /* Pods.xcodeproj */ = {isa = PBXFileReference; lastKnownFileType = "wrapper.pb-project"; name = Pods.xcodeproj; path = Pods/Pods.xcodeproj; sourceTree = "<group>"; };
		3A7532CD2066DF8000CF85D3 /* TabBarController.swift */ = {isa = PBXFileReference; lastKnownFileType = sourcecode.swift; path = TabBarController.swift; sourceTree = "<group>"; };
		3A8034DF20703E8800F541F7 /* Pisth_API.framework */ = {isa = PBXFileReference; explicitFileType = wrapper.framework; path = Pisth_API.framework; sourceTree = BUILT_PRODUCTS_DIR; };
		3A862DDE2067FFE500090160 /* TerminalWebView.swift */ = {isa = PBXFileReference; lastKnownFileType = sourcecode.swift; path = TerminalWebView.swift; sourceTree = "<group>"; };
		3A9B210B206846F100FAA9DF /* ErrorViewController.swift */ = {isa = PBXFileReference; lastKnownFileType = sourcecode.swift; path = ErrorViewController.swift; sourceTree = "<group>"; };
		3AA3FA042067D4FB00FBF00A /* TerminalViewController.swift */ = {isa = PBXFileReference; lastKnownFileType = sourcecode.swift; path = TerminalViewController.swift; sourceTree = "<group>"; };
		3AA3FA082067DD4300FBF00A /* InstalledTableViewController.swift */ = {isa = PBXFileReference; lastKnownFileType = sourcecode.swift; path = InstalledTableViewController.swift; sourceTree = "<group>"; };
		3AA9BC83206817B0004AF281 /* UIWindow+topViewController.swift */ = {isa = PBXFileReference; lastKnownFileType = sourcecode.swift; path = "UIWindow+topViewController.swift"; sourceTree = "<group>"; };
		3AA9BC88206821AE004AF281 /* Installer.storyboard */ = {isa = PBXFileReference; lastKnownFileType = file.storyboard; path = Installer.storyboard; sourceTree = "<group>"; };
		3AA9BC8A20682330004AF281 /* PackagePropertyTableViewCell.swift */ = {isa = PBXFileReference; lastKnownFileType = sourcecode.swift; path = PackagePropertyTableViewCell.swift; sourceTree = "<group>"; };
		3AB0432A207A9CD2007FC713 /* UpdatesTableViewController.swift */ = {isa = PBXFileReference; fileEncoding = 4; lastKnownFileType = sourcecode.swift; path = UpdatesTableViewController.swift; sourceTree = "<group>"; };
		3ACDC3DA2065AEBD0049034F /* Pisth APT.app */ = {isa = PBXFileReference; explicitFileType = wrapper.application; includeInIndex = 0; path = "Pisth APT.app"; sourceTree = BUILT_PRODUCTS_DIR; };
		3ACDC3DD2065AEBD0049034F /* AppDelegate.swift */ = {isa = PBXFileReference; lastKnownFileType = sourcecode.swift; path = AppDelegate.swift; sourceTree = "<group>"; };
		3ACDC3E22065AEBE0049034F /* Base */ = {isa = PBXFileReference; lastKnownFileType = file.storyboard; name = Base; path = Base.lproj/Main.storyboard; sourceTree = "<group>"; };
		3ACDC3E42065AEC00049034F /* Assets.xcassets */ = {isa = PBXFileReference; lastKnownFileType = folder.assetcatalog; path = Assets.xcassets; sourceTree = "<group>"; };
		3ACDC3E72065AEC00049034F /* Base */ = {isa = PBXFileReference; lastKnownFileType = file.storyboard; name = Base; path = Base.lproj/LaunchScreen.storyboard; sourceTree = "<group>"; };
		3ACDC3E92065AEC20049034F /* Info.plist */ = {isa = PBXFileReference; lastKnownFileType = text.plist.xml; path = Info.plist; sourceTree = "<group>"; };
		3ACDC3F32065D2610049034F /* PackagesTableViewController.swift */ = {isa = PBXFileReference; lastKnownFileType = sourcecode.swift; path = PackagesTableViewController.swift; sourceTree = "<group>"; };
		3ACDC3F52065D2960049034F /* SettingsTableViewController.swift */ = {isa = PBXFileReference; lastKnownFileType = sourcecode.swift; path = SettingsTableViewController.swift; sourceTree = "<group>"; };
		3AD14BD4207921980075A7EE /* Pisth_Terminal.framework */ = {isa = PBXFileReference; explicitFileType = wrapper.framework; path = Pisth_Terminal.framework; sourceTree = BUILT_PRODUCTS_DIR; };
		3AD2F69B20713FEE0017F2EB /* Web.xib */ = {isa = PBXFileReference; fileEncoding = 4; lastKnownFileType = file.xib; path = Web.xib; sourceTree = "<group>"; };
		612B074A4DE12A21D7587FCA /* Pods-Pisth APT.release.xcconfig */ = {isa = PBXFileReference; includeInIndex = 1; lastKnownFileType = text.xcconfig; name = "Pods-Pisth APT.release.xcconfig"; path = "Pods/Target Support Files/Pods-Pisth APT/Pods-Pisth APT.release.xcconfig"; sourceTree = "<group>"; };
		C4645E0208D03FCCC0AA820B /* Pods-Pisth APT.debug.xcconfig */ = {isa = PBXFileReference; includeInIndex = 1; lastKnownFileType = text.xcconfig; name = "Pods-Pisth APT.debug.xcconfig"; path = "Pods/Target Support Files/Pods-Pisth APT/Pods-Pisth APT.debug.xcconfig"; sourceTree = "<group>"; };
		CA4D5ED25D29628E51FDD5E4 /* Pods_Pisth_APT.framework */ = {isa = PBXFileReference; explicitFileType = wrapper.framework; includeInIndex = 0; path = Pods_Pisth_APT.framework; sourceTree = BUILT_PRODUCTS_DIR; };
/* End PBXFileReference section */

/* Begin PBXFrameworksBuildPhase section */
		3ACDC3D72065AEBD0049034F /* Frameworks */ = {
			isa = PBXFrameworksBuildPhase;
			buildActionMask = 2147483647;
			files = (
				3A8034E020703E8800F541F7 /* Pisth_API.framework in Frameworks */,
				3A61DEB72066A8FF0002353B /* Pisth_Shared.framework in Frameworks */,
				D1B65A4FA557546ADBC80216 /* Pods_Pisth_APT.framework in Frameworks */,
				3AD14BD5207921980075A7EE /* Pisth_Terminal.framework in Frameworks */,
			);
			runOnlyForDeploymentPostprocessing = 0;
		};
/* End PBXFrameworksBuildPhase section */

/* Begin PBXGroup section */
		3A610C5C207E98C40026E627 /* OS */ = {
			isa = PBXGroup;
			children = (
				3A610C5D207E98C40026E627 /* amzn.png */,
				3A610C5E207E98C40026E627 /* arch.png */,
				3A610C5F207E98C40026E627 /* centos.png */,
				3A610C60207E98C40026E627 /* darwin.png */,
				3A610C61207E98C40026E627 /* debian.png */,
				3A610C62207E98C40026E627 /* fedora.png */,
				3A610C63207E98C40026E627 /* linux.png */,
				3A610C64207E98C40026E627 /* opensuse.png */,
				3A610C65207E98C40026E627 /* raspbian.png */,
				3A610C66207E98C40026E627 /* rhel.png */,
				3A610C67207E98C40026E627 /* slackware.png */,
				3A610C68207E98C40026E627 /* sles.png */,
				3A610C69207E98C40026E627 /* ubuntu.png */,
			);
			name = OS;
			path = ../../Pisth/OS;
			sourceTree = "<group>";
		};
		3A61DEB32066A85D0002353B /* Frameworks */ = {
			isa = PBXGroup;
			children = (
				CA4D5ED25D29628E51FDD5E4 /* Pods_Pisth_APT.framework */,
			);
			name = Frameworks;
			sourceTree = "<group>";
		};
		3A7532C52066CD2300CF85D3 /* Products */ = {
			isa = PBXGroup;
			children = (
				3A862DE42067FFE600090160 /* BiometricAuthentication.framework */,
				3AECA8AF207A7762001F3FF1 /* GoogleToolboxForMac.framework */,
				3AECA8B1207A7762001F3FF1 /* nanopb.framework */,
				3A7532CA2066CD2600CF85D3 /* NMSSH.framework */,
				3A7532CC2066CD2600CF85D3 /* Pods_Pisth_APT.framework */,
			);
			name = Products;
			sourceTree = "<group>";
		};
		3AA2450D20791A690096CCF6 /* ViewControllers */ = {
			isa = PBXGroup;
			children = (
				3AA2451120791A760096CCF6 /* Classes */,
				3AA2451220791AA40096CCF6 /* Interface Builder */,
			);
			path = ViewControllers;
			sourceTree = "<group>";
		};
		3AA2451120791A760096CCF6 /* Classes */ = {
			isa = PBXGroup;
			children = (
				3A7532CD2066DF8000CF85D3 /* TabBarController.swift */,
				3A9B210B206846F100FAA9DF /* ErrorViewController.swift */,
				3ACDC3F32065D2610049034F /* PackagesTableViewController.swift */,
				3AA3FA082067DD4300FBF00A /* InstalledTableViewController.swift */,
				3AB0432A207A9CD2007FC713 /* UpdatesTableViewController.swift */,
				3ACDC3F52065D2960049034F /* SettingsTableViewController.swift */,
				3A61DEB120669AB40002353B /* ConnectionsTableViewController.swift */,
				3A5F983F2066FFB900E43793 /* InstallerViewController.swift */,
				3AA3FA042067D4FB00FBF00A /* TerminalViewController.swift */,
				3A610C7E207E9B560026E627 /* ConnectingViewController.swift */,
			);
			path = Classes;
			sourceTree = "<group>";
		};
		3AA2451220791AA40096CCF6 /* Interface Builder */ = {
			isa = PBXGroup;
			children = (
				3ACDC3E12065AEBE0049034F /* Main.storyboard */,
				3A61DEAF2066998B0002353B /* Connection Info.storyboard */,
				3AA9BC88206821AE004AF281 /* Installer.storyboard */,
				3A6C51162067ED9700034753 /* Terminal.xib */,
				3AD2F69B20713FEE0017F2EB /* Web.xib */,
				3A610C7C207E99890026E627 /* Connecting.xib */,
			);
			path = "Interface Builder";
			sourceTree = "<group>";
		};
		3AA2451420791AC70096CCF6 /* Helpers */ = {
			isa = PBXGroup;
			children = (
				3AA2451520791ACE0096CCF6 /* Extensions */,
				3A610C80207EAFD20026E627 /* OpenReason.swift */,
			);
			path = Helpers;
			sourceTree = "<group>";
		};
		3AA2451520791ACE0096CCF6 /* Extensions */ = {
			isa = PBXGroup;
			children = (
				3AA9BC83206817B0004AF281 /* UIWindow+topViewController.swift */,
			);
			path = Extensions;
			sourceTree = "<group>";
		};
		3AA2451620791ADD0096CCF6 /* Views */ = {
			isa = PBXGroup;
			children = (
				3A862DDE2067FFE500090160 /* TerminalWebView.swift */,
				3AA9BC8A20682330004AF281 /* PackagePropertyTableViewCell.swift */,
			);
			path = Views;
			sourceTree = "<group>";
		};
		3AA2451720791AF90096CCF6 /* Resources */ = {
			isa = PBXGroup;
			children = (
				3A610C5C207E98C40026E627 /* OS */,
				3ACDC3E42065AEC00049034F /* Assets.xcassets */,
				3ACDC3E62065AEC00049034F /* LaunchScreen.storyboard */,
				3ACDC3E92065AEC20049034F /* Info.plist */,
				3A6E6FDC207A7AE800050AE3 /* GoogleService-Info.plist */,
			);
			name = Resources;
			sourceTree = "<group>";
		};
		3ACDC3D12065AEBD0049034F = {
			isa = PBXGroup;
			children = (
				3AD14BD4207921980075A7EE /* Pisth_Terminal.framework */,
				3A8034DF20703E8800F541F7 /* Pisth_API.framework */,
				3A61DEB62066A8FF0002353B /* Pisth_Shared.framework */,
				3A7532C42066CD2300CF85D3 /* Pods.xcodeproj */,
				3ACDC3DC2065AEBD0049034F /* Pisth APT */,
				3ACDC3DB2065AEBD0049034F /* Products */,
				3A61DEB32066A85D0002353B /* Frameworks */,
				515F5C750F3936DB365F4445 /* Pods */,
			);
			sourceTree = "<group>";
		};
		3ACDC3DB2065AEBD0049034F /* Products */ = {
			isa = PBXGroup;
			children = (
				3ACDC3DA2065AEBD0049034F /* Pisth APT.app */,
			);
			name = Products;
			sourceTree = "<group>";
		};
		3ACDC3DC2065AEBD0049034F /* Pisth APT */ = {
			isa = PBXGroup;
			children = (
				3ACDC3DD2065AEBD0049034F /* AppDelegate.swift */,
				3AA2451420791AC70096CCF6 /* Helpers */,
				3AA2450D20791A690096CCF6 /* ViewControllers */,
				3AA2451620791ADD0096CCF6 /* Views */,
				3AA2451720791AF90096CCF6 /* Resources */,
				3A61DE9220668D450002353B /* Pisth.xcdatamodeld */,
			);
			path = "Pisth APT";
			sourceTree = "<group>";
		};
		515F5C750F3936DB365F4445 /* Pods */ = {
			isa = PBXGroup;
			children = (
				C4645E0208D03FCCC0AA820B /* Pods-Pisth APT.debug.xcconfig */,
				612B074A4DE12A21D7587FCA /* Pods-Pisth APT.release.xcconfig */,
			);
			name = Pods;
			sourceTree = "<group>";
		};
/* End PBXGroup section */

/* Begin PBXNativeTarget section */
		3ACDC3D92065AEBD0049034F /* Pisth APT */ = {
			isa = PBXNativeTarget;
			buildConfigurationList = 3ACDC3EC2065AEC20049034F /* Build configuration list for PBXNativeTarget "Pisth APT" */;
			buildPhases = (
				2CE6744BE0F86C6AF269A6D6 /* [CP] Check Pods Manifest.lock */,
				3ACDC3D62065AEBD0049034F /* Sources */,
				3ACDC3D72065AEBD0049034F /* Frameworks */,
				3ACDC3D82065AEBD0049034F /* Resources */,
				3A61DEB92066A8FF0002353B /* Embed Frameworks */,
				C03109140F4BF34FE4D66CC3 /* [CP] Embed Pods Frameworks */,
			);
			buildRules = (
			);
			dependencies = (
			);
			name = "Pisth APT";
			productName = "Pisth APT";
			productReference = 3ACDC3DA2065AEBD0049034F /* Pisth APT.app */;
			productType = "com.apple.product-type.application";
		};
/* End PBXNativeTarget section */

/* Begin PBXProject section */
		3ACDC3D22065AEBD0049034F /* Project object */ = {
			isa = PBXProject;
			attributes = {
				LastSwiftUpdateCheck = 0920;
				LastUpgradeCheck = 1000;
				ORGANIZATIONNAME = "Adrian Labbé";
				TargetAttributes = {
					3ACDC3D92065AEBD0049034F = {
						CreatedOnToolsVersion = 9.2;
						LastSwiftMigration = 1000;
						ProvisioningStyle = Automatic;
						SystemCapabilities = {
							com.apple.BackgroundModes = {
								enabled = 1;
							};
						};
					};
				};
			};
			buildConfigurationList = 3ACDC3D52065AEBD0049034F /* Build configuration list for PBXProject "Pisth APT" */;
			compatibilityVersion = "Xcode 8.0";
			developmentRegion = en;
			hasScannedForEncodings = 0;
			knownRegions = (
				en,
				Base,
			);
			mainGroup = 3ACDC3D12065AEBD0049034F;
			productRefGroup = 3ACDC3DB2065AEBD0049034F /* Products */;
			projectDirPath = "";
			projectReferences = (
				{
					ProductGroup = 3A7532C52066CD2300CF85D3 /* Products */;
					ProjectRef = 3A7532C42066CD2300CF85D3 /* Pods.xcodeproj */;
				},
			);
			projectRoot = "";
			targets = (
				3ACDC3D92065AEBD0049034F /* Pisth APT */,
			);
		};
/* End PBXProject section */

/* Begin PBXReferenceProxy section */
		3A7532CA2066CD2600CF85D3 /* NMSSH.framework */ = {
			isa = PBXReferenceProxy;
			fileType = wrapper.framework;
			path = NMSSH.framework;
			remoteRef = 3A7532C92066CD2600CF85D3 /* PBXContainerItemProxy */;
			sourceTree = BUILT_PRODUCTS_DIR;
		};
		3A7532CC2066CD2600CF85D3 /* Pods_Pisth_APT.framework */ = {
			isa = PBXReferenceProxy;
			fileType = wrapper.framework;
			path = Pods_Pisth_APT.framework;
			remoteRef = 3A7532CB2066CD2600CF85D3 /* PBXContainerItemProxy */;
			sourceTree = BUILT_PRODUCTS_DIR;
		};
		3A862DE42067FFE600090160 /* BiometricAuthentication.framework */ = {
			isa = PBXReferenceProxy;
			fileType = wrapper.framework;
			path = BiometricAuthentication.framework;
			remoteRef = 3A862DE32067FFE600090160 /* PBXContainerItemProxy */;
			sourceTree = BUILT_PRODUCTS_DIR;
		};
		3AECA8AF207A7762001F3FF1 /* GoogleToolboxForMac.framework */ = {
			isa = PBXReferenceProxy;
			fileType = wrapper.framework;
			path = GoogleToolboxForMac.framework;
			remoteRef = 3AECA8AE207A7762001F3FF1 /* PBXContainerItemProxy */;
			sourceTree = BUILT_PRODUCTS_DIR;
		};
		3AECA8B1207A7762001F3FF1 /* nanopb.framework */ = {
			isa = PBXReferenceProxy;
			fileType = wrapper.framework;
			path = nanopb.framework;
			remoteRef = 3AECA8B0207A7762001F3FF1 /* PBXContainerItemProxy */;
			sourceTree = BUILT_PRODUCTS_DIR;
		};
/* End PBXReferenceProxy section */

/* Begin PBXResourcesBuildPhase section */
		3ACDC3D82065AEBD0049034F /* Resources */ = {
			isa = PBXResourcesBuildPhase;
			buildActionMask = 2147483647;
			files = (
				3A610C72207E98C80026E627 /* darwin.png in Resources */,
				3A610C79207E98C80026E627 /* slackware.png in Resources */,
				3A610C7A207E98C80026E627 /* sles.png in Resources */,
				3A610C71207E98C80026E627 /* centos.png in Resources */,
				3A610C77207E98C80026E627 /* raspbian.png in Resources */,
				3A610C70207E98C80026E627 /* arch.png in Resources */,
				3A610C6F207E98C80026E627 /* amzn.png in Resources */,
				3A6C51172067ED9700034753 /* Terminal.xib in Resources */,
				3A610C73207E98C80026E627 /* debian.png in Resources */,
				3A610C76207E98C80026E627 /* opensuse.png in Resources */,
				3ACDC3E82065AEC00049034F /* LaunchScreen.storyboard in Resources */,
				3A61DEB02066998B0002353B /* Connection Info.storyboard in Resources */,
				3AA9BC89206821AE004AF281 /* Installer.storyboard in Resources */,
				3A610C78207E98C80026E627 /* rhel.png in Resources */,
				3A610C7D207E99890026E627 /* Connecting.xib in Resources */,
				3ACDC3E52065AEC00049034F /* Assets.xcassets in Resources */,
				3A6E6FDE207A7AE900050AE3 /* GoogleService-Info.plist in Resources */,
				3A610C75207E98C80026E627 /* linux.png in Resources */,
				3A610C7B207E98C80026E627 /* ubuntu.png in Resources */,
				3AD2F69F20713FEF0017F2EB /* Web.xib in Resources */,
				3A610C74207E98C80026E627 /* fedora.png in Resources */,
				3ACDC3E32065AEBE0049034F /* Main.storyboard in Resources */,
			);
			runOnlyForDeploymentPostprocessing = 0;
		};
/* End PBXResourcesBuildPhase section */

/* Begin PBXShellScriptBuildPhase section */
		2CE6744BE0F86C6AF269A6D6 /* [CP] Check Pods Manifest.lock */ = {
			isa = PBXShellScriptBuildPhase;
			buildActionMask = 2147483647;
			files = (
			);
			inputPaths = (
				"${PODS_PODFILE_DIR_PATH}/Podfile.lock",
				"${PODS_ROOT}/Manifest.lock",
			);
			name = "[CP] Check Pods Manifest.lock";
			outputPaths = (
				"$(DERIVED_FILE_DIR)/Pods-Pisth APT-checkManifestLockResult.txt",
			);
			runOnlyForDeploymentPostprocessing = 0;
			shellPath = /bin/sh;
			shellScript = "diff \"${PODS_PODFILE_DIR_PATH}/Podfile.lock\" \"${PODS_ROOT}/Manifest.lock\" > /dev/null\nif [ $? != 0 ] ; then\n    # print error to STDERR\n    echo \"error: The sandbox is not in sync with the Podfile.lock. Run 'pod install' or update your CocoaPods installation.\" >&2\n    exit 1\nfi\n# This output is used by Xcode 'outputs' to avoid re-running this script phase.\necho \"SUCCESS\" > \"${SCRIPT_OUTPUT_FILE_0}\"\n";
			showEnvVarsInLog = 0;
		};
		C03109140F4BF34FE4D66CC3 /* [CP] Embed Pods Frameworks */ = {
			isa = PBXShellScriptBuildPhase;
			buildActionMask = 2147483647;
			files = (
			);
			inputPaths = (
				"${PODS_ROOT}/Target Support Files/Pods-Pisth APT/Pods-Pisth APT-frameworks.sh",
				"${BUILT_PRODUCTS_DIR}/BiometricAuthentication/BiometricAuthentication.framework",
				"${BUILT_PRODUCTS_DIR}/GoogleToolboxForMac/GoogleToolboxForMac.framework",
				"${BUILT_PRODUCTS_DIR}/NMSSH/NMSSH.framework",
				"${BUILT_PRODUCTS_DIR}/nanopb/nanopb.framework",
			);
			name = "[CP] Embed Pods Frameworks";
			outputPaths = (
				"${TARGET_BUILD_DIR}/${FRAMEWORKS_FOLDER_PATH}/BiometricAuthentication.framework",
				"${TARGET_BUILD_DIR}/${FRAMEWORKS_FOLDER_PATH}/GoogleToolboxForMac.framework",
				"${TARGET_BUILD_DIR}/${FRAMEWORKS_FOLDER_PATH}/NMSSH.framework",
				"${TARGET_BUILD_DIR}/${FRAMEWORKS_FOLDER_PATH}/nanopb.framework",
			);
			runOnlyForDeploymentPostprocessing = 0;
			shellPath = /bin/sh;
			shellScript = "\"${PODS_ROOT}/Target Support Files/Pods-Pisth APT/Pods-Pisth APT-frameworks.sh\"\n";
			showEnvVarsInLog = 0;
		};
/* End PBXShellScriptBuildPhase section */

/* Begin PBXSourcesBuildPhase section */
		3ACDC3D62065AEBD0049034F /* Sources */ = {
			isa = PBXSourcesBuildPhase;
			buildActionMask = 2147483647;
			files = (
				3AA3FA052067D4FB00FBF00A /* TerminalViewController.swift in Sources */,
				3ACDC3DE2065AEBD0049034F /* AppDelegate.swift in Sources */,
				3AA3FA092067DD4300FBF00A /* InstalledTableViewController.swift in Sources */,
				3A7532CE2066DF8000CF85D3 /* TabBarController.swift in Sources */,
				3AA9BC84206817B0004AF281 /* UIWindow+topViewController.swift in Sources */,
				3A610C81207EAFD20026E627 /* OpenReason.swift in Sources */,
				3ACDC3F42065D2610049034F /* PackagesTableViewController.swift in Sources */,
				3AB0432B207A9CD4007FC713 /* UpdatesTableViewController.swift in Sources */,
				3A61DE9420668D450002353B /* Pisth.xcdatamodeld in Sources */,
				3A9B210C206846F100FAA9DF /* ErrorViewController.swift in Sources */,
				3A5F98402066FFB900E43793 /* InstallerViewController.swift in Sources */,
				3A862DDF2067FFE500090160 /* TerminalWebView.swift in Sources */,
				3A61DEB220669AB40002353B /* ConnectionsTableViewController.swift in Sources */,
				3ACDC3F62065D2960049034F /* SettingsTableViewController.swift in Sources */,
				3AA9BC8B20682330004AF281 /* PackagePropertyTableViewCell.swift in Sources */,
				3A610C7F207E9B560026E627 /* ConnectingViewController.swift in Sources */,
			);
			runOnlyForDeploymentPostprocessing = 0;
		};
/* End PBXSourcesBuildPhase section */

/* Begin PBXVariantGroup section */
		3ACDC3E12065AEBE0049034F /* Main.storyboard */ = {
			isa = PBXVariantGroup;
			children = (
				3ACDC3E22065AEBE0049034F /* Base */,
			);
			name = Main.storyboard;
			sourceTree = "<group>";
		};
		3ACDC3E62065AEC00049034F /* LaunchScreen.storyboard */ = {
			isa = PBXVariantGroup;
			children = (
				3ACDC3E72065AEC00049034F /* Base */,
			);
			name = LaunchScreen.storyboard;
			sourceTree = "<group>";
		};
/* End PBXVariantGroup section */

/* Begin XCBuildConfiguration section */
		3ACDC3EA2065AEC20049034F /* Debug */ = {
			isa = XCBuildConfiguration;
			buildSettings = {
				ALWAYS_SEARCH_USER_PATHS = NO;
				CLANG_ANALYZER_NONNULL = YES;
				CLANG_ANALYZER_NUMBER_OBJECT_CONVERSION = YES_AGGRESSIVE;
				CLANG_CXX_LANGUAGE_STANDARD = "gnu++14";
				CLANG_CXX_LIBRARY = "libc++";
				CLANG_ENABLE_MODULES = YES;
				CLANG_ENABLE_OBJC_ARC = YES;
				CLANG_WARN_BLOCK_CAPTURE_AUTORELEASING = YES;
				CLANG_WARN_BOOL_CONVERSION = YES;
				CLANG_WARN_COMMA = YES;
				CLANG_WARN_CONSTANT_CONVERSION = YES;
				CLANG_WARN_DEPRECATED_OBJC_IMPLEMENTATIONS = YES;
				CLANG_WARN_DIRECT_OBJC_ISA_USAGE = YES_ERROR;
				CLANG_WARN_DOCUMENTATION_COMMENTS = YES;
				CLANG_WARN_EMPTY_BODY = YES;
				CLANG_WARN_ENUM_CONVERSION = YES;
				CLANG_WARN_INFINITE_RECURSION = YES;
				CLANG_WARN_INT_CONVERSION = YES;
				CLANG_WARN_NON_LITERAL_NULL_CONVERSION = YES;
				CLANG_WARN_OBJC_IMPLICIT_RETAIN_SELF = YES;
				CLANG_WARN_OBJC_LITERAL_CONVERSION = YES;
				CLANG_WARN_OBJC_ROOT_CLASS = YES_ERROR;
				CLANG_WARN_RANGE_LOOP_ANALYSIS = YES;
				CLANG_WARN_STRICT_PROTOTYPES = YES;
				CLANG_WARN_SUSPICIOUS_MOVE = YES;
				CLANG_WARN_UNGUARDED_AVAILABILITY = YES_AGGRESSIVE;
				CLANG_WARN_UNREACHABLE_CODE = YES;
				CLANG_WARN__DUPLICATE_METHOD_MATCH = YES;
				CODE_SIGN_IDENTITY = "iPhone Developer";
				COPY_PHASE_STRIP = NO;
				DEBUG_INFORMATION_FORMAT = dwarf;
				ENABLE_STRICT_OBJC_MSGSEND = YES;
				ENABLE_TESTABILITY = YES;
				GCC_C_LANGUAGE_STANDARD = gnu11;
				GCC_DYNAMIC_NO_PIC = NO;
				GCC_NO_COMMON_BLOCKS = YES;
				GCC_OPTIMIZATION_LEVEL = 0;
				GCC_PREPROCESSOR_DEFINITIONS = (
					"DEBUG=1",
					"$(inherited)",
				);
				GCC_WARN_64_TO_32_BIT_CONVERSION = YES;
				GCC_WARN_ABOUT_RETURN_TYPE = YES_ERROR;
				GCC_WARN_UNDECLARED_SELECTOR = YES;
				GCC_WARN_UNINITIALIZED_AUTOS = YES_AGGRESSIVE;
				GCC_WARN_UNUSED_FUNCTION = YES;
				GCC_WARN_UNUSED_VARIABLE = YES;
				IPHONEOS_DEPLOYMENT_TARGET = 11.2;
				MTL_ENABLE_DEBUG_INFO = YES;
				ONLY_ACTIVE_ARCH = YES;
				SDKROOT = iphoneos;
				SWIFT_ACTIVE_COMPILATION_CONDITIONS = DEBUG;
				SWIFT_OPTIMIZATION_LEVEL = "-Onone";
			};
			name = Debug;
		};
		3ACDC3EB2065AEC20049034F /* Release */ = {
			isa = XCBuildConfiguration;
			buildSettings = {
				ALWAYS_SEARCH_USER_PATHS = NO;
				CLANG_ANALYZER_NONNULL = YES;
				CLANG_ANALYZER_NUMBER_OBJECT_CONVERSION = YES_AGGRESSIVE;
				CLANG_CXX_LANGUAGE_STANDARD = "gnu++14";
				CLANG_CXX_LIBRARY = "libc++";
				CLANG_ENABLE_MODULES = YES;
				CLANG_ENABLE_OBJC_ARC = YES;
				CLANG_WARN_BLOCK_CAPTURE_AUTORELEASING = YES;
				CLANG_WARN_BOOL_CONVERSION = YES;
				CLANG_WARN_COMMA = YES;
				CLANG_WARN_CONSTANT_CONVERSION = YES;
				CLANG_WARN_DEPRECATED_OBJC_IMPLEMENTATIONS = YES;
				CLANG_WARN_DIRECT_OBJC_ISA_USAGE = YES_ERROR;
				CLANG_WARN_DOCUMENTATION_COMMENTS = YES;
				CLANG_WARN_EMPTY_BODY = YES;
				CLANG_WARN_ENUM_CONVERSION = YES;
				CLANG_WARN_INFINITE_RECURSION = YES;
				CLANG_WARN_INT_CONVERSION = YES;
				CLANG_WARN_NON_LITERAL_NULL_CONVERSION = YES;
				CLANG_WARN_OBJC_IMPLICIT_RETAIN_SELF = YES;
				CLANG_WARN_OBJC_LITERAL_CONVERSION = YES;
				CLANG_WARN_OBJC_ROOT_CLASS = YES_ERROR;
				CLANG_WARN_RANGE_LOOP_ANALYSIS = YES;
				CLANG_WARN_STRICT_PROTOTYPES = YES;
				CLANG_WARN_SUSPICIOUS_MOVE = YES;
				CLANG_WARN_UNGUARDED_AVAILABILITY = YES_AGGRESSIVE;
				CLANG_WARN_UNREACHABLE_CODE = YES;
				CLANG_WARN__DUPLICATE_METHOD_MATCH = YES;
				CODE_SIGN_IDENTITY = "iPhone Developer";
				COPY_PHASE_STRIP = NO;
				DEBUG_INFORMATION_FORMAT = "dwarf-with-dsym";
				ENABLE_NS_ASSERTIONS = NO;
				ENABLE_STRICT_OBJC_MSGSEND = YES;
				GCC_C_LANGUAGE_STANDARD = gnu11;
				GCC_NO_COMMON_BLOCKS = YES;
				GCC_WARN_64_TO_32_BIT_CONVERSION = YES;
				GCC_WARN_ABOUT_RETURN_TYPE = YES_ERROR;
				GCC_WARN_UNDECLARED_SELECTOR = YES;
				GCC_WARN_UNINITIALIZED_AUTOS = YES_AGGRESSIVE;
				GCC_WARN_UNUSED_FUNCTION = YES;
				GCC_WARN_UNUSED_VARIABLE = YES;
				IPHONEOS_DEPLOYMENT_TARGET = 11.2;
				MTL_ENABLE_DEBUG_INFO = NO;
				SDKROOT = iphoneos;
				SWIFT_OPTIMIZATION_LEVEL = "-Owholemodule";
				VALIDATE_PRODUCT = YES;
			};
			name = Release;
		};
		3ACDC3ED2065AEC20049034F /* Debug */ = {
			isa = XCBuildConfiguration;
			baseConfigurationReference = C4645E0208D03FCCC0AA820B /* Pods-Pisth APT.debug.xcconfig */;
			buildSettings = {
				ALWAYS_EMBED_SWIFT_STANDARD_LIBRARIES = YES;
				ASSETCATALOG_COMPILER_APPICON_NAME = AppIcon;
				"CODE_SIGN_IDENTITY[sdk=iphoneos*]" = "iPhone Developer";
				CODE_SIGN_STYLE = Automatic;
				CURRENT_PROJECT_VERSION = 1;
				DEVELOPMENT_TEAM = Y96PL6G497;
				INFOPLIST_FILE = "Pisth APT/Info.plist";
				IPHONEOS_DEPLOYMENT_TARGET = 11.0;
				LD_RUNPATH_SEARCH_PATHS = "$(inherited) @executable_path/Frameworks";
				MARKETING_VERSION = 3.0;
				PRODUCT_BUNDLE_IDENTIFIER = "ch.marcela.ada.Pisth-APT";
				PRODUCT_NAME = "$(TARGET_NAME)";
				PROVISIONING_PROFILE_SPECIFIER = "";
				SWIFT_VERSION = 4.2;
				TARGETED_DEVICE_FAMILY = "1,2";
			};
			name = Debug;
		};
		3ACDC3EE2065AEC20049034F /* Release */ = {
			isa = XCBuildConfiguration;
			baseConfigurationReference = 612B074A4DE12A21D7587FCA /* Pods-Pisth APT.release.xcconfig */;
			buildSettings = {
				ALWAYS_EMBED_SWIFT_STANDARD_LIBRARIES = YES;
				ASSETCATALOG_COMPILER_APPICON_NAME = AppIcon;
				"CODE_SIGN_IDENTITY[sdk=iphoneos*]" = "iPhone Developer";
				CODE_SIGN_STYLE = Automatic;
				CURRENT_PROJECT_VERSION = 1;
				DEVELOPMENT_TEAM = Y96PL6G497;
				INFOPLIST_FILE = "Pisth APT/Info.plist";
				IPHONEOS_DEPLOYMENT_TARGET = 11.0;
				LD_RUNPATH_SEARCH_PATHS = "$(inherited) @executable_path/Frameworks";
				MARKETING_VERSION = 3.0;
				PRODUCT_BUNDLE_IDENTIFIER = "ch.marcela.ada.Pisth-APT";
				PRODUCT_NAME = "$(TARGET_NAME)";
				PROVISIONING_PROFILE_SPECIFIER = "";
				SWIFT_VERSION = 4.2;
				TARGETED_DEVICE_FAMILY = "1,2";
			};
			name = Release;
		};
/* End XCBuildConfiguration section */

/* Begin XCConfigurationList section */
		3ACDC3D52065AEBD0049034F /* Build configuration list for PBXProject "Pisth APT" */ = {
			isa = XCConfigurationList;
			buildConfigurations = (
				3ACDC3EA2065AEC20049034F /* Debug */,
				3ACDC3EB2065AEC20049034F /* Release */,
			);
			defaultConfigurationIsVisible = 0;
			defaultConfigurationName = Release;
		};
		3ACDC3EC2065AEC20049034F /* Build configuration list for PBXNativeTarget "Pisth APT" */ = {
			isa = XCConfigurationList;
			buildConfigurations = (
				3ACDC3ED2065AEC20049034F /* Debug */,
				3ACDC3EE2065AEC20049034F /* Release */,
			);
			defaultConfigurationIsVisible = 0;
			defaultConfigurationName = Release;
		};
/* End XCConfigurationList section */

/* Begin XCVersionGroup section */
		3A61DE9220668D450002353B /* Pisth.xcdatamodeld */ = {
			isa = XCVersionGroup;
			children = (
				3A61DE9320668D450002353B /* Pisth.xcdatamodel */,
			);
			currentVersion = 3A61DE9320668D450002353B /* Pisth.xcdatamodel */;
			path = Pisth.xcdatamodeld;
			sourceTree = "<group>";
			versionGroupType = wrapper.xcdatamodel;
		};
/* End XCVersionGroup section */
	};
	rootObject = 3ACDC3D22065AEBD0049034F /* Project object */;
}
