// !$*UTF8*$!
{
	archiveVersion = 1;
	classes = {
	};
	objectVersion = 48;
	objects = {

/* Begin PBXBuildFile section */
		3A61DE9420668D450002353B /* Pisth.xcdatamodeld in Sources */ = {isa = PBXBuildFile; fileRef = 3A61DE9220668D450002353B /* Pisth.xcdatamodeld */; };
		3A61DEB02066998B0002353B /* Connection Info.storyboard in Resources */ = {isa = PBXBuildFile; fileRef = 3A61DEAF2066998B0002353B /* Connection Info.storyboard */; };
		3A61DEB220669AB40002353B /* ConnectionsTableViewController.swift in Sources */ = {isa = PBXBuildFile; fileRef = 3A61DEB120669AB40002353B /* ConnectionsTableViewController.swift */; };
		3ACDC3DE2065AEBD0049034F /* AppDelegate.swift in Sources */ = {isa = PBXBuildFile; fileRef = 3ACDC3DD2065AEBD0049034F /* AppDelegate.swift */; };
		3ACDC3E32065AEBE0049034F /* Main.storyboard in Resources */ = {isa = PBXBuildFile; fileRef = 3ACDC3E12065AEBE0049034F /* Main.storyboard */; };
		3ACDC3E52065AEC00049034F /* Assets.xcassets in Resources */ = {isa = PBXBuildFile; fileRef = 3ACDC3E42065AEC00049034F /* Assets.xcassets */; };
		3ACDC3E82065AEC00049034F /* LaunchScreen.storyboard in Resources */ = {isa = PBXBuildFile; fileRef = 3ACDC3E62065AEC00049034F /* LaunchScreen.storyboard */; };
		3ACDC3F02065D2280049034F /* SourcesViewController.swift in Sources */ = {isa = PBXBuildFile; fileRef = 3ACDC3EF2065D2280049034F /* SourcesViewController.swift */; };
		3ACDC3F22065D2450049034F /* UpdatesViewController.swift in Sources */ = {isa = PBXBuildFile; fileRef = 3ACDC3F12065D2450049034F /* UpdatesViewController.swift */; };
		3ACDC3F42065D2610049034F /* PackagesViewController.swift in Sources */ = {isa = PBXBuildFile; fileRef = 3ACDC3F32065D2610049034F /* PackagesViewController.swift */; };
		3ACDC3F62065D2960049034F /* SettingsTableViewController.swift in Sources */ = {isa = PBXBuildFile; fileRef = 3ACDC3F52065D2960049034F /* SettingsTableViewController.swift */; };
/* End PBXBuildFile section */

/* Begin PBXFileReference section */
		3A61DE9320668D450002353B /* Pisth.xcdatamodel */ = {isa = PBXFileReference; lastKnownFileType = wrapper.xcdatamodel; path = Pisth.xcdatamodel; sourceTree = "<group>"; };
		3A61DEAF2066998B0002353B /* Connection Info.storyboard */ = {isa = PBXFileReference; fileEncoding = 4; lastKnownFileType = file.storyboard; path = "Connection Info.storyboard"; sourceTree = "<group>"; };
		3A61DEB120669AB40002353B /* ConnectionsTableViewController.swift */ = {isa = PBXFileReference; lastKnownFileType = sourcecode.swift; path = ConnectionsTableViewController.swift; sourceTree = "<group>"; };
		3ACDC3DA2065AEBD0049034F /* Pisth APT.app */ = {isa = PBXFileReference; explicitFileType = wrapper.application; includeInIndex = 0; path = "Pisth APT.app"; sourceTree = BUILT_PRODUCTS_DIR; };
		3ACDC3DD2065AEBD0049034F /* AppDelegate.swift */ = {isa = PBXFileReference; lastKnownFileType = sourcecode.swift; path = AppDelegate.swift; sourceTree = "<group>"; };
		3ACDC3E22065AEBE0049034F /* Base */ = {isa = PBXFileReference; lastKnownFileType = file.storyboard; name = Base; path = Base.lproj/Main.storyboard; sourceTree = "<group>"; };
		3ACDC3E42065AEC00049034F /* Assets.xcassets */ = {isa = PBXFileReference; lastKnownFileType = folder.assetcatalog; path = Assets.xcassets; sourceTree = "<group>"; };
		3ACDC3E72065AEC00049034F /* Base */ = {isa = PBXFileReference; lastKnownFileType = file.storyboard; name = Base; path = Base.lproj/LaunchScreen.storyboard; sourceTree = "<group>"; };
		3ACDC3E92065AEC20049034F /* Info.plist */ = {isa = PBXFileReference; lastKnownFileType = text.plist.xml; path = Info.plist; sourceTree = "<group>"; };
		3ACDC3EF2065D2280049034F /* SourcesViewController.swift */ = {isa = PBXFileReference; lastKnownFileType = sourcecode.swift; path = SourcesViewController.swift; sourceTree = "<group>"; };
		3ACDC3F12065D2450049034F /* UpdatesViewController.swift */ = {isa = PBXFileReference; lastKnownFileType = sourcecode.swift; path = UpdatesViewController.swift; sourceTree = "<group>"; };
		3ACDC3F32065D2610049034F /* PackagesViewController.swift */ = {isa = PBXFileReference; lastKnownFileType = sourcecode.swift; path = PackagesViewController.swift; sourceTree = "<group>"; };
		3ACDC3F52065D2960049034F /* SettingsTableViewController.swift */ = {isa = PBXFileReference; lastKnownFileType = sourcecode.swift; path = SettingsTableViewController.swift; sourceTree = "<group>"; };
/* End PBXFileReference section */

/* Begin PBXFrameworksBuildPhase section */
		3ACDC3D72065AEBD0049034F /* Frameworks */ = {
			isa = PBXFrameworksBuildPhase;
			buildActionMask = 2147483647;
			files = (
			);
			runOnlyForDeploymentPostprocessing = 0;
		};
/* End PBXFrameworksBuildPhase section */

/* Begin PBXGroup section */
		3ACDC3D12065AEBD0049034F = {
			isa = PBXGroup;
			children = (
				3ACDC3DC2065AEBD0049034F /* Pisth APT */,
				3ACDC3DB2065AEBD0049034F /* Products */,
			);
			sourceTree = "<group>";
		};
		3ACDC3DB2065AEBD0049034F /* Products */ = {
			isa = PBXGroup;
			children = (
				3ACDC3DA2065AEBD0049034F /* Pisth APT.app */,
			);
			name = Products;
			sourceTree = "<group>";
		};
		3ACDC3DC2065AEBD0049034F /* Pisth APT */ = {
			isa = PBXGroup;
			children = (
				3ACDC3DD2065AEBD0049034F /* AppDelegate.swift */,
				3ACDC3EF2065D2280049034F /* SourcesViewController.swift */,
				3ACDC3F12065D2450049034F /* UpdatesViewController.swift */,
				3ACDC3F32065D2610049034F /* PackagesViewController.swift */,
				3ACDC3F52065D2960049034F /* SettingsTableViewController.swift */,
				3A61DEB120669AB40002353B /* ConnectionsTableViewController.swift */,
				3A61DE9220668D450002353B /* Pisth.xcdatamodeld */,
				3ACDC3E12065AEBE0049034F /* Main.storyboard */,
				3A61DEAF2066998B0002353B /* Connection Info.storyboard */,
				3ACDC3E42065AEC00049034F /* Assets.xcassets */,
				3ACDC3E62065AEC00049034F /* LaunchScreen.storyboard */,
				3ACDC3E92065AEC20049034F /* Info.plist */,
			);
			path = "Pisth APT";
			sourceTree = "<group>";
		};
/* End PBXGroup section */

/* Begin PBXNativeTarget section */
		3ACDC3D92065AEBD0049034F /* Pisth APT */ = {
			isa = PBXNativeTarget;
			buildConfigurationList = 3ACDC3EC2065AEC20049034F /* Build configuration list for PBXNativeTarget "Pisth APT" */;
			buildPhases = (
				3ACDC3D62065AEBD0049034F /* Sources */,
				3ACDC3D72065AEBD0049034F /* Frameworks */,
				3ACDC3D82065AEBD0049034F /* Resources */,
			);
			buildRules = (
			);
			dependencies = (
			);
			name = "Pisth APT";
			productName = "Pisth APT";
			productReference = 3ACDC3DA2065AEBD0049034F /* Pisth APT.app */;
			productType = "com.apple.product-type.application";
		};
/* End PBXNativeTarget section */

/* Begin PBXProject section */
		3ACDC3D22065AEBD0049034F /* Project object */ = {
			isa = PBXProject;
			attributes = {
				LastSwiftUpdateCheck = 0920;
				LastUpgradeCheck = 0920;
				ORGANIZATIONNAME = "Adrian Labbé";
				TargetAttributes = {
					3ACDC3D92065AEBD0049034F = {
						CreatedOnToolsVersion = 9.2;
						ProvisioningStyle = Automatic;
					};
				};
			};
			buildConfigurationList = 3ACDC3D52065AEBD0049034F /* Build configuration list for PBXProject "Pisth APT" */;
			compatibilityVersion = "Xcode 8.0";
			developmentRegion = en;
			hasScannedForEncodings = 0;
			knownRegions = (
				en,
				Base,
			);
			mainGroup = 3ACDC3D12065AEBD0049034F;
			productRefGroup = 3ACDC3DB2065AEBD0049034F /* Products */;
			projectDirPath = "";
			projectRoot = "";
			targets = (
				3ACDC3D92065AEBD0049034F /* Pisth APT */,
			);
		};
/* End PBXProject section */

/* Begin PBXResourcesBuildPhase section */
		3ACDC3D82065AEBD0049034F /* Resources */ = {
			isa = PBXResourcesBuildPhase;
			buildActionMask = 2147483647;
			files = (
				3ACDC3E82065AEC00049034F /* LaunchScreen.storyboard in Resources */,
				3A61DEB02066998B0002353B /* Connection Info.storyboard in Resources */,
				3ACDC3E52065AEC00049034F /* Assets.xcassets in Resources */,
				3ACDC3E32065AEBE0049034F /* Main.storyboard in Resources */,
			);
			runOnlyForDeploymentPostprocessing = 0;
		};
/* End PBXResourcesBuildPhase section */

/* Begin PBXSourcesBuildPhase section */
		3ACDC3D62065AEBD0049034F /* Sources */ = {
			isa = PBXSourcesBuildPhase;
			buildActionMask = 2147483647;
			files = (
				3ACDC3DE2065AEBD0049034F /* AppDelegate.swift in Sources */,
				3ACDC3F42065D2610049034F /* PackagesViewController.swift in Sources */,
				3A61DE9420668D450002353B /* Pisth.xcdatamodeld in Sources */,
				3ACDC3F02065D2280049034F /* SourcesViewController.swift in Sources */,
				3A61DEB220669AB40002353B /* ConnectionsTableViewController.swift in Sources */,
				3ACDC3F62065D2960049034F /* SettingsTableViewController.swift in Sources */,
				3ACDC3F22065D2450049034F /* UpdatesViewController.swift in Sources */,
			);
			runOnlyForDeploymentPostprocessing = 0;
		};
/* End PBXSourcesBuildPhase section */

/* Begin PBXVariantGroup section */
		3ACDC3E12065AEBE0049034F /* Main.storyboard */ = {
			isa = PBXVariantGroup;
			children = (
				3ACDC3E22065AEBE0049034F /* Base */,
			);
			name = Main.storyboard;
			sourceTree = "<group>";
		};
		3ACDC3E62065AEC00049034F /* LaunchScreen.storyboard */ = {
			isa = PBXVariantGroup;
			children = (
				3ACDC3E72065AEC00049034F /* Base */,
			);
			name = LaunchScreen.storyboard;
			sourceTree = "<group>";
		};
/* End PBXVariantGroup section */

/* Begin XCBuildConfiguration section */
		3ACDC3EA2065AEC20049034F /* Debug */ = {
			isa = XCBuildConfiguration;
			buildSettings = {
				ALWAYS_SEARCH_USER_PATHS = NO;
				CLANG_ANALYZER_NONNULL = YES;
				CLANG_ANALYZER_NUMBER_OBJECT_CONVERSION = YES_AGGRESSIVE;
				CLANG_CXX_LANGUAGE_STANDARD = "gnu++14";
				CLANG_CXX_LIBRARY = "libc++";
				CLANG_ENABLE_MODULES = YES;
				CLANG_ENABLE_OBJC_ARC = YES;
				CLANG_WARN_BLOCK_CAPTURE_AUTORELEASING = YES;
				CLANG_WARN_BOOL_CONVERSION = YES;
				CLANG_WARN_COMMA = YES;
				CLANG_WARN_CONSTANT_CONVERSION = YES;
				CLANG_WARN_DIRECT_OBJC_ISA_USAGE = YES_ERROR;
				CLANG_WARN_DOCUMENTATION_COMMENTS = YES;
				CLANG_WARN_EMPTY_BODY = YES;
				CLANG_WARN_ENUM_CONVERSION = YES;
				CLANG_WARN_INFINITE_RECURSION = YES;
				CLANG_WARN_INT_CONVERSION = YES;
				CLANG_WARN_NON_LITERAL_NULL_CONVERSION = YES;
				CLANG_WARN_OBJC_LITERAL_CONVERSION = YES;
				CLANG_WARN_OBJC_ROOT_CLASS = YES_ERROR;
				CLANG_WARN_RANGE_LOOP_ANALYSIS = YES;
				CLANG_WARN_STRICT_PROTOTYPES = YES;
				CLANG_WARN_SUSPICIOUS_MOVE = YES;
				CLANG_WARN_UNGUARDED_AVAILABILITY = YES_AGGRESSIVE;
				CLANG_WARN_UNREACHABLE_CODE = YES;
				CLANG_WARN__DUPLICATE_METHOD_MATCH = YES;
				CODE_SIGN_IDENTITY = "iPhone Developer";
				COPY_PHASE_STRIP = NO;
				DEBUG_INFORMATION_FORMAT = dwarf;
				ENABLE_STRICT_OBJC_MSGSEND = YES;
				ENABLE_TESTABILITY = YES;
				GCC_C_LANGUAGE_STANDARD = gnu11;
				GCC_DYNAMIC_NO_PIC = NO;
				GCC_NO_COMMON_BLOCKS = YES;
				GCC_OPTIMIZATION_LEVEL = 0;
				GCC_PREPROCESSOR_DEFINITIONS = (
					"DEBUG=1",
					"$(inherited)",
				);
				GCC_WARN_64_TO_32_BIT_CONVERSION = YES;
				GCC_WARN_ABOUT_RETURN_TYPE = YES_ERROR;
				GCC_WARN_UNDECLARED_SELECTOR = YES;
				GCC_WARN_UNINITIALIZED_AUTOS = YES_AGGRESSIVE;
				GCC_WARN_UNUSED_FUNCTION = YES;
				GCC_WARN_UNUSED_VARIABLE = YES;
				IPHONEOS_DEPLOYMENT_TARGET = 11.2;
				MTL_ENABLE_DEBUG_INFO = YES;
				ONLY_ACTIVE_ARCH = YES;
				SDKROOT = iphoneos;
				SWIFT_ACTIVE_COMPILATION_CONDITIONS = DEBUG;
				SWIFT_OPTIMIZATION_LEVEL = "-Onone";
			};
			name = Debug;
		};
		3ACDC3EB2065AEC20049034F /* Release */ = {
			isa = XCBuildConfiguration;
			buildSettings = {
				ALWAYS_SEARCH_USER_PATHS = NO;
				CLANG_ANALYZER_NONNULL = YES;
				CLANG_ANALYZER_NUMBER_OBJECT_CONVERSION = YES_AGGRESSIVE;
				CLANG_CXX_LANGUAGE_STANDARD = "gnu++14";
				CLANG_CXX_LIBRARY = "libc++";
				CLANG_ENABLE_MODULES = YES;
				CLANG_ENABLE_OBJC_ARC = YES;
				CLANG_WARN_BLOCK_CAPTURE_AUTORELEASING = YES;
				CLANG_WARN_BOOL_CONVERSION = YES;
				CLANG_WARN_COMMA = YES;
				CLANG_WARN_CONSTANT_CONVERSION = YES;
				CLANG_WARN_DIRECT_OBJC_ISA_USAGE = YES_ERROR;
				CLANG_WARN_DOCUMENTATION_COMMENTS = YES;
				CLANG_WARN_EMPTY_BODY = YES;
				CLANG_WARN_ENUM_CONVERSION = YES;
				CLANG_WARN_INFINITE_RECURSION = YES;
				CLANG_WARN_INT_CONVERSION = YES;
				CLANG_WARN_NON_LITERAL_NULL_CONVERSION = YES;
				CLANG_WARN_OBJC_LITERAL_CONVERSION = YES;
				CLANG_WARN_OBJC_ROOT_CLASS = YES_ERROR;
				CLANG_WARN_RANGE_LOOP_ANALYSIS = YES;
				CLANG_WARN_STRICT_PROTOTYPES = YES;
				CLANG_WARN_SUSPICIOUS_MOVE = YES;
				CLANG_WARN_UNGUARDED_AVAILABILITY = YES_AGGRESSIVE;
				CLANG_WARN_UNREACHABLE_CODE = YES;
				CLANG_WARN__DUPLICATE_METHOD_MATCH = YES;
				CODE_SIGN_IDENTITY = "iPhone Developer";
				COPY_PHASE_STRIP = NO;
				DEBUG_INFORMATION_FORMAT = "dwarf-with-dsym";
				ENABLE_NS_ASSERTIONS = NO;
				ENABLE_STRICT_OBJC_MSGSEND = YES;
				GCC_C_LANGUAGE_STANDARD = gnu11;
				GCC_NO_COMMON_BLOCKS = YES;
				GCC_WARN_64_TO_32_BIT_CONVERSION = YES;
				GCC_WARN_ABOUT_RETURN_TYPE = YES_ERROR;
				GCC_WARN_UNDECLARED_SELECTOR = YES;
				GCC_WARN_UNINITIALIZED_AUTOS = YES_AGGRESSIVE;
				GCC_WARN_UNUSED_FUNCTION = YES;
				GCC_WARN_UNUSED_VARIABLE = YES;
				IPHONEOS_DEPLOYMENT_TARGET = 11.2;
				MTL_ENABLE_DEBUG_INFO = NO;
				SDKROOT = iphoneos;
				SWIFT_OPTIMIZATION_LEVEL = "-Owholemodule";
				VALIDATE_PRODUCT = YES;
			};
			name = Release;
		};
		3ACDC3ED2065AEC20049034F /* Debug */ = {
			isa = XCBuildConfiguration;
			buildSettings = {
				ASSETCATALOG_COMPILER_APPICON_NAME = AppIcon;
				CODE_SIGN_STYLE = Automatic;
				DEVELOPMENT_TEAM = Y96PL6G497;
				INFOPLIST_FILE = "Pisth APT/Info.plist";
				LD_RUNPATH_SEARCH_PATHS = "$(inherited) @executable_path/Frameworks";
				PRODUCT_BUNDLE_IDENTIFIER = "ch.marcela.ada.Pisth-APT";
				PRODUCT_NAME = "$(TARGET_NAME)";
				SWIFT_VERSION = 4.0;
				TARGETED_DEVICE_FAMILY = "1,2";
			};
			name = Debug;
		};
		3ACDC3EE2065AEC20049034F /* Release */ = {
			isa = XCBuildConfiguration;
			buildSettings = {
				ASSETCATALOG_COMPILER_APPICON_NAME = AppIcon;
				CODE_SIGN_STYLE = Automatic;
				DEVELOPMENT_TEAM = Y96PL6G497;
				INFOPLIST_FILE = "Pisth APT/Info.plist";
				LD_RUNPATH_SEARCH_PATHS = "$(inherited) @executable_path/Frameworks";
				PRODUCT_BUNDLE_IDENTIFIER = "ch.marcela.ada.Pisth-APT";
				PRODUCT_NAME = "$(TARGET_NAME)";
				SWIFT_VERSION = 4.0;
				TARGETED_DEVICE_FAMILY = "1,2";
			};
			name = Release;
		};
/* End XCBuildConfiguration section */

/* Begin XCConfigurationList section */
		3ACDC3D52065AEBD0049034F /* Build configuration list for PBXProject "Pisth APT" */ = {
			isa = XCConfigurationList;
			buildConfigurations = (
				3ACDC3EA2065AEC20049034F /* Debug */,
				3ACDC3EB2065AEC20049034F /* Release */,
			);
			defaultConfigurationIsVisible = 0;
			defaultConfigurationName = Release;
		};
		3ACDC3EC2065AEC20049034F /* Build configuration list for PBXNativeTarget "Pisth APT" */ = {
			isa = XCConfigurationList;
			buildConfigurations = (
				3ACDC3ED2065AEC20049034F /* Debug */,
				3ACDC3EE2065AEC20049034F /* Release */,
			);
			defaultConfigurationIsVisible = 0;
			defaultConfigurationName = Release;
		};
/* End XCConfigurationList section */

/* Begin XCVersionGroup section */
		3A61DE9220668D450002353B /* Pisth.xcdatamodeld */ = {
			isa = XCVersionGroup;
			children = (
				3A61DE9320668D450002353B /* Pisth.xcdatamodel */,
			);
			currentVersion = 3A61DE9320668D450002353B /* Pisth.xcdatamodel */;
			path = Pisth.xcdatamodeld;
			sourceTree = "<group>";
			versionGroupType = wrapper.xcdatamodel;
		};
/* End XCVersionGroup section */
	};
	rootObject = 3ACDC3D22065AEBD0049034F /* Project object */;
}
